// !$*UTF8*$!
{
	archiveVersion = 1;
	classes = {
	};
	objectVersion = 52;
	objects = {

/* Begin PBXBuildFile section */
		004FD1E183A2F52A4913C9DB /* AppDelegate.swift in Sources */ = {isa = PBXBuildFile; fileRef = 7210F22777D23AD1713BCADE /* AppDelegate.swift */; };
		01E5BABFD23971AC1EDC6BE4 /* FBSDKLoginKit.xcframework in Embed Frameworks */ = {isa = PBXBuildFile; fileRef = 84778171B4F0CFAA7DCC96AB /* FBSDKLoginKit.xcframework */; settings = {ATTRIBUTES = (CodeSignOnCopy, RemoveHeadersOnCopy, ); }; };
		0236BCF7040EE21F456D5159 /* ThirdPartyLibraryManager.framework in Frameworks */ = {isa = PBXBuildFile; fileRef = 65AB941EBFAAE4D0464C5D0C /* ThirdPartyLibraryManager.framework */; };
		0F3EBD548A92D7401B1FC633 /* LaunchScreen.storyboard in Resources */ = {isa = PBXBuildFile; fileRef = 057A3CD8D734F9C1B4948C18 /* LaunchScreen.storyboard */; };
		152B55045902755CBE60E6E5 /* ThirdPartyDynamicLibraryPluginManager.framework in Frameworks */ = {isa = PBXBuildFile; fileRef = D3BA6A95288010844596B479 /* ThirdPartyDynamicLibraryPluginManager.framework */; };
		1741DB41A3C95662A9E10D5E /* RootRouter.swift in Sources */ = {isa = PBXBuildFile; fileRef = BBDA699F2D74A7A3F138010A /* RootRouter.swift */; };
		29DAD5D0126C0F7B2CC748E6 /* GoogleService-Info.plist in Resources */ = {isa = PBXBuildFile; fileRef = E554DAA4AB515DAF86082D9E /* GoogleService-Info.plist */; };
		2A6670CB9B824C5512E65291 /* AppDelegate.swift in Sources */ = {isa = PBXBuildFile; fileRef = 7210F22777D23AD1713BCADE /* AppDelegate.swift */; };
		2B07457DB0B690A6436D668B /* RootViewController.swift in Sources */ = {isa = PBXBuildFile; fileRef = A08557106088F975F2F4C854 /* RootViewController.swift */; };
		2BA0F367B6ACC948B34FFB4C /* ThirdPartyDynamicLibraryPluginManager.framework in Frameworks */ = {isa = PBXBuildFile; fileRef = D3BA6A95288010844596B479 /* ThirdPartyDynamicLibraryPluginManager.framework */; };
		2FAF1D76E3BE5DF5B3BE834A /* FBSDKCoreKit_Basics.xcframework in Frameworks */ = {isa = PBXBuildFile; fileRef = 19F5139470256A6731C07B3F /* FBSDKCoreKit_Basics.xcframework */; };
		300DA14C054C1CB20F0F4A8B /* FBSDKCoreKit.xcframework in Embed Frameworks */ = {isa = PBXBuildFile; fileRef = DEB219799D2A588CFC2318EE /* FBSDKCoreKit.xcframework */; settings = {ATTRIBUTES = (CodeSignOnCopy, RemoveHeadersOnCopy, ); }; };
		36377B2FF973F223B9AE3EEA /* CoreKit.framework in Embed Frameworks */ = {isa = PBXBuildFile; fileRef = 261B21C72012FB801F6A700D /* CoreKit.framework */; settings = {ATTRIBUTES = (CodeSignOnCopy, RemoveHeadersOnCopy, ); }; };
		3A4040EFF2E0844C1A2A941E /* Features.framework in Frameworks */ = {isa = PBXBuildFile; fileRef = 516073678328E31E4A9AC49E /* Features.framework */; };
		44AA6A8A9E5FB56F226AD429 /* FBSDKLoginKit.xcframework in Frameworks */ = {isa = PBXBuildFile; fileRef = 84778171B4F0CFAA7DCC96AB /* FBSDKLoginKit.xcframework */; };
		4A0B3D0B191560395E91C037 /* FBSDKLoginKit.xcframework in Frameworks */ = {isa = PBXBuildFile; fileRef = 84778171B4F0CFAA7DCC96AB /* FBSDKLoginKit.xcframework */; };
		4ADAE02088B5B16354847222 /* FBSDKShareKit.xcframework in Embed Frameworks */ = {isa = PBXBuildFile; fileRef = 275CD28106DC5672507A4C11 /* FBSDKShareKit.xcframework */; settings = {ATTRIBUTES = (CodeSignOnCopy, RemoveHeadersOnCopy, ); }; };
		517ECAD56356F7D6FCC52D82 /* RootInteractor.swift in Sources */ = {isa = PBXBuildFile; fileRef = 85FE2EC9B181FC81B1BA1967 /* RootInteractor.swift */; };
		552C25EA9E85E7660E1E3FD9 /* FBSDKCoreKit_Basics.xcframework in Embed Frameworks */ = {isa = PBXBuildFile; fileRef = 19F5139470256A6731C07B3F /* FBSDKCoreKit_Basics.xcframework */; settings = {ATTRIBUTES = (CodeSignOnCopy, RemoveHeadersOnCopy, ); }; };
		58CBCC9026FFD58BBB6D66C8 /* DevelopTool.framework in Embed Frameworks */ = {isa = PBXBuildFile; fileRef = 363F5E7C3B8B29FD923BFBDE /* DevelopTool.framework */; settings = {ATTRIBUTES = (CodeSignOnCopy, RemoveHeadersOnCopy, ); }; };
		5A6344349E14945952B83231 /* Quick.xcframework in Frameworks */ = {isa = PBXBuildFile; fileRef = 03A0B7E5D17F46274D7462C7 /* Quick.xcframework */; };
		5E96EF6A228AFE9D9C6490E9 /* ThirdPartyLibraryManager.framework in Embed Frameworks */ = {isa = PBXBuildFile; fileRef = 65AB941EBFAAE4D0464C5D0C /* ThirdPartyLibraryManager.framework */; settings = {ATTRIBUTES = (CodeSignOnCopy, RemoveHeadersOnCopy, ); }; };
		645914F4549B12ADE6510921 /* FBSDKGamingServicesKit.xcframework in Embed Frameworks */ = {isa = PBXBuildFile; fileRef = 5FFD592B2F71214F1F6A7E8D /* FBSDKGamingServicesKit.xcframework */; settings = {ATTRIBUTES = (CodeSignOnCopy, RemoveHeadersOnCopy, ); }; };
		6971FF8A449F594341599156 /* FBSDKCoreKit.xcframework in Embed Frameworks */ = {isa = PBXBuildFile; fileRef = DEB219799D2A588CFC2318EE /* FBSDKCoreKit.xcframework */; settings = {ATTRIBUTES = (CodeSignOnCopy, RemoveHeadersOnCopy, ); }; };
		6A527E6F73ADC858D04068C3 /* FBSDKLoginKit.xcframework in Embed Frameworks */ = {isa = PBXBuildFile; fileRef = 84778171B4F0CFAA7DCC96AB /* FBSDKLoginKit.xcframework */; settings = {ATTRIBUTES = (CodeSignOnCopy, RemoveHeadersOnCopy, ); }; };
		6C4FA1BC9D58EC459FD0E0D0 /* FLEX.xcframework in Embed Frameworks */ = {isa = PBXBuildFile; fileRef = D444480454C2AD47FB5FF548 /* FLEX.xcframework */; settings = {ATTRIBUTES = (CodeSignOnCopy, RemoveHeadersOnCopy, ); }; };
		6E10DED5B366B73D222CD823 /* FBSDKShareKit.xcframework in Frameworks */ = {isa = PBXBuildFile; fileRef = 275CD28106DC5672507A4C11 /* FBSDKShareKit.xcframework */; };
		7139F5C78499FC5D743B2B9C /* RxPackage.framework in Embed Frameworks */ = {isa = PBXBuildFile; fileRef = 354AE94B3382B8A2D53E6033 /* RxPackage.framework */; settings = {ATTRIBUTES = (CodeSignOnCopy, RemoveHeadersOnCopy, ); }; };
		795235A6B75279459784CFE0 /* FBSDKCoreKit.xcframework in Frameworks */ = {isa = PBXBuildFile; fileRef = DEB219799D2A588CFC2318EE /* FBSDKCoreKit.xcframework */; };
		798411B8FC22ABEE9D049C82 /* RootBuilder.swift in Sources */ = {isa = PBXBuildFile; fileRef = D0A666AFAEA6CFC0DFB4DB6D /* RootBuilder.swift */; };
		814544CB3EA73B4E6DC17DD7 /* PrepareAppDelegate.swift in Sources */ = {isa = PBXBuildFile; fileRef = 0427B540374823E1ED5E73A9 /* PrepareAppDelegate.swift */; };
		87AA9C1ED5E8D0962586E3A4 /* AppComponent.swift in Sources */ = {isa = PBXBuildFile; fileRef = 5D2C7CD4FEADE77552BA789F /* AppComponent.swift */; };
		91636D4B45B7016474F069EB /* Bundle+DevApp.swift in Sources */ = {isa = PBXBuildFile; fileRef = 3097CCCF19788B12074BDA22 /* Bundle+DevApp.swift */; };
		949DB38BB7600A916DB7DB82 /* DevelopTool.framework in Frameworks */ = {isa = PBXBuildFile; fileRef = 363F5E7C3B8B29FD923BFBDE /* DevelopTool.framework */; };
		9521590436B6014FF0839349 /* DevSource.swift in Sources */ = {isa = PBXBuildFile; fileRef = 7FEAEF040F6CFC33E87EC60F /* DevSource.swift */; };
		97639454D5E33450A0D8185C /* Bundle+App.swift in Sources */ = {isa = PBXBuildFile; fileRef = CB1AF9D0780E6CC42D791F41 /* Bundle+App.swift */; };
		9B27325241BC997D81989787 /* FBSDKGamingServicesKit.xcframework in Frameworks */ = {isa = PBXBuildFile; fileRef = 5FFD592B2F71214F1F6A7E8D /* FBSDKGamingServicesKit.xcframework */; };
		A03A11DDD63D14F4E6867F6E /* Quick.xcframework in Embed Frameworks */ = {isa = PBXBuildFile; fileRef = 03A0B7E5D17F46274D7462C7 /* Quick.xcframework */; settings = {ATTRIBUTES = (CodeSignOnCopy, RemoveHeadersOnCopy, ); }; };
		A27BB6A0D6E12EA4CCA28B3F /* RootBuilder.swift in Sources */ = {isa = PBXBuildFile; fileRef = D0A666AFAEA6CFC0DFB4DB6D /* RootBuilder.swift */; };
		A855488EB00C8ED7A431D253 /* FBSDKShareKit.xcframework in Embed Frameworks */ = {isa = PBXBuildFile; fileRef = 275CD28106DC5672507A4C11 /* FBSDKShareKit.xcframework */; settings = {ATTRIBUTES = (CodeSignOnCopy, RemoveHeadersOnCopy, ); }; };
		A8C22A49A414A84139391325 /* PrepareDevelopToolService.swift in Sources */ = {isa = PBXBuildFile; fileRef = B20089674B630A44CE746A84 /* PrepareDevelopToolService.swift */; };
		ABA45F7746153CD3096D9625 /* Features.framework in Embed Frameworks */ = {isa = PBXBuildFile; fileRef = 516073678328E31E4A9AC49E /* Features.framework */; settings = {ATTRIBUTES = (CodeSignOnCopy, RemoveHeadersOnCopy, ); }; };
		ACB9F921EC8195E3A4550EF3 /* GoogleService-Info.plist in Resources */ = {isa = PBXBuildFile; fileRef = E554DAA4AB515DAF86082D9E /* GoogleService-Info.plist */; };
		AFF27D33C7906185851F840E /* PrepareAppDelegate.swift in Sources */ = {isa = PBXBuildFile; fileRef = 0427B540374823E1ED5E73A9 /* PrepareAppDelegate.swift */; };
		BB5EC1CE157E69C075DA6ADD /* CoreKit.framework in Embed Frameworks */ = {isa = PBXBuildFile; fileRef = 261B21C72012FB801F6A700D /* CoreKit.framework */; settings = {ATTRIBUTES = (CodeSignOnCopy, RemoveHeadersOnCopy, ); }; };
		C1B4BA512A5C1E2F3CBA1876 /* ThirdPartyLibraryManager.framework in Frameworks */ = {isa = PBXBuildFile; fileRef = 65AB941EBFAAE4D0464C5D0C /* ThirdPartyLibraryManager.framework */; };
		C35D7B61C1B2D028EDAB1290 /* Nimble.xcframework in Embed Frameworks */ = {isa = PBXBuildFile; fileRef = 578A9920570918C45E330667 /* Nimble.xcframework */; settings = {ATTRIBUTES = (CodeSignOnCopy, RemoveHeadersOnCopy, ); }; };
		C8F300F3FCA7A602AA52E9D2 /* FBSDKCoreKit.xcframework in Frameworks */ = {isa = PBXBuildFile; fileRef = DEB219799D2A588CFC2318EE /* FBSDKCoreKit.xcframework */; };
		CA14A105172C5A3A5F4B4EFB /* RxPackage.framework in Embed Frameworks */ = {isa = PBXBuildFile; fileRef = 354AE94B3382B8A2D53E6033 /* RxPackage.framework */; settings = {ATTRIBUTES = (CodeSignOnCopy, RemoveHeadersOnCopy, ); }; };
		CAC2827C8541FB9EA0A85A99 /* FBSDKShareKit.xcframework in Frameworks */ = {isa = PBXBuildFile; fileRef = 275CD28106DC5672507A4C11 /* FBSDKShareKit.xcframework */; };
		CC84628CA2D9852C4725A5E8 /* PrepareDevelopToolService.swift in Sources */ = {isa = PBXBuildFile; fileRef = B20089674B630A44CE746A84 /* PrepareDevelopToolService.swift */; };
		D095628DDB0F5522A26926D5 /* FBSDKGamingServicesKit.xcframework in Frameworks */ = {isa = PBXBuildFile; fileRef = 5FFD592B2F71214F1F6A7E8D /* FBSDKGamingServicesKit.xcframework */; };
		D1E578A24D9AF7708C0C7BFD /* RootRouter.swift in Sources */ = {isa = PBXBuildFile; fileRef = BBDA699F2D74A7A3F138010A /* RootRouter.swift */; };
		D1EF76C40BAE064D89D76365 /* ThirdPartyLibraryManager.framework in Embed Frameworks */ = {isa = PBXBuildFile; fileRef = 65AB941EBFAAE4D0464C5D0C /* ThirdPartyLibraryManager.framework */; settings = {ATTRIBUTES = (CodeSignOnCopy, RemoveHeadersOnCopy, ); }; };
		DBE6F07743D621B989C9DA2C /* Features.framework in Embed Frameworks */ = {isa = PBXBuildFile; fileRef = 516073678328E31E4A9AC49E /* Features.framework */; settings = {ATTRIBUTES = (CodeSignOnCopy, RemoveHeadersOnCopy, ); }; };
		E0300E2DFEF6DFDBD1A7543A /* Tests.swift in Sources */ = {isa = PBXBuildFile; fileRef = 5367C311BFA12EBFD0410E82 /* Tests.swift */; };
		E1197A5892DD1FCAAB7950B1 /* Nimble.xcframework in Frameworks */ = {isa = PBXBuildFile; fileRef = 578A9920570918C45E330667 /* Nimble.xcframework */; };
		E4D074CC4A80B509E82412CB /* AppComponent.swift in Sources */ = {isa = PBXBuildFile; fileRef = 5D2C7CD4FEADE77552BA789F /* AppComponent.swift */; };
		F2DD3E9EAAD2893FECC59DA3 /* RootViewController.swift in Sources */ = {isa = PBXBuildFile; fileRef = A08557106088F975F2F4C854 /* RootViewController.swift */; };
		F3E227F6DF3EC49691E5C839 /* RootInteractor.swift in Sources */ = {isa = PBXBuildFile; fileRef = 85FE2EC9B181FC81B1BA1967 /* RootInteractor.swift */; };
		F48154C0792579683F3AC672 /* FBSDKCoreKit_Basics.xcframework in Frameworks */ = {isa = PBXBuildFile; fileRef = 19F5139470256A6731C07B3F /* FBSDKCoreKit_Basics.xcframework */; };
		F4CDD13BFBC8114ED4516AFF /* Features.framework in Frameworks */ = {isa = PBXBuildFile; fileRef = 516073678328E31E4A9AC49E /* Features.framework */; };
		F7539FDF89DDA6679EFE3D3E /* FBSDKGamingServicesKit.xcframework in Embed Frameworks */ = {isa = PBXBuildFile; fileRef = 5FFD592B2F71214F1F6A7E8D /* FBSDKGamingServicesKit.xcframework */; settings = {ATTRIBUTES = (CodeSignOnCopy, RemoveHeadersOnCopy, ); }; };
		FBD5E461C8246E73666FEC7B /* FBSDKCoreKit_Basics.xcframework in Embed Frameworks */ = {isa = PBXBuildFile; fileRef = 19F5139470256A6731C07B3F /* FBSDKCoreKit_Basics.xcframework */; settings = {ATTRIBUTES = (CodeSignOnCopy, RemoveHeadersOnCopy, ); }; };
		FC54844E2382B5A71A43C895 /* LaunchScreen.storyboard in Resources */ = {isa = PBXBuildFile; fileRef = 057A3CD8D734F9C1B4948C18 /* LaunchScreen.storyboard */; };
/* End PBXBuildFile section */

/* Begin PBXContainerItemProxy section */
		2A42EC924251D42E770C1654 /* PBXContainerItemProxy */ = {
			isa = PBXContainerItemProxy;
			containerPortal = 6B590BF25178DC7D824D09CE /* Project object */;
			proxyType = 1;
			remoteGlobalIDString = D52CD025B4EC51F47E9DE92E;
			remoteInfo = DevApp;
		};
/* End PBXContainerItemProxy section */

/* Begin PBXCopyFilesBuildPhase section */
		20D42B7F8837439A9F9FDC98 /* Embed Frameworks */ = {
			isa = PBXCopyFilesBuildPhase;
			buildActionMask = 2147483647;
			dstPath = "";
			dstSubfolderSpec = 10;
			files = (
				36377B2FF973F223B9AE3EEA /* CoreKit.framework in Embed Frameworks */,
				58CBCC9026FFD58BBB6D66C8 /* DevelopTool.framework in Embed Frameworks */,
				ABA45F7746153CD3096D9625 /* Features.framework in Embed Frameworks */,
				7139F5C78499FC5D743B2B9C /* RxPackage.framework in Embed Frameworks */,
				D1EF76C40BAE064D89D76365 /* ThirdPartyLibraryManager.framework in Embed Frameworks */,
				6C4FA1BC9D58EC459FD0E0D0 /* FLEX.xcframework in Embed Frameworks */,
				6971FF8A449F594341599156 /* FBSDKCoreKit.xcframework in Embed Frameworks */,
				552C25EA9E85E7660E1E3FD9 /* FBSDKCoreKit_Basics.xcframework in Embed Frameworks */,
				F7539FDF89DDA6679EFE3D3E /* FBSDKGamingServicesKit.xcframework in Embed Frameworks */,
				6A527E6F73ADC858D04068C3 /* FBSDKLoginKit.xcframework in Embed Frameworks */,
				4ADAE02088B5B16354847222 /* FBSDKShareKit.xcframework in Embed Frameworks */,
			);
			name = "Embed Frameworks";
			runOnlyForDeploymentPostprocessing = 0;
		};
		8EFDE6013C818852098745E7 /* Embed Frameworks */ = {
			isa = PBXCopyFilesBuildPhase;
			buildActionMask = 2147483647;
			dstPath = "";
			dstSubfolderSpec = 10;
			files = (
				BB5EC1CE157E69C075DA6ADD /* CoreKit.framework in Embed Frameworks */,
				DBE6F07743D621B989C9DA2C /* Features.framework in Embed Frameworks */,
				CA14A105172C5A3A5F4B4EFB /* RxPackage.framework in Embed Frameworks */,
				5E96EF6A228AFE9D9C6490E9 /* ThirdPartyLibraryManager.framework in Embed Frameworks */,
				300DA14C054C1CB20F0F4A8B /* FBSDKCoreKit.xcframework in Embed Frameworks */,
				FBD5E461C8246E73666FEC7B /* FBSDKCoreKit_Basics.xcframework in Embed Frameworks */,
				645914F4549B12ADE6510921 /* FBSDKGamingServicesKit.xcframework in Embed Frameworks */,
				01E5BABFD23971AC1EDC6BE4 /* FBSDKLoginKit.xcframework in Embed Frameworks */,
				A855488EB00C8ED7A431D253 /* FBSDKShareKit.xcframework in Embed Frameworks */,
			);
			name = "Embed Frameworks";
			runOnlyForDeploymentPostprocessing = 0;
		};
		EC8F48F309B4AA79E7C5BBC2 /* Embed Frameworks */ = {
			isa = PBXCopyFilesBuildPhase;
			buildActionMask = 2147483647;
			dstPath = "";
			dstSubfolderSpec = 10;
			files = (
				C35D7B61C1B2D028EDAB1290 /* Nimble.xcframework in Embed Frameworks */,
				A03A11DDD63D14F4E6867F6E /* Quick.xcframework in Embed Frameworks */,
			);
			name = "Embed Frameworks";
			runOnlyForDeploymentPostprocessing = 0;
		};
/* End PBXCopyFilesBuildPhase section */

/* Begin PBXFileReference section */
		03A0B7E5D17F46274D7462C7 /* Quick.xcframework */ = {isa = PBXFileReference; lastKnownFileType = wrapper.xcframework; path = Quick.xcframework; sourceTree = "<group>"; };
		0427B540374823E1ED5E73A9 /* PrepareAppDelegate.swift */ = {isa = PBXFileReference; lastKnownFileType = sourcecode.swift; path = PrepareAppDelegate.swift; sourceTree = "<group>"; };
		057A3CD8D734F9C1B4948C18 /* LaunchScreen.storyboard */ = {isa = PBXFileReference; lastKnownFileType = file.storyboard; path = LaunchScreen.storyboard; sourceTree = "<group>"; };
		19F5139470256A6731C07B3F /* FBSDKCoreKit_Basics.xcframework */ = {isa = PBXFileReference; lastKnownFileType = wrapper.xcframework; path = FBSDKCoreKit_Basics.xcframework; sourceTree = "<group>"; };
		261B21C72012FB801F6A700D /* CoreKit.framework */ = {isa = PBXFileReference; explicitFileType = wrapper.framework; includeInIndex = 0; path = CoreKit.framework; sourceTree = BUILT_PRODUCTS_DIR; };
		275CD28106DC5672507A4C11 /* FBSDKShareKit.xcframework */ = {isa = PBXFileReference; lastKnownFileType = wrapper.xcframework; path = FBSDKShareKit.xcframework; sourceTree = "<group>"; };
		3097CCCF19788B12074BDA22 /* Bundle+DevApp.swift */ = {isa = PBXFileReference; lastKnownFileType = sourcecode.swift; path = "Bundle+DevApp.swift"; sourceTree = "<group>"; };
		30FAB99634C86BFDCEA57A95 /* DevAppTests.xctest */ = {isa = PBXFileReference; explicitFileType = wrapper.cfbundle; includeInIndex = 0; path = DevAppTests.xctest; sourceTree = BUILT_PRODUCTS_DIR; };
		354AE94B3382B8A2D53E6033 /* RxPackage.framework */ = {isa = PBXFileReference; explicitFileType = wrapper.framework; includeInIndex = 0; path = RxPackage.framework; sourceTree = BUILT_PRODUCTS_DIR; };
		363F5E7C3B8B29FD923BFBDE /* DevelopTool.framework */ = {isa = PBXFileReference; explicitFileType = wrapper.framework; includeInIndex = 0; path = DevelopTool.framework; sourceTree = BUILT_PRODUCTS_DIR; };
		47275EE0130BB206EA1B9F32 /* App-STAGE.xcconfig */ = {isa = PBXFileReference; lastKnownFileType = text.xcconfig; path = "App-STAGE.xcconfig"; sourceTree = "<group>"; };
		4E09327C641F65C11C087E64 /* App-PROD.xcconfig */ = {isa = PBXFileReference; lastKnownFileType = text.xcconfig; path = "App-PROD.xcconfig"; sourceTree = "<group>"; };
		516073678328E31E4A9AC49E /* Features.framework */ = {isa = PBXFileReference; explicitFileType = wrapper.framework; includeInIndex = 0; path = Features.framework; sourceTree = BUILT_PRODUCTS_DIR; };
		5367C311BFA12EBFD0410E82 /* Tests.swift */ = {isa = PBXFileReference; lastKnownFileType = sourcecode.swift; path = Tests.swift; sourceTree = "<group>"; };
		571E08A9083FD4334E4B7D06 /* App.app */ = {isa = PBXFileReference; explicitFileType = wrapper.application; includeInIndex = 0; path = App.app; sourceTree = BUILT_PRODUCTS_DIR; };
		578A9920570918C45E330667 /* Nimble.xcframework */ = {isa = PBXFileReference; lastKnownFileType = wrapper.xcframework; path = Nimble.xcframework; sourceTree = "<group>"; };
		5BA590AD4E31DFA74D70E7C3 /* App-TEST.xcconfig */ = {isa = PBXFileReference; lastKnownFileType = text.xcconfig; path = "App-TEST.xcconfig"; sourceTree = "<group>"; };
		5D2C7CD4FEADE77552BA789F /* AppComponent.swift */ = {isa = PBXFileReference; lastKnownFileType = sourcecode.swift; path = AppComponent.swift; sourceTree = "<group>"; };
		5FFD592B2F71214F1F6A7E8D /* FBSDKGamingServicesKit.xcframework */ = {isa = PBXFileReference; lastKnownFileType = wrapper.xcframework; path = FBSDKGamingServicesKit.xcframework; sourceTree = "<group>"; };
		65AB941EBFAAE4D0464C5D0C /* ThirdPartyLibraryManager.framework */ = {isa = PBXFileReference; explicitFileType = wrapper.framework; includeInIndex = 0; path = ThirdPartyLibraryManager.framework; sourceTree = BUILT_PRODUCTS_DIR; };
		7210F22777D23AD1713BCADE /* AppDelegate.swift */ = {isa = PBXFileReference; lastKnownFileType = sourcecode.swift; path = AppDelegate.swift; sourceTree = "<group>"; };
		7FEAEF040F6CFC33E87EC60F /* DevSource.swift */ = {isa = PBXFileReference; lastKnownFileType = sourcecode.swift; path = DevSource.swift; sourceTree = "<group>"; };
		84778171B4F0CFAA7DCC96AB /* FBSDKLoginKit.xcframework */ = {isa = PBXFileReference; lastKnownFileType = wrapper.xcframework; path = FBSDKLoginKit.xcframework; sourceTree = "<group>"; };
		85FE2EC9B181FC81B1BA1967 /* RootInteractor.swift */ = {isa = PBXFileReference; lastKnownFileType = sourcecode.swift; path = RootInteractor.swift; sourceTree = "<group>"; };
		8CCC3E91559CD77B579A11BA /* App-DEV.xcconfig */ = {isa = PBXFileReference; lastKnownFileType = text.xcconfig; path = "App-DEV.xcconfig"; sourceTree = "<group>"; };
		8D38E6B6DC37E0FE6FBC7DD8 /* DevAppTests.plist */ = {isa = PBXFileReference; lastKnownFileType = text.plist; path = DevAppTests.plist; sourceTree = "<group>"; };
		A08557106088F975F2F4C854 /* RootViewController.swift */ = {isa = PBXFileReference; lastKnownFileType = sourcecode.swift; path = RootViewController.swift; sourceTree = "<group>"; };
		A9CD55A94D743389AFF83DA1 /* DevApp.plist */ = {isa = PBXFileReference; lastKnownFileType = text.plist; path = DevApp.plist; sourceTree = "<group>"; };
		AF7877AAC233023D75525F9B /* App.plist */ = {isa = PBXFileReference; lastKnownFileType = text.plist; path = App.plist; sourceTree = "<group>"; };
		B20089674B630A44CE746A84 /* PrepareDevelopToolService.swift */ = {isa = PBXFileReference; lastKnownFileType = sourcecode.swift; path = PrepareDevelopToolService.swift; sourceTree = "<group>"; };
		BBDA699F2D74A7A3F138010A /* RootRouter.swift */ = {isa = PBXFileReference; lastKnownFileType = sourcecode.swift; path = RootRouter.swift; sourceTree = "<group>"; };
		CB1AF9D0780E6CC42D791F41 /* Bundle+App.swift */ = {isa = PBXFileReference; lastKnownFileType = sourcecode.swift; path = "Bundle+App.swift"; sourceTree = "<group>"; };
		D0A666AFAEA6CFC0DFB4DB6D /* RootBuilder.swift */ = {isa = PBXFileReference; lastKnownFileType = sourcecode.swift; path = RootBuilder.swift; sourceTree = "<group>"; };
		D3BA6A95288010844596B479 /* ThirdPartyDynamicLibraryPluginManager.framework */ = {isa = PBXFileReference; explicitFileType = wrapper.framework; includeInIndex = 0; path = ThirdPartyDynamicLibraryPluginManager.framework; sourceTree = BUILT_PRODUCTS_DIR; };
		D444480454C2AD47FB5FF548 /* FLEX.xcframework */ = {isa = PBXFileReference; lastKnownFileType = wrapper.xcframework; path = FLEX.xcframework; sourceTree = "<group>"; };
		D7538BFEB29828A5348C4925 /* dev_app.app */ = {isa = PBXFileReference; explicitFileType = wrapper.application; includeInIndex = 0; path = dev_app.app; sourceTree = BUILT_PRODUCTS_DIR; };
		DEB219799D2A588CFC2318EE /* FBSDKCoreKit.xcframework */ = {isa = PBXFileReference; lastKnownFileType = wrapper.xcframework; path = FBSDKCoreKit.xcframework; sourceTree = "<group>"; };
		E554DAA4AB515DAF86082D9E /* GoogleService-Info.plist */ = {isa = PBXFileReference; lastKnownFileType = text.plist; path = "GoogleService-Info.plist"; sourceTree = "<group>"; };
/* End PBXFileReference section */

/* Begin PBXFrameworksBuildPhase section */
		396CF0D47D72E7E6F808981E /* Frameworks */ = {
			isa = PBXFrameworksBuildPhase;
			buildActionMask = 2147483647;
			files = (
				E1197A5892DD1FCAAB7950B1 /* Nimble.xcframework in Frameworks */,
				5A6344349E14945952B83231 /* Quick.xcframework in Frameworks */,
			);
			runOnlyForDeploymentPostprocessing = 0;
		};
		89F0416A7084212B3686A5BB /* Frameworks */ = {
			isa = PBXFrameworksBuildPhase;
			buildActionMask = 2147483647;
			files = (
				949DB38BB7600A916DB7DB82 /* DevelopTool.framework in Frameworks */,
				3A4040EFF2E0844C1A2A941E /* Features.framework in Frameworks */,
				2BA0F367B6ACC948B34FFB4C /* ThirdPartyDynamicLibraryPluginManager.framework in Frameworks */,
				C1B4BA512A5C1E2F3CBA1876 /* ThirdPartyLibraryManager.framework in Frameworks */,
				C8F300F3FCA7A602AA52E9D2 /* FBSDKCoreKit.xcframework in Frameworks */,
				2FAF1D76E3BE5DF5B3BE834A /* FBSDKCoreKit_Basics.xcframework in Frameworks */,
				D095628DDB0F5522A26926D5 /* FBSDKGamingServicesKit.xcframework in Frameworks */,
				44AA6A8A9E5FB56F226AD429 /* FBSDKLoginKit.xcframework in Frameworks */,
				CAC2827C8541FB9EA0A85A99 /* FBSDKShareKit.xcframework in Frameworks */,
			);
			runOnlyForDeploymentPostprocessing = 0;
		};
		BC0DC3536DED64E0E8C9923E /* Frameworks */ = {
			isa = PBXFrameworksBuildPhase;
			buildActionMask = 2147483647;
			files = (
				F4CDD13BFBC8114ED4516AFF /* Features.framework in Frameworks */,
				152B55045902755CBE60E6E5 /* ThirdPartyDynamicLibraryPluginManager.framework in Frameworks */,
				0236BCF7040EE21F456D5159 /* ThirdPartyLibraryManager.framework in Frameworks */,
				795235A6B75279459784CFE0 /* FBSDKCoreKit.xcframework in Frameworks */,
				F48154C0792579683F3AC672 /* FBSDKCoreKit_Basics.xcframework in Frameworks */,
				9B27325241BC997D81989787 /* FBSDKGamingServicesKit.xcframework in Frameworks */,
				4A0B3D0B191560395E91C037 /* FBSDKLoginKit.xcframework in Frameworks */,
				6E10DED5B366B73D222CD823 /* FBSDKShareKit.xcframework in Frameworks */,
			);
			runOnlyForDeploymentPostprocessing = 0;
		};
/* End PBXFrameworksBuildPhase section */

/* Begin PBXGroup section */
		4102E3E068508DD683953C7D = {
			isa = PBXGroup;
			children = (
				52611B11A5E6A7198C4E57A3 /* Project */,
				BDD1182E50DC622819F25364 /* Frameworks */,
				E9C3DB3EC6D7655028A9C0D3 /* Products */,
			);
			sourceTree = "<group>";
		};
		4FFC2DDE62C74F3CF60D4731 /* Tuist */ = {
			isa = PBXGroup;
			children = (
				B0DB580307B09D337FB03CC3 /* Dependencies */,
			);
			name = Tuist;
			path = ../../Tuist;
			sourceTree = "<group>";
		};
		51A83D4EEEAB95C3963CA4C2 /* RIB */ = {
			isa = PBXGroup;
			children = (
				C3C45824E0F532DA09A45DD7 /* Root */,
				5D2C7CD4FEADE77552BA789F /* AppComponent.swift */,
			);
			path = RIB;
			sourceTree = "<group>";
		};
		52611B11A5E6A7198C4E57A3 /* Project */ = {
			isa = PBXGroup;
			children = (
				B3BCDE38B26B330C9A04FADE /* Derived */,
				664092BB4123C370A6F7E81D /* DevSources */,
				62EFB15EC88C1D2636544B42 /* Resources */,
				858C4E433DBF0294DFED1B0C /* Sources */,
				62D5B897C98016D5BC7868BF /* Tests */,
				4FFC2DDE62C74F3CF60D4731 /* Tuist */,
				63649A0532DEA1139714FBE2 /* Vendor */,
				9CB226E454F27498B2E19CDA /* XCConfig */,
			);
			name = Project;
			sourceTree = "<group>";
		};
		62D5B897C98016D5BC7868BF /* Tests */ = {
			isa = PBXGroup;
			children = (
				5367C311BFA12EBFD0410E82 /* Tests.swift */,
			);
			path = Tests;
			sourceTree = "<group>";
		};
		62EFB15EC88C1D2636544B42 /* Resources */ = {
			isa = PBXGroup;
			children = (
				E554DAA4AB515DAF86082D9E /* GoogleService-Info.plist */,
				057A3CD8D734F9C1B4948C18 /* LaunchScreen.storyboard */,
			);
			path = Resources;
			sourceTree = "<group>";
		};
		63649A0532DEA1139714FBE2 /* Vendor */ = {
			isa = PBXGroup;
			children = (
				FBCDF5CA65B542571AA9FA86 /* Facebook */,
			);
			name = Vendor;
			path = ../../Vendor;
			sourceTree = "<group>";
		};
		664092BB4123C370A6F7E81D /* DevSources */ = {
			isa = PBXGroup;
			children = (
				7FEAEF040F6CFC33E87EC60F /* DevSource.swift */,
			);
			path = DevSources;
			sourceTree = "<group>";
		};
		66EB57D721CBB7D427955C21 /* InfoPlists */ = {
			isa = PBXGroup;
			children = (
				AF7877AAC233023D75525F9B /* App.plist */,
				A9CD55A94D743389AFF83DA1 /* DevApp.plist */,
				8D38E6B6DC37E0FE6FBC7DD8 /* DevAppTests.plist */,
			);
			path = InfoPlists;
			sourceTree = "<group>";
		};
		858C4E433DBF0294DFED1B0C /* Sources */ = {
			isa = PBXGroup;
			children = (
				B0852C355574BB0AAEAAF18C /* PrepareLoad */,
				51A83D4EEEAB95C3963CA4C2 /* RIB */,
				7210F22777D23AD1713BCADE /* AppDelegate.swift */,
			);
			path = Sources;
			sourceTree = "<group>";
		};
		8919B428B639C6AF4BBFE002 /* Sources */ = {
			isa = PBXGroup;
			children = (
				CB1AF9D0780E6CC42D791F41 /* Bundle+App.swift */,
				3097CCCF19788B12074BDA22 /* Bundle+DevApp.swift */,
			);
			path = Sources;
			sourceTree = "<group>";
		};
		8E1A8973AFA5F297EE5A6FD6 /* Carthage */ = {
			isa = PBXGroup;
			children = (
				D444480454C2AD47FB5FF548 /* FLEX.xcframework */,
				578A9920570918C45E330667 /* Nimble.xcframework */,
				03A0B7E5D17F46274D7462C7 /* Quick.xcframework */,
			);
			path = Carthage;
			sourceTree = "<group>";
		};
		9CB226E454F27498B2E19CDA /* XCConfig */ = {
			isa = PBXGroup;
			children = (
				B68BB96900D0AF682AA9EE76 /* App */,
			);
			name = XCConfig;
			path = ../../XCConfig;
			sourceTree = "<group>";
		};
		B0852C355574BB0AAEAAF18C /* PrepareLoad */ = {
			isa = PBXGroup;
			children = (
				0427B540374823E1ED5E73A9 /* PrepareAppDelegate.swift */,
				B20089674B630A44CE746A84 /* PrepareDevelopToolService.swift */,
			);
			path = PrepareLoad;
			sourceTree = "<group>";
		};
		B0DB580307B09D337FB03CC3 /* Dependencies */ = {
			isa = PBXGroup;
			children = (
				8E1A8973AFA5F297EE5A6FD6 /* Carthage */,
			);
			path = Dependencies;
			sourceTree = "<group>";
		};
		B3BCDE38B26B330C9A04FADE /* Derived */ = {
			isa = PBXGroup;
			children = (
				66EB57D721CBB7D427955C21 /* InfoPlists */,
				8919B428B639C6AF4BBFE002 /* Sources */,
			);
			path = Derived;
			sourceTree = "<group>";
		};
		B68BB96900D0AF682AA9EE76 /* App */ = {
			isa = PBXGroup;
			children = (
				8CCC3E91559CD77B579A11BA /* App-DEV.xcconfig */,
				4E09327C641F65C11C087E64 /* App-PROD.xcconfig */,
				47275EE0130BB206EA1B9F32 /* App-STAGE.xcconfig */,
				5BA590AD4E31DFA74D70E7C3 /* App-TEST.xcconfig */,
			);
			path = App;
			sourceTree = "<group>";
		};
		BDD1182E50DC622819F25364 /* Frameworks */ = {
			isa = PBXGroup;
			children = (
			);
			name = Frameworks;
			sourceTree = "<group>";
		};
		C3C45824E0F532DA09A45DD7 /* Root */ = {
			isa = PBXGroup;
			children = (
				D0A666AFAEA6CFC0DFB4DB6D /* RootBuilder.swift */,
				85FE2EC9B181FC81B1BA1967 /* RootInteractor.swift */,
				BBDA699F2D74A7A3F138010A /* RootRouter.swift */,
				A08557106088F975F2F4C854 /* RootViewController.swift */,
			);
			path = Root;
			sourceTree = "<group>";
		};
		E9C3DB3EC6D7655028A9C0D3 /* Products */ = {
			isa = PBXGroup;
			children = (
				571E08A9083FD4334E4B7D06 /* App.app */,
				261B21C72012FB801F6A700D /* CoreKit.framework */,
				D7538BFEB29828A5348C4925 /* dev_app.app */,
				30FAB99634C86BFDCEA57A95 /* DevAppTests.xctest */,
				363F5E7C3B8B29FD923BFBDE /* DevelopTool.framework */,
				516073678328E31E4A9AC49E /* Features.framework */,
				354AE94B3382B8A2D53E6033 /* RxPackage.framework */,
				D3BA6A95288010844596B479 /* ThirdPartyDynamicLibraryPluginManager.framework */,
				65AB941EBFAAE4D0464C5D0C /* ThirdPartyLibraryManager.framework */,
			);
			name = Products;
			sourceTree = "<group>";
		};
		FBCDF5CA65B542571AA9FA86 /* Facebook */ = {
			isa = PBXGroup;
			children = (
				19F5139470256A6731C07B3F /* FBSDKCoreKit_Basics.xcframework */,
				DEB219799D2A588CFC2318EE /* FBSDKCoreKit.xcframework */,
				5FFD592B2F71214F1F6A7E8D /* FBSDKGamingServicesKit.xcframework */,
				84778171B4F0CFAA7DCC96AB /* FBSDKLoginKit.xcframework */,
				275CD28106DC5672507A4C11 /* FBSDKShareKit.xcframework */,
			);
			path = Facebook;
			sourceTree = "<group>";
		};
/* End PBXGroup section */

/* Begin PBXNativeTarget section */
		93E9E330FC2CE7458D9C925F /* App */ = {
			isa = PBXNativeTarget;
			buildConfigurationList = FFC1863BD4026D2C17CBE82B /* Build configuration list for PBXNativeTarget "App" */;
			buildPhases = (
				939A5210505DDADABF57333E /* Matching GoogleService-Info.plist Script */,
				B77F0AF073564580D75A2CF1 /* Sources */,
				37BFF6A8CB5CC7FA21AD3FA3 /* Resources */,
				2D6440EDD9741AA3084CF534 /* Embed Precompiled Frameworks */,
				8EFDE6013C818852098745E7 /* Embed Frameworks */,
				BC0DC3536DED64E0E8C9923E /* Frameworks */,
			);
			buildRules = (
			);
			dependencies = (
			);
			name = App;
			productName = App;
			productReference = 571E08A9083FD4334E4B7D06 /* App.app */;
			productType = "com.apple.product-type.application";
		};
		CA6EF691C9BE1E2CDB9A46F8 /* DevAppTests */ = {
			isa = PBXNativeTarget;
			buildConfigurationList = 8C37260B653D1411E62DAF01 /* Build configuration list for PBXNativeTarget "DevAppTests" */;
			buildPhases = (
				102E82E4E59CB13D9B12B5BB /* Sources */,
				3640BE8332E84F395C59941E /* Resources */,
				F1C09875CDB85350CF5FD872 /* Embed Precompiled Frameworks */,
				EC8F48F309B4AA79E7C5BBC2 /* Embed Frameworks */,
				396CF0D47D72E7E6F808981E /* Frameworks */,
			);
			buildRules = (
			);
			dependencies = (
				B54CB86D58D3A74A201B43DD /* PBXTargetDependency */,
			);
			name = DevAppTests;
			productName = DevAppTests;
			productReference = 30FAB99634C86BFDCEA57A95 /* DevAppTests.xctest */;
			productType = "com.apple.product-type.bundle.unit-test";
		};
		D52CD025B4EC51F47E9DE92E /* DevApp */ = {
			isa = PBXNativeTarget;
			buildConfigurationList = 75C78FB656139838EEB469E2 /* Build configuration list for PBXNativeTarget "DevApp" */;
			buildPhases = (
				CD57013F700B027B4EEE6D8F /* Matching GoogleService-Info.plist Script */,
				483A12EE97C0A3084E9694EC /* Sources */,
				CA406C3E1C092F86AA233AB3 /* Resources */,
				13973E17D13BB349C0D3E2C2 /* Embed Precompiled Frameworks */,
				20D42B7F8837439A9F9FDC98 /* Embed Frameworks */,
				89F0416A7084212B3686A5BB /* Frameworks */,
			);
			buildRules = (
			);
			dependencies = (
			);
			name = DevApp;
			productName = dev_app;
			productReference = D7538BFEB29828A5348C4925 /* dev_app.app */;
			productType = "com.apple.product-type.application";
		};
/* End PBXNativeTarget section */

/* Begin PBXProject section */
		6B590BF25178DC7D824D09CE /* Project object */ = {
			isa = PBXProject;
			attributes = {
				ORGANIZATIONNAME = minsone;
				TargetAttributes = {
					CA6EF691C9BE1E2CDB9A46F8 = {
						TestTargetID = D52CD025B4EC51F47E9DE92E;
					};
				};
			};
			buildConfigurationList = B3FD05C59F197F398A0B04AB /* Build configuration list for PBXProject "App" */;
			compatibilityVersion = "Xcode 9.3";
			developmentRegion = en;
			hasScannedForEncodings = 0;
			knownRegions = (
				Base,
				en,
			);
			mainGroup = 4102E3E068508DD683953C7D;
			productRefGroup = E9C3DB3EC6D7655028A9C0D3 /* Products */;
			projectDirPath = "";
			projectRoot = "";
			targets = (
				93E9E330FC2CE7458D9C925F /* App */,
				D52CD025B4EC51F47E9DE92E /* DevApp */,
				CA6EF691C9BE1E2CDB9A46F8 /* DevAppTests */,
			);
		};
/* End PBXProject section */

/* Begin PBXResourcesBuildPhase section */
		3640BE8332E84F395C59941E /* Resources */ = {
			isa = PBXResourcesBuildPhase;
			buildActionMask = 2147483647;
			files = (
			);
			runOnlyForDeploymentPostprocessing = 0;
		};
		37BFF6A8CB5CC7FA21AD3FA3 /* Resources */ = {
			isa = PBXResourcesBuildPhase;
			buildActionMask = 2147483647;
			files = (
				ACB9F921EC8195E3A4550EF3 /* GoogleService-Info.plist in Resources */,
				0F3EBD548A92D7401B1FC633 /* LaunchScreen.storyboard in Resources */,
			);
			runOnlyForDeploymentPostprocessing = 0;
		};
		CA406C3E1C092F86AA233AB3 /* Resources */ = {
			isa = PBXResourcesBuildPhase;
			buildActionMask = 2147483647;
			files = (
				29DAD5D0126C0F7B2CC748E6 /* GoogleService-Info.plist in Resources */,
				FC54844E2382B5A71A43C895 /* LaunchScreen.storyboard in Resources */,
			);
			runOnlyForDeploymentPostprocessing = 0;
		};
/* End PBXResourcesBuildPhase section */

/* Begin PBXShellScriptBuildPhase section */
		13973E17D13BB349C0D3E2C2 /* Embed Precompiled Frameworks */ = {
			isa = PBXShellScriptBuildPhase;
			buildActionMask = 2147483647;
			files = (
			);
			inputPaths = (
			);
			name = "Embed Precompiled Frameworks";
			outputPaths = (
			);
			runOnlyForDeploymentPostprocessing = 0;
			shellPath = /bin/sh;
			shellScript = "echo \"Skipping, nothing to be embedded.\"";
		};
		2D6440EDD9741AA3084CF534 /* Embed Precompiled Frameworks */ = {
			isa = PBXShellScriptBuildPhase;
			buildActionMask = 2147483647;
			files = (
			);
			inputPaths = (
			);
			name = "Embed Precompiled Frameworks";
			outputPaths = (
			);
			runOnlyForDeploymentPostprocessing = 0;
			shellPath = /bin/sh;
			shellScript = "echo \"Skipping, nothing to be embedded.\"";
		};
		939A5210505DDADABF57333E /* Matching GoogleService-Info.plist Script */ = {
			isa = PBXShellScriptBuildPhase;
			buildActionMask = 2147483647;
			files = (
			);
			inputFileListPaths = (
			);
			inputPaths = (
			);
			name = "Matching GoogleService-Info.plist Script";
			outputFileListPaths = (
			);
			outputPaths = (
			);
			runOnlyForDeploymentPostprocessing = 0;
			shellPath = /bin/sh;
			shellScript = "\"$SRCROOT\"/Script/matching_google_service_info_plist.sh ";
		};
		CD57013F700B027B4EEE6D8F /* Matching GoogleService-Info.plist Script */ = {
			isa = PBXShellScriptBuildPhase;
			buildActionMask = 2147483647;
			files = (
			);
			inputFileListPaths = (
			);
			inputPaths = (
			);
			name = "Matching GoogleService-Info.plist Script";
			outputFileListPaths = (
			);
			outputPaths = (
			);
			runOnlyForDeploymentPostprocessing = 0;
			shellPath = /bin/sh;
			shellScript = "\"$SRCROOT\"/Script/matching_google_service_info_plist.sh ";
		};
		F1C09875CDB85350CF5FD872 /* Embed Precompiled Frameworks */ = {
			isa = PBXShellScriptBuildPhase;
			buildActionMask = 2147483647;
			files = (
			);
			inputPaths = (
			);
			name = "Embed Precompiled Frameworks";
			outputPaths = (
			);
			runOnlyForDeploymentPostprocessing = 0;
			shellPath = /bin/sh;
			shellScript = "echo \"Skipping, nothing to be embedded.\"";
		};
/* End PBXShellScriptBuildPhase section */

/* Begin PBXSourcesBuildPhase section */
		102E82E4E59CB13D9B12B5BB /* Sources */ = {
			isa = PBXSourcesBuildPhase;
			buildActionMask = 2147483647;
			files = (
				E0300E2DFEF6DFDBD1A7543A /* Tests.swift in Sources */,
			);
			runOnlyForDeploymentPostprocessing = 0;
		};
		483A12EE97C0A3084E9694EC /* Sources */ = {
			isa = PBXSourcesBuildPhase;
			buildActionMask = 2147483647;
			files = (
				91636D4B45B7016474F069EB /* Bundle+DevApp.swift in Sources */,
				9521590436B6014FF0839349 /* DevSource.swift in Sources */,
				2A6670CB9B824C5512E65291 /* AppDelegate.swift in Sources */,
				AFF27D33C7906185851F840E /* PrepareAppDelegate.swift in Sources */,
				CC84628CA2D9852C4725A5E8 /* PrepareDevelopToolService.swift in Sources */,
				87AA9C1ED5E8D0962586E3A4 /* AppComponent.swift in Sources */,
				798411B8FC22ABEE9D049C82 /* RootBuilder.swift in Sources */,
				517ECAD56356F7D6FCC52D82 /* RootInteractor.swift in Sources */,
				D1E578A24D9AF7708C0C7BFD /* RootRouter.swift in Sources */,
				F2DD3E9EAAD2893FECC59DA3 /* RootViewController.swift in Sources */,
			);
			runOnlyForDeploymentPostprocessing = 0;
		};
		B77F0AF073564580D75A2CF1 /* Sources */ = {
			isa = PBXSourcesBuildPhase;
			buildActionMask = 2147483647;
			files = (
				97639454D5E33450A0D8185C /* Bundle+App.swift in Sources */,
				004FD1E183A2F52A4913C9DB /* AppDelegate.swift in Sources */,
				814544CB3EA73B4E6DC17DD7 /* PrepareAppDelegate.swift in Sources */,
				A8C22A49A414A84139391325 /* PrepareDevelopToolService.swift in Sources */,
				E4D074CC4A80B509E82412CB /* AppComponent.swift in Sources */,
				A27BB6A0D6E12EA4CCA28B3F /* RootBuilder.swift in Sources */,
				F3E227F6DF3EC49691E5C839 /* RootInteractor.swift in Sources */,
				1741DB41A3C95662A9E10D5E /* RootRouter.swift in Sources */,
				2B07457DB0B690A6436D668B /* RootViewController.swift in Sources */,
			);
			runOnlyForDeploymentPostprocessing = 0;
		};
/* End PBXSourcesBuildPhase section */

/* Begin PBXTargetDependency section */
		B54CB86D58D3A74A201B43DD /* PBXTargetDependency */ = {
			isa = PBXTargetDependency;
			name = DevApp;
			target = D52CD025B4EC51F47E9DE92E /* DevApp */;
			targetProxy = 2A42EC924251D42E770C1654 /* PBXContainerItemProxy */;
		};
/* End PBXTargetDependency section */

/* Begin XCBuildConfiguration section */
		1B0D19713F9F820A71EB0814 /* DEV */ = {
			isa = XCBuildConfiguration;
			buildSettings = {
				BUNDLE_LOADER = "$(TEST_HOST)";
				CODE_SIGN_IDENTITY = "iPhone Developer";
				FRAMEWORK_SEARCH_PATHS = (
					"$(inherited)",
					"$(SRCROOT)/../../Tuist/Dependencies/Carthage",
				);
				INFOPLIST_FILE = Derived/InfoPlists/DevAppTests.plist;
				IPHONEOS_DEPLOYMENT_TARGET = 13.0;
				LD_RUNPATH_SEARCH_PATHS = (
					"$(inherited)",
					"@executable_path/Frameworks",
					"@loader_path/Frameworks",
				);
				PRODUCT_BUNDLE_IDENTIFIER = "kr.minsone.dev-appTests";
				PRODUCT_NAME = DevAppTests;
				SDKROOT = iphoneos;
				SUPPORTED_PLATFORMS = "iphonesimulator iphoneos";
				SWIFT_ACTIVE_COMPILATION_CONDITIONS = DEBUG;
				SWIFT_COMPILATION_MODE = singlefile;
				SWIFT_OPTIMIZATION_LEVEL = "-Onone";
				SWIFT_VERSION = 5.4.2;
				TARGETED_DEVICE_FAMILY = 1;
				TEST_HOST = "$(BUILT_PRODUCTS_DIR)/dev_app.app/dev_app";
				TEST_TARGET_NAME = DevApp;
			};
			name = DEV;
		};
		2821D3D0CC5FD5E8DFDC4472 /* STAGE */ = {
			isa = XCBuildConfiguration;
			buildSettings = {
				ASSETCATALOG_COMPILER_APPICON_NAME = AppIcon;
				CODE_SIGN_IDENTITY = "iPhone Developer";
				ENABLE_PREVIEWS = YES;
				FRAMEWORK_SEARCH_PATHS = (
					"$(inherited)",
					"$(SRCROOT)/../../Vendor/Facebook",
				);
				INFOPLIST_FILE = Derived/InfoPlists/App.plist;
				IPHONEOS_DEPLOYMENT_TARGET = 13.0;
				LD_RUNPATH_SEARCH_PATHS = (
					"$(inherited)",
					"@executable_path/Frameworks",
				);
				PRODUCT_BUNDLE_IDENTIFIER = kr.minsone.app;
				PRODUCT_NAME = App;
				SDKROOT = iphoneos;
				SUPPORTED_PLATFORMS = "iphonesimulator iphoneos";
				SWIFT_ACTIVE_COMPILATION_CONDITIONS = DEBUG;
				SWIFT_COMPILATION_MODE = singlefile;
				SWIFT_OPTIMIZATION_LEVEL = "-Onone";
				SWIFT_VERSION = 5.4.2;
				TARGETED_DEVICE_FAMILY = 1;
			};
			name = STAGE;
		};
		34CD87472EBFEF910DCBCF46 /* TEST */ = {
			isa = XCBuildConfiguration;
			buildSettings = {
				BUNDLE_LOADER = "$(TEST_HOST)";
				CODE_SIGN_IDENTITY = "iPhone Developer";
				FRAMEWORK_SEARCH_PATHS = (
					"$(inherited)",
					"$(SRCROOT)/../../Tuist/Dependencies/Carthage",
				);
				INFOPLIST_FILE = Derived/InfoPlists/DevAppTests.plist;
				IPHONEOS_DEPLOYMENT_TARGET = 13.0;
				LD_RUNPATH_SEARCH_PATHS = (
					"$(inherited)",
					"@executable_path/Frameworks",
					"@loader_path/Frameworks",
				);
				PRODUCT_BUNDLE_IDENTIFIER = "kr.minsone.dev-appTests";
				PRODUCT_NAME = DevAppTests;
				SDKROOT = iphoneos;
				SUPPORTED_PLATFORMS = "iphonesimulator iphoneos";
				SWIFT_ACTIVE_COMPILATION_CONDITIONS = DEBUG;
				SWIFT_COMPILATION_MODE = singlefile;
				SWIFT_OPTIMIZATION_LEVEL = "-Onone";
				SWIFT_VERSION = 5.4.2;
				TARGETED_DEVICE_FAMILY = 1;
				TEST_HOST = "$(BUILT_PRODUCTS_DIR)/dev_app.app/dev_app";
				TEST_TARGET_NAME = DevApp;
			};
			name = TEST;
		};
		67489DCD3D5D788BE3B41471 /* TEST */ = {
			isa = XCBuildConfiguration;
			buildSettings = {
				ASSETCATALOG_COMPILER_APPICON_NAME = AppIcon;
				CODE_SIGN_IDENTITY = "iPhone Developer";
				ENABLE_PREVIEWS = YES;
				FRAMEWORK_SEARCH_PATHS = (
					"$(inherited)",
					"$(SRCROOT)/../../Vendor/Facebook",
				);
				INFOPLIST_FILE = Derived/InfoPlists/DevApp.plist;
				IPHONEOS_DEPLOYMENT_TARGET = 13.0;
				LD_RUNPATH_SEARCH_PATHS = (
					"$(inherited)",
					"@executable_path/Frameworks",
				);
				PRODUCT_BUNDLE_IDENTIFIER = "kr.minsone.dev-app";
				PRODUCT_NAME = dev_app;
				SDKROOT = iphoneos;
				SUPPORTED_PLATFORMS = "iphonesimulator iphoneos";
				SWIFT_ACTIVE_COMPILATION_CONDITIONS = DEBUG;
				SWIFT_COMPILATION_MODE = singlefile;
				SWIFT_OPTIMIZATION_LEVEL = "-Onone";
				SWIFT_VERSION = 5.4.2;
				TARGETED_DEVICE_FAMILY = 1;
			};
			name = TEST;
		};
		76E7B20CE2B35A488859546E /* STAGE */ = {
			isa = XCBuildConfiguration;
			baseConfigurationReference = 47275EE0130BB206EA1B9F32 /* App-STAGE.xcconfig */;
			buildSettings = {
				ALWAYS_SEARCH_USER_PATHS = NO;
				CLANG_ANALYZER_NONNULL = YES;
				CLANG_ANALYZER_NUMBER_OBJECT_CONVERSION = YES_AGGRESSIVE;
				CLANG_CXX_LANGUAGE_STANDARD = "gnu++14";
				CLANG_CXX_LIBRARY = "libc++";
				CLANG_ENABLE_MODULES = YES;
				CLANG_ENABLE_OBJC_ARC = YES;
				CLANG_ENABLE_OBJC_WEAK = YES;
				CLANG_WARN_BLOCK_CAPTURE_AUTORELEASING = YES;
				CLANG_WARN_BOOL_CONVERSION = YES;
				CLANG_WARN_COMMA = YES;
				CLANG_WARN_CONSTANT_CONVERSION = YES;
				CLANG_WARN_DEPRECATED_OBJC_IMPLEMENTATIONS = YES;
				CLANG_WARN_DIRECT_OBJC_ISA_USAGE = YES_ERROR;
				CLANG_WARN_DOCUMENTATION_COMMENTS = YES;
				CLANG_WARN_EMPTY_BODY = YES;
				CLANG_WARN_ENUM_CONVERSION = YES;
				CLANG_WARN_INFINITE_RECURSION = YES;
				CLANG_WARN_INT_CONVERSION = YES;
				CLANG_WARN_NON_LITERAL_NULL_CONVERSION = YES;
				CLANG_WARN_OBJC_IMPLICIT_RETAIN_SELF = YES;
				CLANG_WARN_OBJC_LITERAL_CONVERSION = YES;
				CLANG_WARN_OBJC_ROOT_CLASS = YES_ERROR;
				CLANG_WARN_QUOTED_INCLUDE_IN_FRAMEWORK_HEADER = YES;
				CLANG_WARN_RANGE_LOOP_ANALYSIS = YES;
				CLANG_WARN_STRICT_PROTOTYPES = YES;
				CLANG_WARN_SUSPICIOUS_MOVE = YES;
				CLANG_WARN_UNGUARDED_AVAILABILITY = YES_AGGRESSIVE;
				CLANG_WARN_UNREACHABLE_CODE = YES;
				CLANG_WARN__DUPLICATE_METHOD_MATCH = YES;
				CODE_SIGNING_REQUIRED = NO;
				CODE_SIGN_IDENTITY = "";
				COPY_PHASE_STRIP = NO;
				DEBUG_INFORMATION_FORMAT = dwarf;
				ENABLE_STRICT_OBJC_MSGSEND = YES;
				ENABLE_TESTABILITY = YES;
				GCC_C_LANGUAGE_STANDARD = gnu11;
				GCC_DYNAMIC_NO_PIC = NO;
				GCC_NO_COMMON_BLOCKS = YES;
				GCC_OPTIMIZATION_LEVEL = 0;
				GCC_PREPROCESSOR_DEFINITIONS = (
					"DEBUG=1",
					"$(inherited)",
				);
				GCC_WARN_64_TO_32_BIT_CONVERSION = YES;
				GCC_WARN_ABOUT_RETURN_TYPE = YES_ERROR;
				GCC_WARN_UNDECLARED_SELECTOR = YES;
				GCC_WARN_UNINITIALIZED_AUTOS = YES_AGGRESSIVE;
				GCC_WARN_UNUSED_FUNCTION = YES;
				GCC_WARN_UNUSED_VARIABLE = YES;
				MTL_ENABLE_DEBUG_INFO = YES;
				ONLY_ACTIVE_ARCH = YES;
				PRODUCT_NAME = "$(TARGET_NAME)";
			};
			name = STAGE;
		};
		86BC1FC0E0A2EB70FD4C4482 /* TEST */ = {
			isa = XCBuildConfiguration;
			baseConfigurationReference = 5BA590AD4E31DFA74D70E7C3 /* App-TEST.xcconfig */;
			buildSettings = {
				ALWAYS_SEARCH_USER_PATHS = NO;
				CLANG_ANALYZER_NONNULL = YES;
				CLANG_ANALYZER_NUMBER_OBJECT_CONVERSION = YES_AGGRESSIVE;
				CLANG_CXX_LANGUAGE_STANDARD = "gnu++14";
				CLANG_CXX_LIBRARY = "libc++";
				CLANG_ENABLE_MODULES = YES;
				CLANG_ENABLE_OBJC_ARC = YES;
				CLANG_ENABLE_OBJC_WEAK = YES;
				CLANG_WARN_BLOCK_CAPTURE_AUTORELEASING = YES;
				CLANG_WARN_BOOL_CONVERSION = YES;
				CLANG_WARN_COMMA = YES;
				CLANG_WARN_CONSTANT_CONVERSION = YES;
				CLANG_WARN_DEPRECATED_OBJC_IMPLEMENTATIONS = YES;
				CLANG_WARN_DIRECT_OBJC_ISA_USAGE = YES_ERROR;
				CLANG_WARN_DOCUMENTATION_COMMENTS = YES;
				CLANG_WARN_EMPTY_BODY = YES;
				CLANG_WARN_ENUM_CONVERSION = YES;
				CLANG_WARN_INFINITE_RECURSION = YES;
				CLANG_WARN_INT_CONVERSION = YES;
				CLANG_WARN_NON_LITERAL_NULL_CONVERSION = YES;
				CLANG_WARN_OBJC_IMPLICIT_RETAIN_SELF = YES;
				CLANG_WARN_OBJC_LITERAL_CONVERSION = YES;
				CLANG_WARN_OBJC_ROOT_CLASS = YES_ERROR;
				CLANG_WARN_QUOTED_INCLUDE_IN_FRAMEWORK_HEADER = YES;
				CLANG_WARN_RANGE_LOOP_ANALYSIS = YES;
				CLANG_WARN_STRICT_PROTOTYPES = YES;
				CLANG_WARN_SUSPICIOUS_MOVE = YES;
				CLANG_WARN_UNGUARDED_AVAILABILITY = YES_AGGRESSIVE;
				CLANG_WARN_UNREACHABLE_CODE = YES;
				CLANG_WARN__DUPLICATE_METHOD_MATCH = YES;
				CODE_SIGNING_REQUIRED = NO;
				CODE_SIGN_IDENTITY = "";
				COPY_PHASE_STRIP = NO;
				DEBUG_INFORMATION_FORMAT = dwarf;
				ENABLE_STRICT_OBJC_MSGSEND = YES;
				ENABLE_TESTABILITY = YES;
				GCC_C_LANGUAGE_STANDARD = gnu11;
				GCC_DYNAMIC_NO_PIC = NO;
				GCC_NO_COMMON_BLOCKS = YES;
				GCC_OPTIMIZATION_LEVEL = 0;
				GCC_PREPROCESSOR_DEFINITIONS = (
					"DEBUG=1",
					"$(inherited)",
				);
				GCC_WARN_64_TO_32_BIT_CONVERSION = YES;
				GCC_WARN_ABOUT_RETURN_TYPE = YES_ERROR;
				GCC_WARN_UNDECLARED_SELECTOR = YES;
				GCC_WARN_UNINITIALIZED_AUTOS = YES_AGGRESSIVE;
				GCC_WARN_UNUSED_FUNCTION = YES;
				GCC_WARN_UNUSED_VARIABLE = YES;
				MTL_ENABLE_DEBUG_INFO = YES;
				ONLY_ACTIVE_ARCH = YES;
				PRODUCT_NAME = "$(TARGET_NAME)";
			};
			name = TEST;
		};
		9EB10410B93F260D48AF1237 /* DEV */ = {
			isa = XCBuildConfiguration;
			baseConfigurationReference = 8CCC3E91559CD77B579A11BA /* App-DEV.xcconfig */;
			buildSettings = {
				ALWAYS_SEARCH_USER_PATHS = NO;
				CLANG_ANALYZER_NONNULL = YES;
				CLANG_ANALYZER_NUMBER_OBJECT_CONVERSION = YES_AGGRESSIVE;
				CLANG_CXX_LANGUAGE_STANDARD = "gnu++14";
				CLANG_CXX_LIBRARY = "libc++";
				CLANG_ENABLE_MODULES = YES;
				CLANG_ENABLE_OBJC_ARC = YES;
				CLANG_ENABLE_OBJC_WEAK = YES;
				CLANG_WARN_BLOCK_CAPTURE_AUTORELEASING = YES;
				CLANG_WARN_BOOL_CONVERSION = YES;
				CLANG_WARN_COMMA = YES;
				CLANG_WARN_CONSTANT_CONVERSION = YES;
				CLANG_WARN_DEPRECATED_OBJC_IMPLEMENTATIONS = YES;
				CLANG_WARN_DIRECT_OBJC_ISA_USAGE = YES_ERROR;
				CLANG_WARN_DOCUMENTATION_COMMENTS = YES;
				CLANG_WARN_EMPTY_BODY = YES;
				CLANG_WARN_ENUM_CONVERSION = YES;
				CLANG_WARN_INFINITE_RECURSION = YES;
				CLANG_WARN_INT_CONVERSION = YES;
				CLANG_WARN_NON_LITERAL_NULL_CONVERSION = YES;
				CLANG_WARN_OBJC_IMPLICIT_RETAIN_SELF = YES;
				CLANG_WARN_OBJC_LITERAL_CONVERSION = YES;
				CLANG_WARN_OBJC_ROOT_CLASS = YES_ERROR;
				CLANG_WARN_QUOTED_INCLUDE_IN_FRAMEWORK_HEADER = YES;
				CLANG_WARN_RANGE_LOOP_ANALYSIS = YES;
				CLANG_WARN_STRICT_PROTOTYPES = YES;
				CLANG_WARN_SUSPICIOUS_MOVE = YES;
				CLANG_WARN_UNGUARDED_AVAILABILITY = YES_AGGRESSIVE;
				CLANG_WARN_UNREACHABLE_CODE = YES;
				CLANG_WARN__DUPLICATE_METHOD_MATCH = YES;
				CODE_SIGNING_REQUIRED = NO;
				CODE_SIGN_IDENTITY = "";
				COPY_PHASE_STRIP = NO;
				DEBUG_INFORMATION_FORMAT = dwarf;
				ENABLE_STRICT_OBJC_MSGSEND = YES;
				ENABLE_TESTABILITY = YES;
				GCC_C_LANGUAGE_STANDARD = gnu11;
				GCC_DYNAMIC_NO_PIC = NO;
				GCC_NO_COMMON_BLOCKS = YES;
				GCC_OPTIMIZATION_LEVEL = 0;
				GCC_PREPROCESSOR_DEFINITIONS = (
					"DEBUG=1",
					"$(inherited)",
				);
				GCC_WARN_64_TO_32_BIT_CONVERSION = YES;
				GCC_WARN_ABOUT_RETURN_TYPE = YES_ERROR;
				GCC_WARN_UNDECLARED_SELECTOR = YES;
				GCC_WARN_UNINITIALIZED_AUTOS = YES_AGGRESSIVE;
				GCC_WARN_UNUSED_FUNCTION = YES;
				GCC_WARN_UNUSED_VARIABLE = YES;
				MTL_ENABLE_DEBUG_INFO = YES;
				ONLY_ACTIVE_ARCH = YES;
				PRODUCT_NAME = "$(TARGET_NAME)";
			};
			name = DEV;
		};
		A65146DF4F483AFFC37D3776 /* PROD */ = {
			isa = XCBuildConfiguration;
			buildSettings = {
				ASSETCATALOG_COMPILER_APPICON_NAME = AppIcon;
				CODE_SIGN_IDENTITY = "iPhone Developer";
				ENABLE_PREVIEWS = YES;
				FRAMEWORK_SEARCH_PATHS = (
					"$(inherited)",
					"$(SRCROOT)/../../Vendor/Facebook",
				);
				INFOPLIST_FILE = Derived/InfoPlists/App.plist;
				IPHONEOS_DEPLOYMENT_TARGET = 13.0;
				LD_RUNPATH_SEARCH_PATHS = (
					"$(inherited)",
					"@executable_path/Frameworks",
				);
				PRODUCT_BUNDLE_IDENTIFIER = kr.minsone.app;
				PRODUCT_NAME = App;
				SDKROOT = iphoneos;
				SUPPORTED_PLATFORMS = "iphonesimulator iphoneos";
				SWIFT_COMPILATION_MODE = wholemodule;
				SWIFT_OPTIMIZATION_LEVEL = "-Owholemodule";
				SWIFT_VERSION = 5.4.2;
				TARGETED_DEVICE_FAMILY = 1;
			};
			name = PROD;
		};
		C530451B779EFF5560018D38 /* PROD */ = {
			isa = XCBuildConfiguration;
			buildSettings = {
				ASSETCATALOG_COMPILER_APPICON_NAME = AppIcon;
				CODE_SIGN_IDENTITY = "iPhone Developer";
				ENABLE_PREVIEWS = YES;
				FRAMEWORK_SEARCH_PATHS = (
					"$(inherited)",
					"$(SRCROOT)/../../Vendor/Facebook",
				);
				INFOPLIST_FILE = Derived/InfoPlists/DevApp.plist;
				IPHONEOS_DEPLOYMENT_TARGET = 13.0;
				LD_RUNPATH_SEARCH_PATHS = (
					"$(inherited)",
					"@executable_path/Frameworks",
				);
				PRODUCT_BUNDLE_IDENTIFIER = "kr.minsone.dev-app";
				PRODUCT_NAME = dev_app;
				SDKROOT = iphoneos;
				SUPPORTED_PLATFORMS = "iphonesimulator iphoneos";
				SWIFT_COMPILATION_MODE = wholemodule;
				SWIFT_OPTIMIZATION_LEVEL = "-Owholemodule";
				SWIFT_VERSION = 5.4.2;
				TARGETED_DEVICE_FAMILY = 1;
			};
			name = PROD;
		};
		CAEB130E3123C720677F0AEB /* PROD */ = {
			isa = XCBuildConfiguration;
			baseConfigurationReference = 4E09327C641F65C11C087E64 /* App-PROD.xcconfig */;
			buildSettings = {
				ALWAYS_SEARCH_USER_PATHS = NO;
				CLANG_ANALYZER_NONNULL = YES;
				CLANG_ANALYZER_NUMBER_OBJECT_CONVERSION = YES_AGGRESSIVE;
				CLANG_CXX_LANGUAGE_STANDARD = "gnu++14";
				CLANG_CXX_LIBRARY = "libc++";
				CLANG_ENABLE_MODULES = YES;
				CLANG_ENABLE_OBJC_ARC = YES;
				CLANG_ENABLE_OBJC_WEAK = YES;
				CLANG_WARN_BLOCK_CAPTURE_AUTORELEASING = YES;
				CLANG_WARN_BOOL_CONVERSION = YES;
				CLANG_WARN_COMMA = YES;
				CLANG_WARN_CONSTANT_CONVERSION = YES;
				CLANG_WARN_DEPRECATED_OBJC_IMPLEMENTATIONS = YES;
				CLANG_WARN_DIRECT_OBJC_ISA_USAGE = YES_ERROR;
				CLANG_WARN_DOCUMENTATION_COMMENTS = YES;
				CLANG_WARN_EMPTY_BODY = YES;
				CLANG_WARN_ENUM_CONVERSION = YES;
				CLANG_WARN_INFINITE_RECURSION = YES;
				CLANG_WARN_INT_CONVERSION = YES;
				CLANG_WARN_NON_LITERAL_NULL_CONVERSION = YES;
				CLANG_WARN_OBJC_IMPLICIT_RETAIN_SELF = YES;
				CLANG_WARN_OBJC_LITERAL_CONVERSION = YES;
				CLANG_WARN_OBJC_ROOT_CLASS = YES_ERROR;
				CLANG_WARN_QUOTED_INCLUDE_IN_FRAMEWORK_HEADER = YES;
				CLANG_WARN_RANGE_LOOP_ANALYSIS = YES;
				CLANG_WARN_STRICT_PROTOTYPES = YES;
				CLANG_WARN_SUSPICIOUS_MOVE = YES;
				CLANG_WARN_UNGUARDED_AVAILABILITY = YES_AGGRESSIVE;
				CLANG_WARN_UNREACHABLE_CODE = YES;
				CLANG_WARN__DUPLICATE_METHOD_MATCH = YES;
				CODE_SIGNING_REQUIRED = NO;
				CODE_SIGN_IDENTITY = "";
				COPY_PHASE_STRIP = NO;
				DEBUG_INFORMATION_FORMAT = "dwarf-with-dsym";
				ENABLE_NS_ASSERTIONS = NO;
				ENABLE_STRICT_OBJC_MSGSEND = YES;
				GCC_C_LANGUAGE_STANDARD = gnu11;
				GCC_NO_COMMON_BLOCKS = YES;
				GCC_WARN_64_TO_32_BIT_CONVERSION = YES;
				GCC_WARN_ABOUT_RETURN_TYPE = YES_ERROR;
				GCC_WARN_UNDECLARED_SELECTOR = YES;
				GCC_WARN_UNINITIALIZED_AUTOS = YES_AGGRESSIVE;
				GCC_WARN_UNUSED_FUNCTION = YES;
				GCC_WARN_UNUSED_VARIABLE = YES;
				MTL_ENABLE_DEBUG_INFO = NO;
				PRODUCT_NAME = "$(TARGET_NAME)";
				VALIDATE_PRODUCT = YES;
			};
			name = PROD;
		};
		EBE2801D5C4E42576E0D63F0 /* DEV */ = {
			isa = XCBuildConfiguration;
			buildSettings = {
				ASSETCATALOG_COMPILER_APPICON_NAME = AppIcon;
				CODE_SIGN_IDENTITY = "iPhone Developer";
				ENABLE_PREVIEWS = YES;
				FRAMEWORK_SEARCH_PATHS = (
					"$(inherited)",
					"$(SRCROOT)/../../Vendor/Facebook",
				);
				INFOPLIST_FILE = Derived/InfoPlists/DevApp.plist;
				IPHONEOS_DEPLOYMENT_TARGET = 13.0;
				LD_RUNPATH_SEARCH_PATHS = (
					"$(inherited)",
					"@executable_path/Frameworks",
				);
				PRODUCT_BUNDLE_IDENTIFIER = "kr.minsone.dev-app";
				PRODUCT_NAME = dev_app;
				SDKROOT = iphoneos;
				SUPPORTED_PLATFORMS = "iphonesimulator iphoneos";
				SWIFT_ACTIVE_COMPILATION_CONDITIONS = DEBUG;
				SWIFT_COMPILATION_MODE = singlefile;
				SWIFT_OPTIMIZATION_LEVEL = "-Onone";
				SWIFT_VERSION = 5.4.2;
				TARGETED_DEVICE_FAMILY = 1;
			};
			name = DEV;
		};
		ECD075253557E07285309202 /* STAGE */ = {
			isa = XCBuildConfiguration;
			buildSettings = {
				ASSETCATALOG_COMPILER_APPICON_NAME = AppIcon;
				CODE_SIGN_IDENTITY = "iPhone Developer";
				ENABLE_PREVIEWS = YES;
				FRAMEWORK_SEARCH_PATHS = (
					"$(inherited)",
					"$(SRCROOT)/../../Vendor/Facebook",
				);
				INFOPLIST_FILE = Derived/InfoPlists/DevApp.plist;
				IPHONEOS_DEPLOYMENT_TARGET = 13.0;
				LD_RUNPATH_SEARCH_PATHS = (
					"$(inherited)",
					"@executable_path/Frameworks",
				);
				PRODUCT_BUNDLE_IDENTIFIER = "kr.minsone.dev-app";
				PRODUCT_NAME = dev_app;
				SDKROOT = iphoneos;
				SUPPORTED_PLATFORMS = "iphonesimulator iphoneos";
				SWIFT_ACTIVE_COMPILATION_CONDITIONS = DEBUG;
				SWIFT_COMPILATION_MODE = singlefile;
				SWIFT_OPTIMIZATION_LEVEL = "-Onone";
				SWIFT_VERSION = 5.4.2;
				TARGETED_DEVICE_FAMILY = 1;
			};
			name = STAGE;
		};
		F04C78CD00614C62A1C8D291 /* PROD */ = {
			isa = XCBuildConfiguration;
			buildSettings = {
				BUNDLE_LOADER = "$(TEST_HOST)";
				CODE_SIGN_IDENTITY = "iPhone Developer";
				FRAMEWORK_SEARCH_PATHS = (
					"$(inherited)",
					"$(SRCROOT)/../../Tuist/Dependencies/Carthage",
				);
				INFOPLIST_FILE = Derived/InfoPlists/DevAppTests.plist;
				IPHONEOS_DEPLOYMENT_TARGET = 13.0;
				LD_RUNPATH_SEARCH_PATHS = (
					"$(inherited)",
					"@executable_path/Frameworks",
					"@loader_path/Frameworks",
				);
				PRODUCT_BUNDLE_IDENTIFIER = "kr.minsone.dev-appTests";
				PRODUCT_NAME = DevAppTests;
				SDKROOT = iphoneos;
				SUPPORTED_PLATFORMS = "iphonesimulator iphoneos";
				SWIFT_COMPILATION_MODE = wholemodule;
				SWIFT_OPTIMIZATION_LEVEL = "-Owholemodule";
				SWIFT_VERSION = 5.4.2;
				TARGETED_DEVICE_FAMILY = 1;
				TEST_HOST = "$(BUILT_PRODUCTS_DIR)/dev_app.app/dev_app";
				TEST_TARGET_NAME = DevApp;
			};
			name = PROD;
		};
		F072CB8E88554A5A72E8EDA4 /* DEV */ = {
			isa = XCBuildConfiguration;
			buildSettings = {
				ASSETCATALOG_COMPILER_APPICON_NAME = AppIcon;
				CODE_SIGN_IDENTITY = "iPhone Developer";
				ENABLE_PREVIEWS = YES;
				FRAMEWORK_SEARCH_PATHS = (
					"$(inherited)",
					"$(SRCROOT)/../../Vendor/Facebook",
				);
				INFOPLIST_FILE = Derived/InfoPlists/App.plist;
				IPHONEOS_DEPLOYMENT_TARGET = 13.0;
				LD_RUNPATH_SEARCH_PATHS = (
					"$(inherited)",
					"@executable_path/Frameworks",
				);
				PRODUCT_BUNDLE_IDENTIFIER = kr.minsone.app;
				PRODUCT_NAME = App;
				SDKROOT = iphoneos;
				SUPPORTED_PLATFORMS = "iphonesimulator iphoneos";
				SWIFT_ACTIVE_COMPILATION_CONDITIONS = DEBUG;
				SWIFT_COMPILATION_MODE = singlefile;
				SWIFT_OPTIMIZATION_LEVEL = "-Onone";
				SWIFT_VERSION = 5.4.2;
				TARGETED_DEVICE_FAMILY = 1;
			};
			name = DEV;
		};
		F47476793D163C6DB5B6163E /* STAGE */ = {
			isa = XCBuildConfiguration;
			buildSettings = {
				BUNDLE_LOADER = "$(TEST_HOST)";
				CODE_SIGN_IDENTITY = "iPhone Developer";
				FRAMEWORK_SEARCH_PATHS = (
					"$(inherited)",
					"$(SRCROOT)/../../Tuist/Dependencies/Carthage",
				);
				INFOPLIST_FILE = Derived/InfoPlists/DevAppTests.plist;
				IPHONEOS_DEPLOYMENT_TARGET = 13.0;
				LD_RUNPATH_SEARCH_PATHS = (
					"$(inherited)",
					"@executable_path/Frameworks",
					"@loader_path/Frameworks",
				);
				PRODUCT_BUNDLE_IDENTIFIER = "kr.minsone.dev-appTests";
				PRODUCT_NAME = DevAppTests;
				SDKROOT = iphoneos;
				SUPPORTED_PLATFORMS = "iphonesimulator iphoneos";
				SWIFT_ACTIVE_COMPILATION_CONDITIONS = DEBUG;
				SWIFT_COMPILATION_MODE = singlefile;
				SWIFT_OPTIMIZATION_LEVEL = "-Onone";
				SWIFT_VERSION = 5.4.2;
				TARGETED_DEVICE_FAMILY = 1;
				TEST_HOST = "$(BUILT_PRODUCTS_DIR)/dev_app.app/dev_app";
				TEST_TARGET_NAME = DevApp;
			};
			name = STAGE;
		};
		F9AF33643A66A8BA95B63306 /* TEST */ = {
			isa = XCBuildConfiguration;
			buildSettings = {
				ASSETCATALOG_COMPILER_APPICON_NAME = AppIcon;
				CODE_SIGN_IDENTITY = "iPhone Developer";
				ENABLE_PREVIEWS = YES;
				FRAMEWORK_SEARCH_PATHS = (
					"$(inherited)",
					"$(SRCROOT)/../../Vendor/Facebook",
				);
				INFOPLIST_FILE = Derived/InfoPlists/App.plist;
				IPHONEOS_DEPLOYMENT_TARGET = 13.0;
				LD_RUNPATH_SEARCH_PATHS = (
					"$(inherited)",
					"@executable_path/Frameworks",
				);
				PRODUCT_BUNDLE_IDENTIFIER = kr.minsone.app;
				PRODUCT_NAME = App;
				SDKROOT = iphoneos;
				SUPPORTED_PLATFORMS = "iphonesimulator iphoneos";
				SWIFT_ACTIVE_COMPILATION_CONDITIONS = DEBUG;
				SWIFT_COMPILATION_MODE = singlefile;
				SWIFT_OPTIMIZATION_LEVEL = "-Onone";
				SWIFT_VERSION = 5.4.2;
				TARGETED_DEVICE_FAMILY = 1;
			};
			name = TEST;
		};
/* End XCBuildConfiguration section */

/* Begin XCConfigurationList section */
		75C78FB656139838EEB469E2 /* Build configuration list for PBXNativeTarget "DevApp" */ = {
			isa = XCConfigurationList;
			buildConfigurations = (
				EBE2801D5C4E42576E0D63F0 /* DEV */,
				C530451B779EFF5560018D38 /* PROD */,
				ECD075253557E07285309202 /* STAGE */,
				67489DCD3D5D788BE3B41471 /* TEST */,
			);
			defaultConfigurationIsVisible = 0;
			defaultConfigurationName = PROD;
		};
		8C37260B653D1411E62DAF01 /* Build configuration list for PBXNativeTarget "DevAppTests" */ = {
			isa = XCConfigurationList;
			buildConfigurations = (
				1B0D19713F9F820A71EB0814 /* DEV */,
				F04C78CD00614C62A1C8D291 /* PROD */,
				F47476793D163C6DB5B6163E /* STAGE */,
				34CD87472EBFEF910DCBCF46 /* TEST */,
			);
			defaultConfigurationIsVisible = 0;
			defaultConfigurationName = PROD;
		};
		B3FD05C59F197F398A0B04AB /* Build configuration list for PBXProject "App" */ = {
			isa = XCConfigurationList;
			buildConfigurations = (
				9EB10410B93F260D48AF1237 /* DEV */,
				CAEB130E3123C720677F0AEB /* PROD */,
				76E7B20CE2B35A488859546E /* STAGE */,
				86BC1FC0E0A2EB70FD4C4482 /* TEST */,
			);
			defaultConfigurationIsVisible = 0;
			defaultConfigurationName = PROD;
		};
		FFC1863BD4026D2C17CBE82B /* Build configuration list for PBXNativeTarget "App" */ = {
			isa = XCConfigurationList;
			buildConfigurations = (
				F072CB8E88554A5A72E8EDA4 /* DEV */,
				A65146DF4F483AFFC37D3776 /* PROD */,
				2821D3D0CC5FD5E8DFDC4472 /* STAGE */,
				F9AF33643A66A8BA95B63306 /* TEST */,
			);
			defaultConfigurationIsVisible = 0;
			defaultConfigurationName = PROD;
		};
/* End XCConfigurationList section */
	};
	rootObject = 6B590BF25178DC7D824D09CE /* Project object */;
}
