// !$*UTF8*$!
{
	archiveVersion = 1;
	classes = {
	};
	objectVersion = 52;
	objects = {

/* Begin PBXBuildFile section */
		1C5155DB97579A1E6957DDE3 /* Tests.swift in Sources */ = {isa = PBXBuildFile; fileRef = 77B7B0E83B8C45ECB6DC3242 /* Tests.swift */; };
		3C50F782B80A4C363208AB1A /* Features.framework in Frameworks */ = {isa = PBXBuildFile; fileRef = 3F0430CE3B860F8EEB3DBC31 /* Features.framework */; };
		638A8BDBBBFFC473CC9A9968 /* InjectionManager.swift in Sources */ = {isa = PBXBuildFile; fileRef = 07247380C97216606FE67E13 /* InjectionManager.swift */; };
		80B8D2D3679AA42C70910E61 /* Features.framework in Frameworks */ = {isa = PBXBuildFile; fileRef = 3F0430CE3B860F8EEB3DBC31 /* Features.framework */; };
		80C13F38D70DC722A70B4C9F /* CoreKit.framework in Frameworks */ = {isa = PBXBuildFile; fileRef = 7334DE1B611BB89153A5821E /* CoreKit.framework */; };
		A0C724E595A7A8CDAB3C6212 /* CoreKit.framework in Frameworks */ = {isa = PBXBuildFile; fileRef = 7334DE1B611BB89153A5821E /* CoreKit.framework */; };
		CE5932206705837D7774EC17 /* RepositoryInjectManager.swift in Sources */ = {isa = PBXBuildFile; fileRef = A34E46AE4AA1E096B57EF979 /* RepositoryInjectManager.swift */; };
		D38B23144BEBB0CFB29F046A /* RepositoryInjectManager.framework in Frameworks */ = {isa = PBXBuildFile; fileRef = 7579CBD5731F59899F023CF3 /* RepositoryInjectManager.framework */; };
/* End PBXBuildFile section */

/* Begin PBXContainerItemProxy section */
		24D42EC051BB86FBD9B3E373 /* PBXContainerItemProxy */ = {
			isa = PBXContainerItemProxy;
			containerPortal = 26AE95522B4F119E3EB1B11E /* Project object */;
			proxyType = 1;
			remoteGlobalIDString = DEBC7668CF142A5A8DF7DD7D;
			remoteInfo = RepositoryInjectManager;
		};
/* End PBXContainerItemProxy section */

/* Begin PBXCopyFilesBuildPhase section */
		3CE43354C9F10780011E1DF7 /* Embed Frameworks */ = {
			isa = PBXCopyFilesBuildPhase;
			buildActionMask = 2147483647;
			dstPath = "";
			dstSubfolderSpec = 10;
			files = (
			);
			name = "Embed Frameworks";
			runOnlyForDeploymentPostprocessing = 0;
		};
		6255440E140050BE4D01FD71 /* Embed Frameworks */ = {
			isa = PBXCopyFilesBuildPhase;
			buildActionMask = 2147483647;
			dstPath = "";
			dstSubfolderSpec = 10;
			files = (
			);
			name = "Embed Frameworks";
			runOnlyForDeploymentPostprocessing = 0;
		};
/* End PBXCopyFilesBuildPhase section */

/* Begin PBXFileReference section */
		07247380C97216606FE67E13 /* InjectionManager.swift */ = {isa = PBXFileReference; lastKnownFileType = sourcecode.swift; path = InjectionManager.swift; sourceTree = "<group>"; };
		195A2F6E47F50493910E8216 /* RepositoryInjectManager-STAGE.xcconfig */ = {isa = PBXFileReference; lastKnownFileType = text.xcconfig; path = "RepositoryInjectManager-STAGE.xcconfig"; sourceTree = "<group>"; };
		1D6F50AB9F6FFBF5739B1AA6 /* RepositoryInjectManagerTests.plist */ = {isa = PBXFileReference; lastKnownFileType = text.plist; path = RepositoryInjectManagerTests.plist; sourceTree = "<group>"; };
		3F0430CE3B860F8EEB3DBC31 /* Features.framework */ = {isa = PBXFileReference; explicitFileType = wrapper.framework; includeInIndex = 0; path = Features.framework; sourceTree = BUILT_PRODUCTS_DIR; };
		4021AE722E25E9BCD4ECB9BF /* RepositoryInjectManager-TEST.xcconfig */ = {isa = PBXFileReference; lastKnownFileType = text.xcconfig; path = "RepositoryInjectManager-TEST.xcconfig"; sourceTree = "<group>"; };
		440214405F7CE4C82D87612D /* RepositoryInjectManager-PROD.xcconfig */ = {isa = PBXFileReference; lastKnownFileType = text.xcconfig; path = "RepositoryInjectManager-PROD.xcconfig"; sourceTree = "<group>"; };
		4B6404B68587B8558D4EB8B4 /* RepositoryInjectManager.plist */ = {isa = PBXFileReference; lastKnownFileType = text.plist; path = RepositoryInjectManager.plist; sourceTree = "<group>"; };
		682E6C33188EEFDABD928AD9 /* RepositoryInjectManagerTests.xctest */ = {isa = PBXFileReference; explicitFileType = wrapper.cfbundle; includeInIndex = 0; path = RepositoryInjectManagerTests.xctest; sourceTree = BUILT_PRODUCTS_DIR; };
		7334DE1B611BB89153A5821E /* CoreKit.framework */ = {isa = PBXFileReference; explicitFileType = wrapper.framework; includeInIndex = 0; path = CoreKit.framework; sourceTree = BUILT_PRODUCTS_DIR; };
		7579CBD5731F59899F023CF3 /* RepositoryInjectManager.framework */ = {isa = PBXFileReference; explicitFileType = wrapper.framework; includeInIndex = 0; path = RepositoryInjectManager.framework; sourceTree = BUILT_PRODUCTS_DIR; };
		77B7B0E83B8C45ECB6DC3242 /* Tests.swift */ = {isa = PBXFileReference; lastKnownFileType = sourcecode.swift; path = Tests.swift; sourceTree = "<group>"; };
		A34E46AE4AA1E096B57EF979 /* RepositoryInjectManager.swift */ = {isa = PBXFileReference; lastKnownFileType = sourcecode.swift; path = RepositoryInjectManager.swift; sourceTree = "<group>"; };
		F74C368B501AE30F480ECA3A /* RepositoryInjectManager-DEV.xcconfig */ = {isa = PBXFileReference; lastKnownFileType = text.xcconfig; path = "RepositoryInjectManager-DEV.xcconfig"; sourceTree = "<group>"; };
/* End PBXFileReference section */

/* Begin PBXFrameworksBuildPhase section */
		0FBA57F62A6EF3A470DE7FFC /* Frameworks */ = {
			isa = PBXFrameworksBuildPhase;
			buildActionMask = 2147483647;
			files = (
				A0C724E595A7A8CDAB3C6212 /* CoreKit.framework in Frameworks */,
				80B8D2D3679AA42C70910E61 /* Features.framework in Frameworks */,
			);
			runOnlyForDeploymentPostprocessing = 0;
		};
		8F53EFC04DFC5ABF9B52AC2B /* Frameworks */ = {
			isa = PBXFrameworksBuildPhase;
			buildActionMask = 2147483647;
			files = (
				80C13F38D70DC722A70B4C9F /* CoreKit.framework in Frameworks */,
				3C50F782B80A4C363208AB1A /* Features.framework in Frameworks */,
				D38B23144BEBB0CFB29F046A /* RepositoryInjectManager.framework in Frameworks */,
			);
			runOnlyForDeploymentPostprocessing = 0;
		};
/* End PBXFrameworksBuildPhase section */

/* Begin PBXGroup section */
		32CFC8E2AC3609D4FA9B53DE /* Derived */ = {
			isa = PBXGroup;
			children = (
				EE9A5C1D9E92D6F4EEE274E5 /* InfoPlists */,
			);
			path = Derived;
			sourceTree = "<group>";
		};
		554E4CC063171A50070BF61F /* Products */ = {
			isa = PBXGroup;
			children = (
				7334DE1B611BB89153A5821E /* CoreKit.framework */,
				3F0430CE3B860F8EEB3DBC31 /* Features.framework */,
				7579CBD5731F59899F023CF3 /* RepositoryInjectManager.framework */,
				682E6C33188EEFDABD928AD9 /* RepositoryInjectManagerTests.xctest */,
			);
			name = Products;
			sourceTree = "<group>";
		};
		744CA835F95916E24FDE6623 /* Tests */ = {
			isa = PBXGroup;
			children = (
				77B7B0E83B8C45ECB6DC3242 /* Tests.swift */,
			);
			path = Tests;
			sourceTree = "<group>";
		};
		7C6C22C9CDBFCD425E6A0AFC /* Sources */ = {
			isa = PBXGroup;
			children = (
				07247380C97216606FE67E13 /* InjectionManager.swift */,
				A34E46AE4AA1E096B57EF979 /* RepositoryInjectManager.swift */,
			);
			path = Sources;
			sourceTree = "<group>";
		};
		8852BE260CD059C234B9B2FC /* RepositoryInjectManager */ = {
			isa = PBXGroup;
			children = (
				F74C368B501AE30F480ECA3A /* RepositoryInjectManager-DEV.xcconfig */,
				440214405F7CE4C82D87612D /* RepositoryInjectManager-PROD.xcconfig */,
				195A2F6E47F50493910E8216 /* RepositoryInjectManager-STAGE.xcconfig */,
				4021AE722E25E9BCD4ECB9BF /* RepositoryInjectManager-TEST.xcconfig */,
			);
			path = RepositoryInjectManager;
			sourceTree = "<group>";
		};
		8D277A3FB4ED7F8F7CF2E222 /* Project */ = {
			isa = PBXGroup;
			children = (
				32CFC8E2AC3609D4FA9B53DE /* Derived */,
				7C6C22C9CDBFCD425E6A0AFC /* Sources */,
				744CA835F95916E24FDE6623 /* Tests */,
				A7029E52C2BD14A62202FA99 /* XCConfig */,
			);
			name = Project;
			sourceTree = "<group>";
		};
		A7029E52C2BD14A62202FA99 /* XCConfig */ = {
			isa = PBXGroup;
			children = (
				8852BE260CD059C234B9B2FC /* RepositoryInjectManager */,
			);
			name = XCConfig;
			path = ../../../XCConfig;
			sourceTree = "<group>";
		};
		A977BA8FABB54745F2684A0A = {
			isa = PBXGroup;
			children = (
				8D277A3FB4ED7F8F7CF2E222 /* Project */,
				DC9998AB6946C9B302542F0E /* Frameworks */,
				554E4CC063171A50070BF61F /* Products */,
			);
			sourceTree = "<group>";
		};
		DC9998AB6946C9B302542F0E /* Frameworks */ = {
			isa = PBXGroup;
			children = (
			);
			name = Frameworks;
			sourceTree = "<group>";
		};
		EE9A5C1D9E92D6F4EEE274E5 /* InfoPlists */ = {
			isa = PBXGroup;
			children = (
				4B6404B68587B8558D4EB8B4 /* RepositoryInjectManager.plist */,
				1D6F50AB9F6FFBF5739B1AA6 /* RepositoryInjectManagerTests.plist */,
			);
			path = InfoPlists;
			sourceTree = "<group>";
		};
/* End PBXGroup section */

/* Begin PBXNativeTarget section */
		8403D01C7EC408E8C0C46748 /* RepositoryInjectManagerTests */ = {
			isa = PBXNativeTarget;
			buildConfigurationList = 40559CEFBED665DC63B165AF /* Build configuration list for PBXNativeTarget "RepositoryInjectManagerTests" */;
			buildPhases = (
				04B87F97D96086A927E4EB99 /* Sources */,
				516B51912D221D352565AACD /* Resources */,
				C5A22498B010B9B1FA30D971 /* Embed Precompiled Frameworks */,
				6255440E140050BE4D01FD71 /* Embed Frameworks */,
				8F53EFC04DFC5ABF9B52AC2B /* Frameworks */,
			);
			buildRules = (
			);
			dependencies = (
				722551E735B1BFFB6FA4CC2D /* PBXTargetDependency */,
			);
			name = RepositoryInjectManagerTests;
			productName = RepositoryInjectManagerTests;
			productReference = 682E6C33188EEFDABD928AD9 /* RepositoryInjectManagerTests.xctest */;
			productType = "com.apple.product-type.bundle.unit-test";
		};
		DEBC7668CF142A5A8DF7DD7D /* RepositoryInjectManager */ = {
			isa = PBXNativeTarget;
			buildConfigurationList = 9DBB776227DD0084F17462C4 /* Build configuration list for PBXNativeTarget "RepositoryInjectManager" */;
			buildPhases = (
				35F16FA9903A75293C95A0B3 /* Sources */,
				8EF654B6B40BDD0AE05F957C /* Resources */,
				95708F68CBE3892FA333738B /* Embed Precompiled Frameworks */,
				3CE43354C9F10780011E1DF7 /* Embed Frameworks */,
				0FBA57F62A6EF3A470DE7FFC /* Frameworks */,
			);
			buildRules = (
			);
			dependencies = (
			);
			name = RepositoryInjectManager;
			productName = RepositoryInjectManager;
			productReference = 7579CBD5731F59899F023CF3 /* RepositoryInjectManager.framework */;
			productType = "com.apple.product-type.framework";
		};
/* End PBXNativeTarget section */

/* Begin PBXProject section */
		26AE95522B4F119E3EB1B11E /* Project object */ = {
			isa = PBXProject;
			attributes = {
				ORGANIZATIONNAME = minsone;
				TargetAttributes = {
				};
			};
			buildConfigurationList = E53AB66DFA8B45D03D0B975A /* Build configuration list for PBXProject "RepositoryInjectManager" */;
			compatibilityVersion = "Xcode 9.3";
			developmentRegion = en;
			hasScannedForEncodings = 0;
			knownRegions = (
				Base,
				en,
			);
			mainGroup = A977BA8FABB54745F2684A0A;
			productRefGroup = 554E4CC063171A50070BF61F /* Products */;
			projectDirPath = "";
			projectRoot = "";
			targets = (
				DEBC7668CF142A5A8DF7DD7D /* RepositoryInjectManager */,
				8403D01C7EC408E8C0C46748 /* RepositoryInjectManagerTests */,
			);
		};
/* End PBXProject section */

/* Begin PBXResourcesBuildPhase section */
		516B51912D221D352565AACD /* Resources */ = {
			isa = PBXResourcesBuildPhase;
			buildActionMask = 2147483647;
			files = (
			);
			runOnlyForDeploymentPostprocessing = 0;
		};
		8EF654B6B40BDD0AE05F957C /* Resources */ = {
			isa = PBXResourcesBuildPhase;
			buildActionMask = 2147483647;
			files = (
			);
			runOnlyForDeploymentPostprocessing = 0;
		};
/* End PBXResourcesBuildPhase section */

/* Begin PBXShellScriptBuildPhase section */
		95708F68CBE3892FA333738B /* Embed Precompiled Frameworks */ = {
			isa = PBXShellScriptBuildPhase;
			buildActionMask = 2147483647;
			files = (
			);
			inputPaths = (
			);
			name = "Embed Precompiled Frameworks";
			outputPaths = (
			);
			runOnlyForDeploymentPostprocessing = 0;
			shellPath = /bin/sh;
			shellScript = "echo \"Skipping, nothing to be embedded.\"";
		};
		C5A22498B010B9B1FA30D971 /* Embed Precompiled Frameworks */ = {
			isa = PBXShellScriptBuildPhase;
			buildActionMask = 2147483647;
			files = (
			);
			inputPaths = (
			);
			name = "Embed Precompiled Frameworks";
			outputPaths = (
			);
			runOnlyForDeploymentPostprocessing = 0;
			shellPath = /bin/sh;
			shellScript = "echo \"Skipping, nothing to be embedded.\"";
		};
/* End PBXShellScriptBuildPhase section */

/* Begin PBXSourcesBuildPhase section */
		04B87F97D96086A927E4EB99 /* Sources */ = {
			isa = PBXSourcesBuildPhase;
			buildActionMask = 2147483647;
			files = (
				1C5155DB97579A1E6957DDE3 /* Tests.swift in Sources */,
			);
			runOnlyForDeploymentPostprocessing = 0;
		};
		35F16FA9903A75293C95A0B3 /* Sources */ = {
			isa = PBXSourcesBuildPhase;
			buildActionMask = 2147483647;
			files = (
				638A8BDBBBFFC473CC9A9968 /* InjectionManager.swift in Sources */,
				CE5932206705837D7774EC17 /* RepositoryInjectManager.swift in Sources */,
			);
			runOnlyForDeploymentPostprocessing = 0;
		};
/* End PBXSourcesBuildPhase section */

/* Begin PBXTargetDependency section */
		722551E735B1BFFB6FA4CC2D /* PBXTargetDependency */ = {
			isa = PBXTargetDependency;
			name = RepositoryInjectManager;
			target = DEBC7668CF142A5A8DF7DD7D /* RepositoryInjectManager */;
			targetProxy = 24D42EC051BB86FBD9B3E373 /* PBXContainerItemProxy */;
		};
/* End PBXTargetDependency section */

/* Begin XCBuildConfiguration section */
		11CCC75704A8BA0E42E06017 /* TEST */ = {
			isa = XCBuildConfiguration;
			buildSettings = {
				CODE_SIGN_IDENTITY = "";
				CURRENT_PROJECT_VERSION = 1;
				DEFINES_MODULE = YES;
				DYLIB_COMPATIBILITY_VERSION = 1;
				DYLIB_CURRENT_VERSION = 1;
				DYLIB_INSTALL_NAME_BASE = "@rpath";
				INFOPLIST_FILE = Derived/InfoPlists/RepositoryInjectManager.plist;
				INSTALL_PATH = "$(LOCAL_LIBRARY_DIR)/Frameworks";
				IPHONEOS_DEPLOYMENT_TARGET = 13.0;
				LD_RUNPATH_SEARCH_PATHS = (
					"$(inherited)",
					"@executable_path/Frameworks",
					"@loader_path/Frameworks",
				);
				MACH_O_TYPE = staticlib;
				PRODUCT_BUNDLE_IDENTIFIER = kr.minsone.RepositoryInjectManager;
				PRODUCT_NAME = RepositoryInjectManager;
				SDKROOT = iphoneos;
				SKIP_INSTALL = YES;
				SUPPORTED_PLATFORMS = "iphonesimulator iphoneos";
				SWIFT_ACTIVE_COMPILATION_CONDITIONS = DEBUG;
				SWIFT_COMPILATION_MODE = singlefile;
				SWIFT_OPTIMIZATION_LEVEL = "-Onone";
				SWIFT_VERSION = 5.4.2;
				TARGETED_DEVICE_FAMILY = 1;
				VERSIONING_SYSTEM = "apple-generic";
				VERSION_INFO_PREFIX = "";
			};
			name = TEST;
		};
		17D5CB1257811315ADC1D623 /* TEST */ = {
			isa = XCBuildConfiguration;
			baseConfigurationReference = 4021AE722E25E9BCD4ECB9BF /* RepositoryInjectManager-TEST.xcconfig */;
			buildSettings = {
				ALWAYS_SEARCH_USER_PATHS = NO;
				CLANG_ANALYZER_NONNULL = YES;
				CLANG_ANALYZER_NUMBER_OBJECT_CONVERSION = YES_AGGRESSIVE;
				CLANG_CXX_LANGUAGE_STANDARD = "gnu++14";
				CLANG_CXX_LIBRARY = "libc++";
				CLANG_ENABLE_MODULES = YES;
				CLANG_ENABLE_OBJC_ARC = YES;
				CLANG_ENABLE_OBJC_WEAK = YES;
				CLANG_WARN_BLOCK_CAPTURE_AUTORELEASING = YES;
				CLANG_WARN_BOOL_CONVERSION = YES;
				CLANG_WARN_COMMA = YES;
				CLANG_WARN_CONSTANT_CONVERSION = YES;
				CLANG_WARN_DEPRECATED_OBJC_IMPLEMENTATIONS = YES;
				CLANG_WARN_DIRECT_OBJC_ISA_USAGE = YES_ERROR;
				CLANG_WARN_DOCUMENTATION_COMMENTS = YES;
				CLANG_WARN_EMPTY_BODY = YES;
				CLANG_WARN_ENUM_CONVERSION = YES;
				CLANG_WARN_INFINITE_RECURSION = YES;
				CLANG_WARN_INT_CONVERSION = YES;
				CLANG_WARN_NON_LITERAL_NULL_CONVERSION = YES;
				CLANG_WARN_OBJC_IMPLICIT_RETAIN_SELF = YES;
				CLANG_WARN_OBJC_LITERAL_CONVERSION = YES;
				CLANG_WARN_OBJC_ROOT_CLASS = YES_ERROR;
				CLANG_WARN_QUOTED_INCLUDE_IN_FRAMEWORK_HEADER = YES;
				CLANG_WARN_RANGE_LOOP_ANALYSIS = YES;
				CLANG_WARN_STRICT_PROTOTYPES = YES;
				CLANG_WARN_SUSPICIOUS_MOVE = YES;
				CLANG_WARN_UNGUARDED_AVAILABILITY = YES_AGGRESSIVE;
				CLANG_WARN_UNREACHABLE_CODE = YES;
				CLANG_WARN__DUPLICATE_METHOD_MATCH = YES;
				CODE_SIGNING_REQUIRED = NO;
				CODE_SIGN_IDENTITY = "";
				COPY_PHASE_STRIP = NO;
				DEBUG_INFORMATION_FORMAT = dwarf;
				ENABLE_STRICT_OBJC_MSGSEND = YES;
				ENABLE_TESTABILITY = YES;
				GCC_C_LANGUAGE_STANDARD = gnu11;
				GCC_DYNAMIC_NO_PIC = NO;
				GCC_NO_COMMON_BLOCKS = YES;
				GCC_OPTIMIZATION_LEVEL = 0;
				GCC_PREPROCESSOR_DEFINITIONS = (
					"DEBUG=1",
					"$(inherited)",
				);
				GCC_WARN_64_TO_32_BIT_CONVERSION = YES;
				GCC_WARN_ABOUT_RETURN_TYPE = YES_ERROR;
				GCC_WARN_UNDECLARED_SELECTOR = YES;
				GCC_WARN_UNINITIALIZED_AUTOS = YES_AGGRESSIVE;
				GCC_WARN_UNUSED_FUNCTION = YES;
				GCC_WARN_UNUSED_VARIABLE = YES;
				MTL_ENABLE_DEBUG_INFO = YES;
				ONLY_ACTIVE_ARCH = YES;
				PRODUCT_NAME = "$(TARGET_NAME)";
			};
			name = TEST;
		};
		321E0E13C62966A2F759C8C2 /* STAGE */ = {
			isa = XCBuildConfiguration;
			baseConfigurationReference = 195A2F6E47F50493910E8216 /* RepositoryInjectManager-STAGE.xcconfig */;
			buildSettings = {
				ALWAYS_SEARCH_USER_PATHS = NO;
				CLANG_ANALYZER_NONNULL = YES;
				CLANG_ANALYZER_NUMBER_OBJECT_CONVERSION = YES_AGGRESSIVE;
				CLANG_CXX_LANGUAGE_STANDARD = "gnu++14";
				CLANG_CXX_LIBRARY = "libc++";
				CLANG_ENABLE_MODULES = YES;
				CLANG_ENABLE_OBJC_ARC = YES;
				CLANG_ENABLE_OBJC_WEAK = YES;
				CLANG_WARN_BLOCK_CAPTURE_AUTORELEASING = YES;
				CLANG_WARN_BOOL_CONVERSION = YES;
				CLANG_WARN_COMMA = YES;
				CLANG_WARN_CONSTANT_CONVERSION = YES;
				CLANG_WARN_DEPRECATED_OBJC_IMPLEMENTATIONS = YES;
				CLANG_WARN_DIRECT_OBJC_ISA_USAGE = YES_ERROR;
				CLANG_WARN_DOCUMENTATION_COMMENTS = YES;
				CLANG_WARN_EMPTY_BODY = YES;
				CLANG_WARN_ENUM_CONVERSION = YES;
				CLANG_WARN_INFINITE_RECURSION = YES;
				CLANG_WARN_INT_CONVERSION = YES;
				CLANG_WARN_NON_LITERAL_NULL_CONVERSION = YES;
				CLANG_WARN_OBJC_IMPLICIT_RETAIN_SELF = YES;
				CLANG_WARN_OBJC_LITERAL_CONVERSION = YES;
				CLANG_WARN_OBJC_ROOT_CLASS = YES_ERROR;
				CLANG_WARN_QUOTED_INCLUDE_IN_FRAMEWORK_HEADER = YES;
				CLANG_WARN_RANGE_LOOP_ANALYSIS = YES;
				CLANG_WARN_STRICT_PROTOTYPES = YES;
				CLANG_WARN_SUSPICIOUS_MOVE = YES;
				CLANG_WARN_UNGUARDED_AVAILABILITY = YES_AGGRESSIVE;
				CLANG_WARN_UNREACHABLE_CODE = YES;
				CLANG_WARN__DUPLICATE_METHOD_MATCH = YES;
				CODE_SIGNING_REQUIRED = NO;
				CODE_SIGN_IDENTITY = "";
				COPY_PHASE_STRIP = NO;
				DEBUG_INFORMATION_FORMAT = dwarf;
				ENABLE_STRICT_OBJC_MSGSEND = YES;
				ENABLE_TESTABILITY = YES;
				GCC_C_LANGUAGE_STANDARD = gnu11;
				GCC_DYNAMIC_NO_PIC = NO;
				GCC_NO_COMMON_BLOCKS = YES;
				GCC_OPTIMIZATION_LEVEL = 0;
				GCC_PREPROCESSOR_DEFINITIONS = (
					"DEBUG=1",
					"$(inherited)",
				);
				GCC_WARN_64_TO_32_BIT_CONVERSION = YES;
				GCC_WARN_ABOUT_RETURN_TYPE = YES_ERROR;
				GCC_WARN_UNDECLARED_SELECTOR = YES;
				GCC_WARN_UNINITIALIZED_AUTOS = YES_AGGRESSIVE;
				GCC_WARN_UNUSED_FUNCTION = YES;
				GCC_WARN_UNUSED_VARIABLE = YES;
				MTL_ENABLE_DEBUG_INFO = YES;
				ONLY_ACTIVE_ARCH = YES;
				PRODUCT_NAME = "$(TARGET_NAME)";
			};
			name = STAGE;
		};
		342A8EED149B79939E2CEA4C /* STAGE */ = {
			isa = XCBuildConfiguration;
			buildSettings = {
				CODE_SIGN_IDENTITY = "iPhone Developer";
				INFOPLIST_FILE = Derived/InfoPlists/RepositoryInjectManagerTests.plist;
				IPHONEOS_DEPLOYMENT_TARGET = 13.0;
				LD_RUNPATH_SEARCH_PATHS = (
					"$(inherited)",
					"$(SRCROOT)/../../../Vendor/DesignSystem",
					"@executable_path/Frameworks",
					"@loader_path/Frameworks",
				);
				PRODUCT_BUNDLE_IDENTIFIER = kr.minsone.RepositoryInjectManagerTests;
				PRODUCT_NAME = RepositoryInjectManagerTests;
				SDKROOT = iphoneos;
				SUPPORTED_PLATFORMS = "iphonesimulator iphoneos";
				SWIFT_ACTIVE_COMPILATION_CONDITIONS = DEBUG;
				SWIFT_COMPILATION_MODE = singlefile;
				SWIFT_OPTIMIZATION_LEVEL = "-Onone";
				SWIFT_VERSION = 5.4.2;
				TARGETED_DEVICE_FAMILY = 1;
			};
			name = STAGE;
		};
		38C0CDF4A1247E059527CD6D /* PROD */ = {
			isa = XCBuildConfiguration;
			buildSettings = {
				CODE_SIGN_IDENTITY = "";
				CURRENT_PROJECT_VERSION = 1;
				DEFINES_MODULE = YES;
				DYLIB_COMPATIBILITY_VERSION = 1;
				DYLIB_CURRENT_VERSION = 1;
				DYLIB_INSTALL_NAME_BASE = "@rpath";
				INFOPLIST_FILE = Derived/InfoPlists/RepositoryInjectManager.plist;
				INSTALL_PATH = "$(LOCAL_LIBRARY_DIR)/Frameworks";
				IPHONEOS_DEPLOYMENT_TARGET = 13.0;
				LD_RUNPATH_SEARCH_PATHS = (
					"$(inherited)",
					"@executable_path/Frameworks",
					"@loader_path/Frameworks",
				);
				MACH_O_TYPE = staticlib;
				PRODUCT_BUNDLE_IDENTIFIER = kr.minsone.RepositoryInjectManager;
				PRODUCT_NAME = RepositoryInjectManager;
				SDKROOT = iphoneos;
				SKIP_INSTALL = YES;
				SUPPORTED_PLATFORMS = "iphonesimulator iphoneos";
				SWIFT_COMPILATION_MODE = wholemodule;
				SWIFT_OPTIMIZATION_LEVEL = "-Owholemodule";
				SWIFT_VERSION = 5.4.2;
				TARGETED_DEVICE_FAMILY = 1;
				VERSIONING_SYSTEM = "apple-generic";
				VERSION_INFO_PREFIX = "";
			};
			name = PROD;
		};
		7AA10D4A7F5B476EC59CFE73 /* TEST */ = {
			isa = XCBuildConfiguration;
			buildSettings = {
				CODE_SIGN_IDENTITY = "iPhone Developer";
				INFOPLIST_FILE = Derived/InfoPlists/RepositoryInjectManagerTests.plist;
				IPHONEOS_DEPLOYMENT_TARGET = 13.0;
				LD_RUNPATH_SEARCH_PATHS = (
					"$(inherited)",
					"$(SRCROOT)/../../../Vendor/DesignSystem",
					"@executable_path/Frameworks",
					"@loader_path/Frameworks",
				);
				PRODUCT_BUNDLE_IDENTIFIER = kr.minsone.RepositoryInjectManagerTests;
				PRODUCT_NAME = RepositoryInjectManagerTests;
				SDKROOT = iphoneos;
				SUPPORTED_PLATFORMS = "iphonesimulator iphoneos";
				SWIFT_ACTIVE_COMPILATION_CONDITIONS = DEBUG;
				SWIFT_COMPILATION_MODE = singlefile;
				SWIFT_OPTIMIZATION_LEVEL = "-Onone";
				SWIFT_VERSION = 5.4.2;
				TARGETED_DEVICE_FAMILY = 1;
			};
			name = TEST;
		};
		84B2CCF9D043BC1A38382D70 /* DEV */ = {
			isa = XCBuildConfiguration;
			buildSettings = {
				CODE_SIGN_IDENTITY = "";
				CURRENT_PROJECT_VERSION = 1;
				DEFINES_MODULE = YES;
				DYLIB_COMPATIBILITY_VERSION = 1;
				DYLIB_CURRENT_VERSION = 1;
				DYLIB_INSTALL_NAME_BASE = "@rpath";
				INFOPLIST_FILE = Derived/InfoPlists/RepositoryInjectManager.plist;
				INSTALL_PATH = "$(LOCAL_LIBRARY_DIR)/Frameworks";
				IPHONEOS_DEPLOYMENT_TARGET = 13.0;
				LD_RUNPATH_SEARCH_PATHS = (
					"$(inherited)",
					"@executable_path/Frameworks",
					"@loader_path/Frameworks",
				);
				MACH_O_TYPE = staticlib;
				PRODUCT_BUNDLE_IDENTIFIER = kr.minsone.RepositoryInjectManager;
				PRODUCT_NAME = RepositoryInjectManager;
				SDKROOT = iphoneos;
				SKIP_INSTALL = YES;
				SUPPORTED_PLATFORMS = "iphonesimulator iphoneos";
				SWIFT_ACTIVE_COMPILATION_CONDITIONS = DEBUG;
				SWIFT_COMPILATION_MODE = singlefile;
				SWIFT_OPTIMIZATION_LEVEL = "-Onone";
				SWIFT_VERSION = 5.4.2;
				TARGETED_DEVICE_FAMILY = 1;
				VERSIONING_SYSTEM = "apple-generic";
				VERSION_INFO_PREFIX = "";
			};
			name = DEV;
		};
		9638E372BFC93D20E7636962 /* PROD */ = {
			isa = XCBuildConfiguration;
			buildSettings = {
				CODE_SIGN_IDENTITY = "iPhone Developer";
				INFOPLIST_FILE = Derived/InfoPlists/RepositoryInjectManagerTests.plist;
				IPHONEOS_DEPLOYMENT_TARGET = 13.0;
				LD_RUNPATH_SEARCH_PATHS = (
					"$(inherited)",
					"$(SRCROOT)/../../../Vendor/DesignSystem",
					"@executable_path/Frameworks",
					"@loader_path/Frameworks",
				);
				PRODUCT_BUNDLE_IDENTIFIER = kr.minsone.RepositoryInjectManagerTests;
				PRODUCT_NAME = RepositoryInjectManagerTests;
				SDKROOT = iphoneos;
				SUPPORTED_PLATFORMS = "iphonesimulator iphoneos";
				SWIFT_COMPILATION_MODE = wholemodule;
				SWIFT_OPTIMIZATION_LEVEL = "-Owholemodule";
				SWIFT_VERSION = 5.4.2;
				TARGETED_DEVICE_FAMILY = 1;
			};
			name = PROD;
		};
		9936DC1A842AAF9767F47FEF /* DEV */ = {
			isa = XCBuildConfiguration;
			buildSettings = {
				CODE_SIGN_IDENTITY = "iPhone Developer";
				INFOPLIST_FILE = Derived/InfoPlists/RepositoryInjectManagerTests.plist;
				IPHONEOS_DEPLOYMENT_TARGET = 13.0;
				LD_RUNPATH_SEARCH_PATHS = (
					"$(inherited)",
					"$(SRCROOT)/../../../Vendor/DesignSystem",
					"@executable_path/Frameworks",
					"@loader_path/Frameworks",
				);
				PRODUCT_BUNDLE_IDENTIFIER = kr.minsone.RepositoryInjectManagerTests;
				PRODUCT_NAME = RepositoryInjectManagerTests;
				SDKROOT = iphoneos;
				SUPPORTED_PLATFORMS = "iphonesimulator iphoneos";
				SWIFT_ACTIVE_COMPILATION_CONDITIONS = DEBUG;
				SWIFT_COMPILATION_MODE = singlefile;
				SWIFT_OPTIMIZATION_LEVEL = "-Onone";
				SWIFT_VERSION = 5.4.2;
				TARGETED_DEVICE_FAMILY = 1;
			};
			name = DEV;
		};
		BE6EF957704544037D8A6AD3 /* PROD */ = {
			isa = XCBuildConfiguration;
			baseConfigurationReference = 440214405F7CE4C82D87612D /* RepositoryInjectManager-PROD.xcconfig */;
			buildSettings = {
				ALWAYS_SEARCH_USER_PATHS = NO;
				CLANG_ANALYZER_NONNULL = YES;
				CLANG_ANALYZER_NUMBER_OBJECT_CONVERSION = YES_AGGRESSIVE;
				CLANG_CXX_LANGUAGE_STANDARD = "gnu++14";
				CLANG_CXX_LIBRARY = "libc++";
				CLANG_ENABLE_MODULES = YES;
				CLANG_ENABLE_OBJC_ARC = YES;
				CLANG_ENABLE_OBJC_WEAK = YES;
				CLANG_WARN_BLOCK_CAPTURE_AUTORELEASING = YES;
				CLANG_WARN_BOOL_CONVERSION = YES;
				CLANG_WARN_COMMA = YES;
				CLANG_WARN_CONSTANT_CONVERSION = YES;
				CLANG_WARN_DEPRECATED_OBJC_IMPLEMENTATIONS = YES;
				CLANG_WARN_DIRECT_OBJC_ISA_USAGE = YES_ERROR;
				CLANG_WARN_DOCUMENTATION_COMMENTS = YES;
				CLANG_WARN_EMPTY_BODY = YES;
				CLANG_WARN_ENUM_CONVERSION = YES;
				CLANG_WARN_INFINITE_RECURSION = YES;
				CLANG_WARN_INT_CONVERSION = YES;
				CLANG_WARN_NON_LITERAL_NULL_CONVERSION = YES;
				CLANG_WARN_OBJC_IMPLICIT_RETAIN_SELF = YES;
				CLANG_WARN_OBJC_LITERAL_CONVERSION = YES;
				CLANG_WARN_OBJC_ROOT_CLASS = YES_ERROR;
				CLANG_WARN_QUOTED_INCLUDE_IN_FRAMEWORK_HEADER = YES;
				CLANG_WARN_RANGE_LOOP_ANALYSIS = YES;
				CLANG_WARN_STRICT_PROTOTYPES = YES;
				CLANG_WARN_SUSPICIOUS_MOVE = YES;
				CLANG_WARN_UNGUARDED_AVAILABILITY = YES_AGGRESSIVE;
				CLANG_WARN_UNREACHABLE_CODE = YES;
				CLANG_WARN__DUPLICATE_METHOD_MATCH = YES;
				CODE_SIGNING_REQUIRED = NO;
				CODE_SIGN_IDENTITY = "";
				COPY_PHASE_STRIP = NO;
				DEBUG_INFORMATION_FORMAT = "dwarf-with-dsym";
				ENABLE_NS_ASSERTIONS = NO;
				ENABLE_STRICT_OBJC_MSGSEND = YES;
				GCC_C_LANGUAGE_STANDARD = gnu11;
				GCC_NO_COMMON_BLOCKS = YES;
				GCC_WARN_64_TO_32_BIT_CONVERSION = YES;
				GCC_WARN_ABOUT_RETURN_TYPE = YES_ERROR;
				GCC_WARN_UNDECLARED_SELECTOR = YES;
				GCC_WARN_UNINITIALIZED_AUTOS = YES_AGGRESSIVE;
				GCC_WARN_UNUSED_FUNCTION = YES;
				GCC_WARN_UNUSED_VARIABLE = YES;
				MTL_ENABLE_DEBUG_INFO = NO;
				PRODUCT_NAME = "$(TARGET_NAME)";
				VALIDATE_PRODUCT = YES;
			};
			name = PROD;
		};
		C36E511520F4EF74BC9F1312 /* STAGE */ = {
			isa = XCBuildConfiguration;
			buildSettings = {
				CODE_SIGN_IDENTITY = "";
				CURRENT_PROJECT_VERSION = 1;
				DEFINES_MODULE = YES;
				DYLIB_COMPATIBILITY_VERSION = 1;
				DYLIB_CURRENT_VERSION = 1;
				DYLIB_INSTALL_NAME_BASE = "@rpath";
				INFOPLIST_FILE = Derived/InfoPlists/RepositoryInjectManager.plist;
				INSTALL_PATH = "$(LOCAL_LIBRARY_DIR)/Frameworks";
				IPHONEOS_DEPLOYMENT_TARGET = 13.0;
				LD_RUNPATH_SEARCH_PATHS = (
					"$(inherited)",
					"@executable_path/Frameworks",
					"@loader_path/Frameworks",
				);
				MACH_O_TYPE = staticlib;
				PRODUCT_BUNDLE_IDENTIFIER = kr.minsone.RepositoryInjectManager;
				PRODUCT_NAME = RepositoryInjectManager;
				SDKROOT = iphoneos;
				SKIP_INSTALL = YES;
				SUPPORTED_PLATFORMS = "iphonesimulator iphoneos";
				SWIFT_ACTIVE_COMPILATION_CONDITIONS = DEBUG;
				SWIFT_COMPILATION_MODE = singlefile;
				SWIFT_OPTIMIZATION_LEVEL = "-Onone";
				SWIFT_VERSION = 5.4.2;
				TARGETED_DEVICE_FAMILY = 1;
				VERSIONING_SYSTEM = "apple-generic";
				VERSION_INFO_PREFIX = "";
			};
			name = STAGE;
		};
		CD8802381038A4FB2184C86B /* DEV */ = {
			isa = XCBuildConfiguration;
			baseConfigurationReference = F74C368B501AE30F480ECA3A /* RepositoryInjectManager-DEV.xcconfig */;
			buildSettings = {
				ALWAYS_SEARCH_USER_PATHS = NO;
				CLANG_ANALYZER_NONNULL = YES;
				CLANG_ANALYZER_NUMBER_OBJECT_CONVERSION = YES_AGGRESSIVE;
				CLANG_CXX_LANGUAGE_STANDARD = "gnu++14";
				CLANG_CXX_LIBRARY = "libc++";
				CLANG_ENABLE_MODULES = YES;
				CLANG_ENABLE_OBJC_ARC = YES;
				CLANG_ENABLE_OBJC_WEAK = YES;
				CLANG_WARN_BLOCK_CAPTURE_AUTORELEASING = YES;
				CLANG_WARN_BOOL_CONVERSION = YES;
				CLANG_WARN_COMMA = YES;
				CLANG_WARN_CONSTANT_CONVERSION = YES;
				CLANG_WARN_DEPRECATED_OBJC_IMPLEMENTATIONS = YES;
				CLANG_WARN_DIRECT_OBJC_ISA_USAGE = YES_ERROR;
				CLANG_WARN_DOCUMENTATION_COMMENTS = YES;
				CLANG_WARN_EMPTY_BODY = YES;
				CLANG_WARN_ENUM_CONVERSION = YES;
				CLANG_WARN_INFINITE_RECURSION = YES;
				CLANG_WARN_INT_CONVERSION = YES;
				CLANG_WARN_NON_LITERAL_NULL_CONVERSION = YES;
				CLANG_WARN_OBJC_IMPLICIT_RETAIN_SELF = YES;
				CLANG_WARN_OBJC_LITERAL_CONVERSION = YES;
				CLANG_WARN_OBJC_ROOT_CLASS = YES_ERROR;
				CLANG_WARN_QUOTED_INCLUDE_IN_FRAMEWORK_HEADER = YES;
				CLANG_WARN_RANGE_LOOP_ANALYSIS = YES;
				CLANG_WARN_STRICT_PROTOTYPES = YES;
				CLANG_WARN_SUSPICIOUS_MOVE = YES;
				CLANG_WARN_UNGUARDED_AVAILABILITY = YES_AGGRESSIVE;
				CLANG_WARN_UNREACHABLE_CODE = YES;
				CLANG_WARN__DUPLICATE_METHOD_MATCH = YES;
				CODE_SIGNING_REQUIRED = NO;
				CODE_SIGN_IDENTITY = "";
				COPY_PHASE_STRIP = NO;
				DEBUG_INFORMATION_FORMAT = dwarf;
				ENABLE_STRICT_OBJC_MSGSEND = YES;
				ENABLE_TESTABILITY = YES;
				GCC_C_LANGUAGE_STANDARD = gnu11;
				GCC_DYNAMIC_NO_PIC = NO;
				GCC_NO_COMMON_BLOCKS = YES;
				GCC_OPTIMIZATION_LEVEL = 0;
				GCC_PREPROCESSOR_DEFINITIONS = (
					"DEBUG=1",
					"$(inherited)",
				);
				GCC_WARN_64_TO_32_BIT_CONVERSION = YES;
				GCC_WARN_ABOUT_RETURN_TYPE = YES_ERROR;
				GCC_WARN_UNDECLARED_SELECTOR = YES;
				GCC_WARN_UNINITIALIZED_AUTOS = YES_AGGRESSIVE;
				GCC_WARN_UNUSED_FUNCTION = YES;
				GCC_WARN_UNUSED_VARIABLE = YES;
				MTL_ENABLE_DEBUG_INFO = YES;
				ONLY_ACTIVE_ARCH = YES;
				PRODUCT_NAME = "$(TARGET_NAME)";
			};
			name = DEV;
		};
/* End XCBuildConfiguration section */

/* Begin XCConfigurationList section */
		40559CEFBED665DC63B165AF /* Build configuration list for PBXNativeTarget "RepositoryInjectManagerTests" */ = {
			isa = XCConfigurationList;
			buildConfigurations = (
				9936DC1A842AAF9767F47FEF /* DEV */,
				9638E372BFC93D20E7636962 /* PROD */,
				342A8EED149B79939E2CEA4C /* STAGE */,
				7AA10D4A7F5B476EC59CFE73 /* TEST */,
			);
			defaultConfigurationIsVisible = 0;
			defaultConfigurationName = PROD;
		};
		9DBB776227DD0084F17462C4 /* Build configuration list for PBXNativeTarget "RepositoryInjectManager" */ = {
			isa = XCConfigurationList;
			buildConfigurations = (
				84B2CCF9D043BC1A38382D70 /* DEV */,
				38C0CDF4A1247E059527CD6D /* PROD */,
				C36E511520F4EF74BC9F1312 /* STAGE */,
				11CCC75704A8BA0E42E06017 /* TEST */,
			);
			defaultConfigurationIsVisible = 0;
			defaultConfigurationName = PROD;
		};
		E53AB66DFA8B45D03D0B975A /* Build configuration list for PBXProject "RepositoryInjectManager" */ = {
			isa = XCConfigurationList;
			buildConfigurations = (
				CD8802381038A4FB2184C86B /* DEV */,
				BE6EF957704544037D8A6AD3 /* PROD */,
				321E0E13C62966A2F759C8C2 /* STAGE */,
				17D5CB1257811315ADC1D623 /* TEST */,
			);
			defaultConfigurationIsVisible = 0;
			defaultConfigurationName = PROD;
		};
/* End XCConfigurationList section */
	};
	rootObject = 26AE95522B4F119E3EB1B11E /* Project object */;
}
