// !$*UTF8*$!
{
	archiveVersion = 1;
	classes = {
	};
	objectVersion = 52;
	objects = {

/* Begin PBXBuildFile section */
		073E8781F856CD3071E33914 /* MONetworkAPIKit.framework in Frameworks */ = {isa = PBXBuildFile; fileRef = CA35D30353B4A2C310600C2B /* MONetworkAPIKit.framework */; platformFilter = ios; };
		0836B5C1116113176C6FBA6D /* Assets.xcassets in Resources */ = {isa = PBXBuildFile; fileRef = C6C520D0BAAEA9C94B6FD62F /* Assets.xcassets */; };
		0B84989711AAA12296E70C46 /* MONetworkAPIsTesting.framework in Frameworks */ = {isa = PBXBuildFile; fileRef = C864994F29B56FD5CC34897F /* MONetworkAPIsTesting.framework */; platformFilter = ios; };
		2AC1D8F8E3DB7BB988FF035C /* MONetworkAPIs.swift in Sources */ = {isa = PBXBuildFile; fileRef = 1F6759B95DDF31BF20B7DD96 /* MONetworkAPIs.swift */; };
		2FDE6474BB01E990B3CD4AE5 /* MONetworkAPIKit.framework in Dependencies */ = {isa = PBXBuildFile; fileRef = CA35D30353B4A2C310600C2B /* MONetworkAPIKit.framework */; platformFilter = ios; };
		4C1782A0692BB834F2EF5449 /* MONetworkAPIs.swift in Sources */ = {isa = PBXBuildFile; fileRef = 80450652F2146BB017944488 /* MONetworkAPIs.swift */; };
		5D020B8B6C18F5460074E46C /* AppDelegate.swift in Sources */ = {isa = PBXBuildFile; fileRef = 3B4C5A702261DF6BDD62F595 /* AppDelegate.swift */; };
		693C1687E40AC1C5D413F3D4 /* MOThirdPartyLibManager.framework in Frameworks */ = {isa = PBXBuildFile; fileRef = 1B1A37E3B0C0D4C4CC6B609D /* MOThirdPartyLibManager.framework */; platformFilter = ios; };
		77DD7FAB4F1BA0696061012F /* MOThirdPartyLibManager.framework in Embed Frameworks */ = {isa = PBXBuildFile; fileRef = 1B1A37E3B0C0D4C4CC6B609D /* MOThirdPartyLibManager.framework */; platformFilter = ios; settings = {ATTRIBUTES = (CodeSignOnCopy, RemoveHeadersOnCopy, ); }; };
		7B74E8524712E99C298ED0FC /* MONetworkAPIs.framework in Frameworks */ = {isa = PBXBuildFile; fileRef = 2CE1C33AF06B803F45C85B35 /* MONetworkAPIs.framework */; platformFilter = ios; };
		7CD7CCCFC5691152F02E01EE /* dummy.txt in Resources */ = {isa = PBXBuildFile; fileRef = A3E3DC3DE1AC0314D378FB5F /* dummy.txt */; };
		90FE18587F3636C1F2367A39 /* LaunchScreen.storyboard in Resources */ = {isa = PBXBuildFile; fileRef = 6F248A625059630890F09707 /* LaunchScreen.storyboard */; };
		A0FB51A707A0703E57D3B180 /* MONetworkAPIsTesting.framework in Embed Frameworks */ = {isa = PBXBuildFile; fileRef = C864994F29B56FD5CC34897F /* MONetworkAPIsTesting.framework */; platformFilter = ios; settings = {ATTRIBUTES = (CodeSignOnCopy, RemoveHeadersOnCopy, ); }; };
		B5AB69CCAE0AAF87C7B85459 /* Bundle+MONetworkAPIsTests.swift in Sources */ = {isa = PBXBuildFile; fileRef = B27454FD26C5997D9B857381 /* Bundle+MONetworkAPIsTests.swift */; };
		B8F7091AD5455B46B028A00F /* dummy.txt in Resources */ = {isa = PBXBuildFile; fileRef = 76E2F561867D8F58C1104649 /* dummy.txt */; };
		BF035CD904CAA6F21E47893E /* MONetworkAPIsTesting.framework in Frameworks */ = {isa = PBXBuildFile; fileRef = C864994F29B56FD5CC34897F /* MONetworkAPIsTesting.framework */; platformFilter = ios; };
		D9FCF7CC63711DE8AC8E1583 /* Bundle+MONetworkAPIsExample.swift in Sources */ = {isa = PBXBuildFile; fileRef = 704123933A110C1F83452686 /* Bundle+MONetworkAPIsExample.swift */; };
		ECE2213F2D551C16FD85DAED /* MONetworkAPIsTests.swift in Sources */ = {isa = PBXBuildFile; fileRef = 53D257B2E1AAFC52A6292EEA /* MONetworkAPIsTests.swift */; };
		ED24C0ED2B978B66C9835681 /* Bundle+MONetworkAPIsTesting.swift in Sources */ = {isa = PBXBuildFile; fileRef = F9FB18F5A8E82C077B4000BB /* Bundle+MONetworkAPIsTesting.swift */; };
/* End PBXBuildFile section */

/* Begin PBXContainerItemProxy section */
		3EE7CF0310E622F1248A314B /* PBXContainerItemProxy */ = {
			isa = PBXContainerItemProxy;
			containerPortal = 2413223580C2862DB48A4B09 /* Project object */;
			proxyType = 1;
			remoteGlobalIDString = 877D8E57B6162FE42918EE1F;
			remoteInfo = MONetworkAPIsTesting;
		};
		4DD1C61703B82F0122D4E8A3 /* PBXContainerItemProxy */ = {
			isa = PBXContainerItemProxy;
			containerPortal = 2413223580C2862DB48A4B09 /* Project object */;
			proxyType = 1;
			remoteGlobalIDString = ACF1E3C851154983DC1E8DE9;
			remoteInfo = MONetworkAPIs;
		};
		869418524ED64C2EEEC964FF /* PBXContainerItemProxy */ = {
			isa = PBXContainerItemProxy;
			containerPortal = 2413223580C2862DB48A4B09 /* Project object */;
			proxyType = 1;
			remoteGlobalIDString = 48FBD164713A2672A4A66BD5;
			remoteInfo = MONetworkAPIsExample;
		};
		E9BECEB2A385D9A4EF3C560E /* PBXContainerItemProxy */ = {
			isa = PBXContainerItemProxy;
			containerPortal = 2413223580C2862DB48A4B09 /* Project object */;
			proxyType = 1;
			remoteGlobalIDString = 877D8E57B6162FE42918EE1F;
			remoteInfo = MONetworkAPIsTesting;
		};
/* End PBXContainerItemProxy section */

/* Begin PBXCopyFilesBuildPhase section */
		49AA66ED05E1CD9D22D8F63C /* Embed Frameworks */ = {
			isa = PBXCopyFilesBuildPhase;
			buildActionMask = 2147483647;
			dstPath = "";
			dstSubfolderSpec = 10;
			files = (
			);
			name = "Embed Frameworks";
			runOnlyForDeploymentPostprocessing = 0;
		};
		87ECF243B1A86CE8FF4D33F5 /* Embed Frameworks */ = {
			isa = PBXCopyFilesBuildPhase;
			buildActionMask = 2147483647;
			dstPath = "";
			dstSubfolderSpec = 10;
			files = (
			);
			name = "Embed Frameworks";
			runOnlyForDeploymentPostprocessing = 0;
		};
		8DC6F34C0E79C2B04C04A8BD /* Embed Frameworks */ = {
			isa = PBXCopyFilesBuildPhase;
			buildActionMask = 2147483647;
			dstPath = "";
			dstSubfolderSpec = 10;
			files = (
			);
			name = "Embed Frameworks";
			runOnlyForDeploymentPostprocessing = 0;
		};
		BBEA9BBFD39A08BB870EB046 /* Dependencies */ = {
			isa = PBXCopyFilesBuildPhase;
			buildActionMask = 8;
			dstSubfolderSpec = 16;
			files = (
				2FDE6474BB01E990B3CD4AE5 /* MONetworkAPIKit.framework in Dependencies */,
			);
			name = Dependencies;
			runOnlyForDeploymentPostprocessing = 1;
		};
		F4FE5BFE1A098E49DDED2A21 /* Embed Frameworks */ = {
			isa = PBXCopyFilesBuildPhase;
			buildActionMask = 2147483647;
			dstPath = "";
			dstSubfolderSpec = 10;
			files = (
				A0FB51A707A0703E57D3B180 /* MONetworkAPIsTesting.framework in Embed Frameworks */,
				77DD7FAB4F1BA0696061012F /* MOThirdPartyLibManager.framework in Embed Frameworks */,
			);
			name = "Embed Frameworks";
			runOnlyForDeploymentPostprocessing = 0;
		};
/* End PBXCopyFilesBuildPhase section */

/* Begin PBXFileReference section */
		1B1A37E3B0C0D4C4CC6B609D /* MOThirdPartyLibManager.framework */ = {isa = PBXFileReference; explicitFileType = wrapper.framework; includeInIndex = 0; path = MOThirdPartyLibManager.framework; sourceTree = BUILT_PRODUCTS_DIR; };
		1F6759B95DDF31BF20B7DD96 /* MONetworkAPIs.swift */ = {isa = PBXFileReference; lastKnownFileType = sourcecode.swift; path = MONetworkAPIs.swift; sourceTree = "<group>"; };
		28E7266E619F52604D8FC7AF /* MONetworkAPIsTests.xctest */ = {isa = PBXFileReference; explicitFileType = wrapper.cfbundle; includeInIndex = 0; path = MONetworkAPIsTests.xctest; sourceTree = BUILT_PRODUCTS_DIR; };
		2CE1C33AF06B803F45C85B35 /* MONetworkAPIs.framework */ = {isa = PBXFileReference; explicitFileType = wrapper.framework; includeInIndex = 0; path = MONetworkAPIs.framework; sourceTree = BUILT_PRODUCTS_DIR; };
		336AD7C21C8AAB7774F7A424 /* iOS-Framework.xcconfig */ = {isa = PBXFileReference; lastKnownFileType = text.xcconfig; path = "iOS-Framework.xcconfig"; sourceTree = "<group>"; };
		3B4C5A702261DF6BDD62F595 /* AppDelegate.swift */ = {isa = PBXFileReference; lastKnownFileType = sourcecode.swift; path = AppDelegate.swift; sourceTree = "<group>"; };
		53D257B2E1AAFC52A6292EEA /* MONetworkAPIsTests.swift */ = {isa = PBXFileReference; lastKnownFileType = sourcecode.swift; path = MONetworkAPIsTests.swift; sourceTree = "<group>"; };
		5D2A068769E73329B8DB2DFE /* iOS-Base.xcconfig */ = {isa = PBXFileReference; lastKnownFileType = text.xcconfig; path = "iOS-Base.xcconfig"; sourceTree = "<group>"; };
		6F248A625059630890F09707 /* LaunchScreen.storyboard */ = {isa = PBXFileReference; lastKnownFileType = file.storyboard; path = LaunchScreen.storyboard; sourceTree = "<group>"; };
		704123933A110C1F83452686 /* Bundle+MONetworkAPIsExample.swift */ = {isa = PBXFileReference; lastKnownFileType = sourcecode.swift; path = "Bundle+MONetworkAPIsExample.swift"; sourceTree = "<group>"; };
		76E2F561867D8F58C1104649 /* dummy.txt */ = {isa = PBXFileReference; lastKnownFileType = text; path = dummy.txt; sourceTree = "<group>"; };
		80450652F2146BB017944488 /* MONetworkAPIs.swift */ = {isa = PBXFileReference; lastKnownFileType = sourcecode.swift; path = MONetworkAPIs.swift; sourceTree = "<group>"; };
		88A2BF10F309676179C97F06 /* MONetworkAPIsTests.plist */ = {isa = PBXFileReference; lastKnownFileType = text.plist; path = MONetworkAPIsTests.plist; sourceTree = "<group>"; };
		9A4962E1EA83A4DEFE551B3C /* MONetworkAPIsExample.plist */ = {isa = PBXFileReference; lastKnownFileType = text.plist; path = MONetworkAPIsExample.plist; sourceTree = "<group>"; };
		A3E3DC3DE1AC0314D378FB5F /* dummy.txt */ = {isa = PBXFileReference; lastKnownFileType = text; path = dummy.txt; sourceTree = "<group>"; };
		A527F59550D75DA97F7C3418 /* MONetworkAPIsTesting.plist */ = {isa = PBXFileReference; lastKnownFileType = text.plist; path = MONetworkAPIsTesting.plist; sourceTree = "<group>"; };
		B27454FD26C5997D9B857381 /* Bundle+MONetworkAPIsTests.swift */ = {isa = PBXFileReference; lastKnownFileType = sourcecode.swift; path = "Bundle+MONetworkAPIsTests.swift"; sourceTree = "<group>"; };
		C6C520D0BAAEA9C94B6FD62F /* Assets.xcassets */ = {isa = PBXFileReference; lastKnownFileType = folder.assetcatalog; path = Assets.xcassets; sourceTree = "<group>"; };
		C864994F29B56FD5CC34897F /* MONetworkAPIsTesting.framework */ = {isa = PBXFileReference; explicitFileType = wrapper.framework; includeInIndex = 0; path = MONetworkAPIsTesting.framework; sourceTree = BUILT_PRODUCTS_DIR; };
		CA35D30353B4A2C310600C2B /* MONetworkAPIKit.framework */ = {isa = PBXFileReference; explicitFileType = wrapper.framework; includeInIndex = 0; path = MONetworkAPIKit.framework; sourceTree = BUILT_PRODUCTS_DIR; };
		E8E79F04F1C8C55178650BAE /* MONetworkAPIsExample.app */ = {isa = PBXFileReference; explicitFileType = wrapper.application; includeInIndex = 0; path = MONetworkAPIsExample.app; sourceTree = BUILT_PRODUCTS_DIR; };
		F134B7B3AEBB8599355971E4 /* iOS-Application.xcconfig */ = {isa = PBXFileReference; lastKnownFileType = text.xcconfig; path = "iOS-Application.xcconfig"; sourceTree = "<group>"; };
		F9FB18F5A8E82C077B4000BB /* Bundle+MONetworkAPIsTesting.swift */ = {isa = PBXFileReference; lastKnownFileType = sourcecode.swift; path = "Bundle+MONetworkAPIsTesting.swift"; sourceTree = "<group>"; };
		FF4439CE86B7626855CE7301 /* MONetworkAPIs.plist */ = {isa = PBXFileReference; lastKnownFileType = text.plist; path = MONetworkAPIs.plist; sourceTree = "<group>"; };
/* End PBXFileReference section */

/* Begin PBXFrameworksBuildPhase section */
		06ED4663BAD86A3E05617EB7 /* Frameworks */ = {
			isa = PBXFrameworksBuildPhase;
			buildActionMask = 2147483647;
			files = (
				BF035CD904CAA6F21E47893E /* MONetworkAPIsTesting.framework in Frameworks */,
			);
			runOnlyForDeploymentPostprocessing = 0;
		};
		483CF81C1DB9310ECE9DB04A /* Frameworks */ = {
			isa = PBXFrameworksBuildPhase;
			buildActionMask = 2147483647;
			files = (
			);
			runOnlyForDeploymentPostprocessing = 0;
		};
		FD1243B66B376DF2398EDD0A /* Frameworks */ = {
			isa = PBXFrameworksBuildPhase;
			buildActionMask = 2147483647;
			files = (
				0B84989711AAA12296E70C46 /* MONetworkAPIsTesting.framework in Frameworks */,
			);
			runOnlyForDeploymentPostprocessing = 0;
		};
		FF478C56602E8AC667FBEC17 /* Frameworks */ = {
			isa = PBXFrameworksBuildPhase;
			buildActionMask = 2147483647;
			files = (
				073E8781F856CD3071E33914 /* MONetworkAPIKit.framework in Frameworks */,
				7B74E8524712E99C298ED0FC /* MONetworkAPIs.framework in Frameworks */,
				693C1687E40AC1C5D413F3D4 /* MOThirdPartyLibManager.framework in Frameworks */,
			);
			runOnlyForDeploymentPostprocessing = 0;
		};
/* End PBXFrameworksBuildPhase section */

/* Begin PBXGroup section */
		00AE95027EE245722F995F31 /* Testing */ = {
			isa = PBXGroup;
			children = (
				A2DF87C7D42B3A511465BF3D /* Resources */,
				16BD9583C2D13EAB3320B89C /* Sources */,
			);
			path = Testing;
			sourceTree = "<group>";
		};
		0712ACC9598265DCBE5FA9FE /* Sources */ = {
			isa = PBXGroup;
			children = (
				1F6759B95DDF31BF20B7DD96 /* MONetworkAPIs.swift */,
			);
			path = Sources;
			sourceTree = "<group>";
		};
		16BD9583C2D13EAB3320B89C /* Sources */ = {
			isa = PBXGroup;
			children = (
				80450652F2146BB017944488 /* MONetworkAPIs.swift */,
			);
			path = Sources;
			sourceTree = "<group>";
		};
		1D57BED4D7173349CAA2FE25 /* Sources */ = {
			isa = PBXGroup;
			children = (
				3B4C5A702261DF6BDD62F595 /* AppDelegate.swift */,
			);
			path = Sources;
			sourceTree = "<group>";
		};
		38B2D4CBB8DA4509EB4F5BCE /* Configurations */ = {
			isa = PBXGroup;
			children = (
				3A430B259212DF2193EC8C0F /* iOS */,
			);
			name = Configurations;
			path = ../../../../../Configurations;
			sourceTree = "<group>";
		};
		3A430B259212DF2193EC8C0F /* iOS */ = {
			isa = PBXGroup;
			children = (
				F134B7B3AEBB8599355971E4 /* iOS-Application.xcconfig */,
				5D2A068769E73329B8DB2DFE /* iOS-Base.xcconfig */,
				336AD7C21C8AAB7774F7A424 /* iOS-Framework.xcconfig */,
			);
			path = iOS;
			sourceTree = "<group>";
		};
		41B7D315A0E00552DF8FB930 /* Derived */ = {
			isa = PBXGroup;
			children = (
				8961D8992942D33FC0C21A5F /* InfoPlists */,
				DE4889CF6C14ADDB65511DAA /* Sources */,
			);
			path = Derived;
			sourceTree = "<group>";
		};
		4D76BE105124567261BC9242 /* Example */ = {
			isa = PBXGroup;
			children = (
				989DDE410C82648AFA4217FC /* Resources */,
				1D57BED4D7173349CAA2FE25 /* Sources */,
			);
			path = Example;
			sourceTree = "<group>";
		};
		7E2F2F476F866DDD130A3A0F /* Resources */ = {
			isa = PBXGroup;
			children = (
				A3E3DC3DE1AC0314D378FB5F /* dummy.txt */,
			);
			path = Resources;
			sourceTree = "<group>";
		};
		8961D8992942D33FC0C21A5F /* InfoPlists */ = {
			isa = PBXGroup;
			children = (
				FF4439CE86B7626855CE7301 /* MONetworkAPIs.plist */,
				9A4962E1EA83A4DEFE551B3C /* MONetworkAPIsExample.plist */,
				A527F59550D75DA97F7C3418 /* MONetworkAPIsTesting.plist */,
				88A2BF10F309676179C97F06 /* MONetworkAPIsTests.plist */,
			);
			path = InfoPlists;
			sourceTree = "<group>";
		};
		989DDE410C82648AFA4217FC /* Resources */ = {
			isa = PBXGroup;
			children = (
				C6C520D0BAAEA9C94B6FD62F /* Assets.xcassets */,
				6F248A625059630890F09707 /* LaunchScreen.storyboard */,
			);
			path = Resources;
			sourceTree = "<group>";
		};
		9E0E0E2CC8679D4F5CDB180D /* Sources */ = {
			isa = PBXGroup;
			children = (
				53D257B2E1AAFC52A6292EEA /* MONetworkAPIsTests.swift */,
			);
			path = Sources;
			sourceTree = "<group>";
		};
		A2DF87C7D42B3A511465BF3D /* Resources */ = {
			isa = PBXGroup;
			children = (
				76E2F561867D8F58C1104649 /* dummy.txt */,
			);
			path = Resources;
			sourceTree = "<group>";
		};
		BBD3744367EB9E89C2550403 /* Tests */ = {
			isa = PBXGroup;
			children = (
				7E2F2F476F866DDD130A3A0F /* Resources */,
				9E0E0E2CC8679D4F5CDB180D /* Sources */,
			);
			path = Tests;
			sourceTree = "<group>";
		};
		C48F1DFCE3DC67735C96D614 /* Project */ = {
			isa = PBXGroup;
			children = (
				38B2D4CBB8DA4509EB4F5BCE /* Configurations */,
				41B7D315A0E00552DF8FB930 /* Derived */,
				4D76BE105124567261BC9242 /* Example */,
				0712ACC9598265DCBE5FA9FE /* Sources */,
				00AE95027EE245722F995F31 /* Testing */,
				BBD3744367EB9E89C2550403 /* Tests */,
			);
			name = Project;
			sourceTree = "<group>";
		};
		DE4889CF6C14ADDB65511DAA /* Sources */ = {
			isa = PBXGroup;
			children = (
				704123933A110C1F83452686 /* Bundle+MONetworkAPIsExample.swift */,
				F9FB18F5A8E82C077B4000BB /* Bundle+MONetworkAPIsTesting.swift */,
				B27454FD26C5997D9B857381 /* Bundle+MONetworkAPIsTests.swift */,
			);
			path = Sources;
			sourceTree = "<group>";
		};
		EC51019153DCB63C3D5161C3 /* Frameworks */ = {
			isa = PBXGroup;
			children = (
			);
			name = Frameworks;
			sourceTree = "<group>";
		};
		F2F05C097AC7F2873DB6DE07 = {
			isa = PBXGroup;
			children = (
				C48F1DFCE3DC67735C96D614 /* Project */,
				EC51019153DCB63C3D5161C3 /* Frameworks */,
				FFEE3C5D2A3CD4DF35AAD119 /* Products */,
			);
			sourceTree = "<group>";
		};
		FFEE3C5D2A3CD4DF35AAD119 /* Products */ = {
			isa = PBXGroup;
			children = (
				CA35D30353B4A2C310600C2B /* MONetworkAPIKit.framework */,
				2CE1C33AF06B803F45C85B35 /* MONetworkAPIs.framework */,
				E8E79F04F1C8C55178650BAE /* MONetworkAPIsExample.app */,
				C864994F29B56FD5CC34897F /* MONetworkAPIsTesting.framework */,
				28E7266E619F52604D8FC7AF /* MONetworkAPIsTests.xctest */,
				1B1A37E3B0C0D4C4CC6B609D /* MOThirdPartyLibManager.framework */,
			);
			name = Products;
			sourceTree = "<group>";
		};
/* End PBXGroup section */

/* Begin PBXNativeTarget section */
		1A3174783777D91CE9B9A7B1 /* MONetworkAPIsTests */ = {
			isa = PBXNativeTarget;
			buildConfigurationList = C3F8AE7036BB71A0D501BB75 /* Build configuration list for PBXNativeTarget "MONetworkAPIsTests" */;
			buildPhases = (
				C73B7F8B33EC369BEE9797DD /* Sources */,
				1401108C11E4AA3BE82CE137 /* Resources */,
				FC7FCF5A8B9ACDC675F28CAF /* Embed Precompiled Frameworks */,
				49AA66ED05E1CD9D22D8F63C /* Embed Frameworks */,
				FD1243B66B376DF2398EDD0A /* Frameworks */,
			);
			buildRules = (
			);
			dependencies = (
				D350BD8F5712F155CBA5D951 /* PBXTargetDependency */,
				F6F5B234E9DE9CB500EB1D2A /* PBXTargetDependency */,
			);
			name = MONetworkAPIsTests;
			productName = MONetworkAPIsTests;
			productReference = 28E7266E619F52604D8FC7AF /* MONetworkAPIsTests.xctest */;
			productType = "com.apple.product-type.bundle.unit-test";
		};
		48FBD164713A2672A4A66BD5 /* MONetworkAPIsExample */ = {
			isa = PBXNativeTarget;
			buildConfigurationList = 1F6DB2A930ADE82CBA06632D /* Build configuration list for PBXNativeTarget "MONetworkAPIsExample" */;
			buildPhases = (
				5FCC462B18FBC27F6F9EB898 /* Sources */,
				055C9CCED38278E61B79C943 /* Resources */,
				35FAB52F04B1615B4B2CE770 /* Embed Precompiled Frameworks */,
				F4FE5BFE1A098E49DDED2A21 /* Embed Frameworks */,
				06ED4663BAD86A3E05617EB7 /* Frameworks */,
			);
			buildRules = (
			);
			dependencies = (
				C5F1F7C5E10C08F074F7793C /* PBXTargetDependency */,
			);
			name = MONetworkAPIsExample;
			productName = MONetworkAPIsExample;
			productReference = E8E79F04F1C8C55178650BAE /* MONetworkAPIsExample.app */;
			productType = "com.apple.product-type.application";
		};
		877D8E57B6162FE42918EE1F /* MONetworkAPIsTesting */ = {
			isa = PBXNativeTarget;
			buildConfigurationList = 957022EEAD4DEE1A322529A6 /* Build configuration list for PBXNativeTarget "MONetworkAPIsTesting" */;
			buildPhases = (
				7CBE65EE241649FA82F32F7E /* Sources */,
				16884F9FE5D8D94D5757AC96 /* Resources */,
				EABDAC8B9B68CEF691ADECCC /* Embed Precompiled Frameworks */,
				87ECF243B1A86CE8FF4D33F5 /* Embed Frameworks */,
				FF478C56602E8AC667FBEC17 /* Frameworks */,
			);
			buildRules = (
			);
			dependencies = (
				6E383E40BE2AC67433E159C1 /* PBXTargetDependency */,
			);
			name = MONetworkAPIsTesting;
			productName = MONetworkAPIsTesting;
			productReference = C864994F29B56FD5CC34897F /* MONetworkAPIsTesting.framework */;
			productType = "com.apple.product-type.framework";
		};
		ACF1E3C851154983DC1E8DE9 /* MONetworkAPIs */ = {
			isa = PBXNativeTarget;
			buildConfigurationList = C794B149175A12F64CFE011D /* Build configuration list for PBXNativeTarget "MONetworkAPIs" */;
			buildPhases = (
				B8CCC9571791D952DA61E7A2 /* Sources */,
				6DDEB2726BE3522325110CCF /* Resources */,
				606652EE1ABA4D3591795069 /* Embed Precompiled Frameworks */,
				8DC6F34C0E79C2B04C04A8BD /* Embed Frameworks */,
				483CF81C1DB9310ECE9DB04A /* Frameworks */,
				BBEA9BBFD39A08BB870EB046 /* Dependencies */,
			);
			buildRules = (
			);
			dependencies = (
			);
			name = MONetworkAPIs;
			productName = MONetworkAPIs;
			productReference = 2CE1C33AF06B803F45C85B35 /* MONetworkAPIs.framework */;
			productType = "com.apple.product-type.framework";
		};
/* End PBXNativeTarget section */

/* Begin PBXProject section */
		2413223580C2862DB48A4B09 /* Project object */ = {
			isa = PBXProject;
			attributes = {
				ORGANIZATIONNAME = minsone;
				TargetAttributes = {
					1A3174783777D91CE9B9A7B1 = {
						TestTargetID = 48FBD164713A2672A4A66BD5;
					};
				};
			};
			buildConfigurationList = 1B20E3F02094D9298246AC2C /* Build configuration list for PBXProject "MONetworkAPIs" */;
			compatibilityVersion = "Xcode 9.3";
			developmentRegion = en;
			hasScannedForEncodings = 0;
			knownRegions = (
				Base,
				en,
			);
			mainGroup = F2F05C097AC7F2873DB6DE07;
			productRefGroup = FFEE3C5D2A3CD4DF35AAD119 /* Products */;
			projectDirPath = "";
			projectRoot = "";
			targets = (
				ACF1E3C851154983DC1E8DE9 /* MONetworkAPIs */,
				877D8E57B6162FE42918EE1F /* MONetworkAPIsTesting */,
				1A3174783777D91CE9B9A7B1 /* MONetworkAPIsTests */,
				48FBD164713A2672A4A66BD5 /* MONetworkAPIsExample */,
			);
		};
/* End PBXProject section */

/* Begin PBXResourcesBuildPhase section */
		055C9CCED38278E61B79C943 /* Resources */ = {
			isa = PBXResourcesBuildPhase;
			buildActionMask = 2147483647;
			files = (
				0836B5C1116113176C6FBA6D /* Assets.xcassets in Resources */,
				90FE18587F3636C1F2367A39 /* LaunchScreen.storyboard in Resources */,
			);
			runOnlyForDeploymentPostprocessing = 0;
		};
		1401108C11E4AA3BE82CE137 /* Resources */ = {
			isa = PBXResourcesBuildPhase;
			buildActionMask = 2147483647;
			files = (
				7CD7CCCFC5691152F02E01EE /* dummy.txt in Resources */,
			);
			runOnlyForDeploymentPostprocessing = 0;
		};
		16884F9FE5D8D94D5757AC96 /* Resources */ = {
			isa = PBXResourcesBuildPhase;
			buildActionMask = 2147483647;
			files = (
				B8F7091AD5455B46B028A00F /* dummy.txt in Resources */,
			);
			runOnlyForDeploymentPostprocessing = 0;
		};
		6DDEB2726BE3522325110CCF /* Resources */ = {
			isa = PBXResourcesBuildPhase;
			buildActionMask = 2147483647;
			files = (
			);
			runOnlyForDeploymentPostprocessing = 0;
		};
/* End PBXResourcesBuildPhase section */

/* Begin PBXShellScriptBuildPhase section */
		35FAB52F04B1615B4B2CE770 /* Embed Precompiled Frameworks */ = {
			isa = PBXShellScriptBuildPhase;
			buildActionMask = 2147483647;
			files = (
			);
			inputPaths = (
			);
			name = "Embed Precompiled Frameworks";
			outputPaths = (
			);
			runOnlyForDeploymentPostprocessing = 0;
			shellPath = /bin/sh;
			shellScript = "echo \"Skipping, nothing to be embedded.\"";
		};
		606652EE1ABA4D3591795069 /* Embed Precompiled Frameworks */ = {
			isa = PBXShellScriptBuildPhase;
			buildActionMask = 2147483647;
			files = (
			);
			inputPaths = (
			);
			name = "Embed Precompiled Frameworks";
			outputPaths = (
			);
			runOnlyForDeploymentPostprocessing = 0;
			shellPath = /bin/sh;
			shellScript = "echo \"Skipping, nothing to be embedded.\"";
		};
		EABDAC8B9B68CEF691ADECCC /* Embed Precompiled Frameworks */ = {
			isa = PBXShellScriptBuildPhase;
			buildActionMask = 2147483647;
			files = (
			);
			inputPaths = (
			);
			name = "Embed Precompiled Frameworks";
			outputPaths = (
			);
			runOnlyForDeploymentPostprocessing = 0;
			shellPath = /bin/sh;
			shellScript = "echo \"Skipping, nothing to be embedded.\"";
		};
		FC7FCF5A8B9ACDC675F28CAF /* Embed Precompiled Frameworks */ = {
			isa = PBXShellScriptBuildPhase;
			buildActionMask = 2147483647;
			files = (
			);
			inputPaths = (
			);
			name = "Embed Precompiled Frameworks";
			outputPaths = (
			);
			runOnlyForDeploymentPostprocessing = 0;
			shellPath = /bin/sh;
			shellScript = "echo \"Skipping, nothing to be embedded.\"";
		};
/* End PBXShellScriptBuildPhase section */

/* Begin PBXSourcesBuildPhase section */
		5FCC462B18FBC27F6F9EB898 /* Sources */ = {
			isa = PBXSourcesBuildPhase;
			buildActionMask = 2147483647;
			files = (
				D9FCF7CC63711DE8AC8E1583 /* Bundle+MONetworkAPIsExample.swift in Sources */,
				5D020B8B6C18F5460074E46C /* AppDelegate.swift in Sources */,
			);
			runOnlyForDeploymentPostprocessing = 0;
		};
		7CBE65EE241649FA82F32F7E /* Sources */ = {
			isa = PBXSourcesBuildPhase;
			buildActionMask = 2147483647;
			files = (
				ED24C0ED2B978B66C9835681 /* Bundle+MONetworkAPIsTesting.swift in Sources */,
				4C1782A0692BB834F2EF5449 /* MONetworkAPIs.swift in Sources */,
			);
			runOnlyForDeploymentPostprocessing = 0;
		};
		B8CCC9571791D952DA61E7A2 /* Sources */ = {
			isa = PBXSourcesBuildPhase;
			buildActionMask = 2147483647;
			files = (
				2AC1D8F8E3DB7BB988FF035C /* MONetworkAPIs.swift in Sources */,
			);
			runOnlyForDeploymentPostprocessing = 0;
		};
		C73B7F8B33EC369BEE9797DD /* Sources */ = {
			isa = PBXSourcesBuildPhase;
			buildActionMask = 2147483647;
			files = (
				B5AB69CCAE0AAF87C7B85459 /* Bundle+MONetworkAPIsTests.swift in Sources */,
				ECE2213F2D551C16FD85DAED /* MONetworkAPIsTests.swift in Sources */,
			);
			runOnlyForDeploymentPostprocessing = 0;
		};
/* End PBXSourcesBuildPhase section */

/* Begin PBXTargetDependency section */
		6E383E40BE2AC67433E159C1 /* PBXTargetDependency */ = {
			isa = PBXTargetDependency;
			name = MONetworkAPIs;
			target = ACF1E3C851154983DC1E8DE9 /* MONetworkAPIs */;
			targetProxy = 4DD1C61703B82F0122D4E8A3 /* PBXContainerItemProxy */;
		};
		C5F1F7C5E10C08F074F7793C /* PBXTargetDependency */ = {
			isa = PBXTargetDependency;
			name = MONetworkAPIsTesting;
			target = 877D8E57B6162FE42918EE1F /* MONetworkAPIsTesting */;
			targetProxy = 3EE7CF0310E622F1248A314B /* PBXContainerItemProxy */;
		};
		D350BD8F5712F155CBA5D951 /* PBXTargetDependency */ = {
			isa = PBXTargetDependency;
			name = MONetworkAPIsExample;
			target = 48FBD164713A2672A4A66BD5 /* MONetworkAPIsExample */;
			targetProxy = 869418524ED64C2EEEC964FF /* PBXContainerItemProxy */;
		};
		F6F5B234E9DE9CB500EB1D2A /* PBXTargetDependency */ = {
			isa = PBXTargetDependency;
			name = MONetworkAPIsTesting;
			target = 877D8E57B6162FE42918EE1F /* MONetworkAPIsTesting */;
			targetProxy = E9BECEB2A385D9A4EF3C560E /* PBXContainerItemProxy */;
		};
/* End PBXTargetDependency section */

/* Begin XCBuildConfiguration section */
		0A106A7CC6BF50A0F6AAC344 /* Debug */ = {
			isa = XCBuildConfiguration;
			baseConfigurationReference = 336AD7C21C8AAB7774F7A424 /* iOS-Framework.xcconfig */;
			buildSettings = {
				CODE_SIGN_IDENTITY = "";
				CURRENT_PROJECT_VERSION = 1;
				DEFINES_MODULE = YES;
				DYLIB_COMPATIBILITY_VERSION = 1;
				DYLIB_CURRENT_VERSION = 1;
				DYLIB_INSTALL_NAME_BASE = "@rpath";
				INFOPLIST_FILE = Derived/InfoPlists/MONetworkAPIsTesting.plist;
				INSTALL_PATH = "$(LOCAL_LIBRARY_DIR)/Frameworks";
				IPHONEOS_DEPLOYMENT_TARGET = 13.0;
				LD_RUNPATH_SEARCH_PATHS = (
					"$(inherited)",
					"@executable_path/Frameworks",
					"@loader_path/Frameworks",
				);
				PRODUCT_BUNDLE_IDENTIFIER = kr.minsone.MONetworkAPIsTesting;
				PRODUCT_NAME = MONetworkAPIsTesting;
				SDKROOT = iphoneos;
				SKIP_INSTALL = YES;
				SUPPORTED_PLATFORMS = "iphonesimulator iphoneos";
				SWIFT_ACTIVE_COMPILATION_CONDITIONS = DEBUG;
				SWIFT_COMPILATION_MODE = singlefile;
				SWIFT_OPTIMIZATION_LEVEL = "-Onone";
				SWIFT_VERSION = 5.5;
				TARGETED_DEVICE_FAMILY = 1;
				VERSIONING_SYSTEM = "apple-generic";
				VERSION_INFO_PREFIX = "";
			};
			name = Debug;
		};
		0A14A329E990522BA879BB73 /* Debug */ = {
			isa = XCBuildConfiguration;
			baseConfigurationReference = 5D2A068769E73329B8DB2DFE /* iOS-Base.xcconfig */;
			buildSettings = {
				BUNDLE_LOADER = "$(TEST_HOST)";
				CODE_SIGN_IDENTITY = "iPhone Developer";
				INFOPLIST_FILE = Derived/InfoPlists/MONetworkAPIsTests.plist;
				IPHONEOS_DEPLOYMENT_TARGET = 13.0;
				LD_RUNPATH_SEARCH_PATHS = (
					"$(inherited)",
					"@executable_path/Frameworks",
					"@loader_path/Frameworks",
				);
				PRODUCT_BUNDLE_IDENTIFIER = kr.minsone.MONetworkAPIsTests;
				PRODUCT_NAME = MONetworkAPIsTests;
				SDKROOT = iphoneos;
				SUPPORTED_PLATFORMS = "iphonesimulator iphoneos";
				SWIFT_ACTIVE_COMPILATION_CONDITIONS = DEBUG;
				SWIFT_COMPILATION_MODE = singlefile;
				SWIFT_OPTIMIZATION_LEVEL = "-Onone";
				SWIFT_VERSION = 5.5;
				TARGETED_DEVICE_FAMILY = 1;
				TEST_HOST = "$(BUILT_PRODUCTS_DIR)/MONetworkAPIsExample.app/MONetworkAPIsExample";
				TEST_TARGET_NAME = MONetworkAPIsExample;
			};
			name = Debug;
		};
		216A5EDCDF1D7BC8837F91A6 /* Debug */ = {
			isa = XCBuildConfiguration;
			buildSettings = {
				ALWAYS_SEARCH_USER_PATHS = NO;
				CLANG_ANALYZER_LOCALIZABILITY_NONLOCALIZED = YES;
				CLANG_ANALYZER_NONNULL = YES;
				CLANG_ANALYZER_NUMBER_OBJECT_CONVERSION = YES_AGGRESSIVE;
				CLANG_CXX_LANGUAGE_STANDARD = "gnu++14";
				CLANG_CXX_LIBRARY = "libc++";
				CLANG_ENABLE_MODULES = YES;
				CLANG_ENABLE_OBJC_ARC = YES;
				CLANG_ENABLE_OBJC_WEAK = YES;
				CLANG_WARN_BLOCK_CAPTURE_AUTORELEASING = YES;
				CLANG_WARN_BOOL_CONVERSION = YES;
				CLANG_WARN_COMMA = YES;
				CLANG_WARN_CONSTANT_CONVERSION = YES;
				CLANG_WARN_DEPRECATED_OBJC_IMPLEMENTATIONS = YES;
				CLANG_WARN_DIRECT_OBJC_ISA_USAGE = YES_ERROR;
				CLANG_WARN_DOCUMENTATION_COMMENTS = YES;
				CLANG_WARN_EMPTY_BODY = YES;
				CLANG_WARN_ENUM_CONVERSION = YES;
				CLANG_WARN_INFINITE_RECURSION = YES;
				CLANG_WARN_INT_CONVERSION = YES;
				CLANG_WARN_NON_LITERAL_NULL_CONVERSION = YES;
				CLANG_WARN_OBJC_IMPLICIT_RETAIN_SELF = YES;
				CLANG_WARN_OBJC_LITERAL_CONVERSION = YES;
				CLANG_WARN_OBJC_ROOT_CLASS = YES_ERROR;
				CLANG_WARN_QUOTED_INCLUDE_IN_FRAMEWORK_HEADER = YES;
				CLANG_WARN_RANGE_LOOP_ANALYSIS = YES;
				CLANG_WARN_STRICT_PROTOTYPES = YES;
				CLANG_WARN_SUSPICIOUS_MOVE = YES;
				CLANG_WARN_UNGUARDED_AVAILABILITY = YES_AGGRESSIVE;
				CLANG_WARN_UNREACHABLE_CODE = YES;
				CLANG_WARN__DUPLICATE_METHOD_MATCH = YES;
				COPY_PHASE_STRIP = NO;
				DEBUG_INFORMATION_FORMAT = dwarf;
				ENABLE_STRICT_OBJC_MSGSEND = YES;
				ENABLE_TESTABILITY = YES;
				GCC_C_LANGUAGE_STANDARD = gnu11;
				GCC_DYNAMIC_NO_PIC = NO;
				GCC_NO_COMMON_BLOCKS = YES;
				GCC_OPTIMIZATION_LEVEL = 0;
				GCC_PREPROCESSOR_DEFINITIONS = (
					"DEBUG=1",
					"$(inherited)",
				);
				GCC_WARN_64_TO_32_BIT_CONVERSION = YES;
				GCC_WARN_ABOUT_RETURN_TYPE = YES_ERROR;
				GCC_WARN_UNDECLARED_SELECTOR = YES;
				GCC_WARN_UNINITIALIZED_AUTOS = YES_AGGRESSIVE;
				GCC_WARN_UNUSED_FUNCTION = YES;
				GCC_WARN_UNUSED_VARIABLE = YES;
				MTL_ENABLE_DEBUG_INFO = YES;
				ONLY_ACTIVE_ARCH = YES;
				PRODUCT_NAME = "$(TARGET_NAME)";
			};
			name = Debug;
		};
		2ABAE4AE4C15C6BE83188DB3 /* Release */ = {
			isa = XCBuildConfiguration;
			baseConfigurationReference = 5D2A068769E73329B8DB2DFE /* iOS-Base.xcconfig */;
			buildSettings = {
				BUNDLE_LOADER = "$(TEST_HOST)";
				CODE_SIGN_IDENTITY = "iPhone Developer";
				INFOPLIST_FILE = Derived/InfoPlists/MONetworkAPIsTests.plist;
				IPHONEOS_DEPLOYMENT_TARGET = 13.0;
				LD_RUNPATH_SEARCH_PATHS = (
					"$(inherited)",
					"@executable_path/Frameworks",
					"@loader_path/Frameworks",
				);
				PRODUCT_BUNDLE_IDENTIFIER = kr.minsone.MONetworkAPIsTests;
				PRODUCT_NAME = MONetworkAPIsTests;
				SDKROOT = iphoneos;
				SUPPORTED_PLATFORMS = "iphonesimulator iphoneos";
				SWIFT_COMPILATION_MODE = wholemodule;
				SWIFT_OPTIMIZATION_LEVEL = "-Owholemodule";
				SWIFT_VERSION = 5.5;
				TARGETED_DEVICE_FAMILY = 1;
				TEST_HOST = "$(BUILT_PRODUCTS_DIR)/MONetworkAPIsExample.app/MONetworkAPIsExample";
				TEST_TARGET_NAME = MONetworkAPIsExample;
			};
			name = Release;
		};
		2DD0E1D342539AEF05B02206 /* Release */ = {
			isa = XCBuildConfiguration;
			baseConfigurationReference = F134B7B3AEBB8599355971E4 /* iOS-Application.xcconfig */;
			buildSettings = {
				ASSETCATALOG_COMPILER_APPICON_NAME = AppIcon;
				CODE_SIGN_IDENTITY = "iPhone Developer";
				ENABLE_PREVIEWS = YES;
				INFOPLIST_FILE = Derived/InfoPlists/MONetworkAPIsExample.plist;
				IPHONEOS_DEPLOYMENT_TARGET = 13.0;
				LD_RUNPATH_SEARCH_PATHS = (
					"$(inherited)",
					"@executable_path/Frameworks",
				);
				PRODUCT_BUNDLE_IDENTIFIER = kr.minsone.example.MONetworkAPIsExample;
				PRODUCT_NAME = MONetworkAPIsExample;
				SDKROOT = iphoneos;
				SUPPORTED_PLATFORMS = "iphonesimulator iphoneos";
				SWIFT_COMPILATION_MODE = wholemodule;
				SWIFT_OPTIMIZATION_LEVEL = "-Owholemodule";
				SWIFT_VERSION = 5.5;
				TARGETED_DEVICE_FAMILY = 1;
			};
			name = Release;
		};
		3429BD7F8B6B8D45EC93DA35 /* Release */ = {
			isa = XCBuildConfiguration;
			buildSettings = {
				ALWAYS_SEARCH_USER_PATHS = NO;
				CLANG_ANALYZER_LOCALIZABILITY_NONLOCALIZED = YES;
				CLANG_ANALYZER_NONNULL = YES;
				CLANG_ANALYZER_NUMBER_OBJECT_CONVERSION = YES_AGGRESSIVE;
				CLANG_CXX_LANGUAGE_STANDARD = "gnu++14";
				CLANG_CXX_LIBRARY = "libc++";
				CLANG_ENABLE_MODULES = YES;
				CLANG_ENABLE_OBJC_ARC = YES;
				CLANG_ENABLE_OBJC_WEAK = YES;
				CLANG_WARN_BLOCK_CAPTURE_AUTORELEASING = YES;
				CLANG_WARN_BOOL_CONVERSION = YES;
				CLANG_WARN_COMMA = YES;
				CLANG_WARN_CONSTANT_CONVERSION = YES;
				CLANG_WARN_DEPRECATED_OBJC_IMPLEMENTATIONS = YES;
				CLANG_WARN_DIRECT_OBJC_ISA_USAGE = YES_ERROR;
				CLANG_WARN_DOCUMENTATION_COMMENTS = YES;
				CLANG_WARN_EMPTY_BODY = YES;
				CLANG_WARN_ENUM_CONVERSION = YES;
				CLANG_WARN_INFINITE_RECURSION = YES;
				CLANG_WARN_INT_CONVERSION = YES;
				CLANG_WARN_NON_LITERAL_NULL_CONVERSION = YES;
				CLANG_WARN_OBJC_IMPLICIT_RETAIN_SELF = YES;
				CLANG_WARN_OBJC_LITERAL_CONVERSION = YES;
				CLANG_WARN_OBJC_ROOT_CLASS = YES_ERROR;
				CLANG_WARN_QUOTED_INCLUDE_IN_FRAMEWORK_HEADER = YES;
				CLANG_WARN_RANGE_LOOP_ANALYSIS = YES;
				CLANG_WARN_STRICT_PROTOTYPES = YES;
				CLANG_WARN_SUSPICIOUS_MOVE = YES;
				CLANG_WARN_UNGUARDED_AVAILABILITY = YES_AGGRESSIVE;
				CLANG_WARN_UNREACHABLE_CODE = YES;
				CLANG_WARN__DUPLICATE_METHOD_MATCH = YES;
				COPY_PHASE_STRIP = NO;
				DEBUG_INFORMATION_FORMAT = "dwarf-with-dsym";
				ENABLE_NS_ASSERTIONS = NO;
				ENABLE_STRICT_OBJC_MSGSEND = YES;
				GCC_C_LANGUAGE_STANDARD = gnu11;
				GCC_NO_COMMON_BLOCKS = YES;
				GCC_WARN_64_TO_32_BIT_CONVERSION = YES;
				GCC_WARN_ABOUT_RETURN_TYPE = YES_ERROR;
				GCC_WARN_UNDECLARED_SELECTOR = YES;
				GCC_WARN_UNINITIALIZED_AUTOS = YES_AGGRESSIVE;
				GCC_WARN_UNUSED_FUNCTION = YES;
				GCC_WARN_UNUSED_VARIABLE = YES;
				MTL_ENABLE_DEBUG_INFO = NO;
				PRODUCT_NAME = "$(TARGET_NAME)";
				VALIDATE_PRODUCT = YES;
			};
			name = Release;
		};
		40105F7C81EB839C097789DA /* Debug */ = {
			isa = XCBuildConfiguration;
			baseConfigurationReference = F134B7B3AEBB8599355971E4 /* iOS-Application.xcconfig */;
			buildSettings = {
				ASSETCATALOG_COMPILER_APPICON_NAME = AppIcon;
				CODE_SIGN_IDENTITY = "iPhone Developer";
				ENABLE_PREVIEWS = YES;
				INFOPLIST_FILE = Derived/InfoPlists/MONetworkAPIsExample.plist;
				IPHONEOS_DEPLOYMENT_TARGET = 13.0;
				LD_RUNPATH_SEARCH_PATHS = (
					"$(inherited)",
					"@executable_path/Frameworks",
				);
				PRODUCT_BUNDLE_IDENTIFIER = kr.minsone.example.MONetworkAPIsExample;
				PRODUCT_NAME = MONetworkAPIsExample;
				SDKROOT = iphoneos;
				SUPPORTED_PLATFORMS = "iphonesimulator iphoneos";
				SWIFT_ACTIVE_COMPILATION_CONDITIONS = DEBUG;
				SWIFT_COMPILATION_MODE = singlefile;
				SWIFT_OPTIMIZATION_LEVEL = "-Onone";
				SWIFT_VERSION = 5.5;
				TARGETED_DEVICE_FAMILY = 1;
			};
			name = Debug;
		};
		40BB05FE83211DD0D1BD54C3 /* Release */ = {
			isa = XCBuildConfiguration;
			baseConfigurationReference = 336AD7C21C8AAB7774F7A424 /* iOS-Framework.xcconfig */;
			buildSettings = {
				CODE_SIGN_IDENTITY = "";
				CURRENT_PROJECT_VERSION = 1;
				DEFINES_MODULE = YES;
				DYLIB_COMPATIBILITY_VERSION = 1;
				DYLIB_CURRENT_VERSION = 1;
				DYLIB_INSTALL_NAME_BASE = "@rpath";
				INFOPLIST_FILE = Derived/InfoPlists/MONetworkAPIsTesting.plist;
				INSTALL_PATH = "$(LOCAL_LIBRARY_DIR)/Frameworks";
				IPHONEOS_DEPLOYMENT_TARGET = 13.0;
				LD_RUNPATH_SEARCH_PATHS = (
					"$(inherited)",
					"@executable_path/Frameworks",
					"@loader_path/Frameworks",
				);
				PRODUCT_BUNDLE_IDENTIFIER = kr.minsone.MONetworkAPIsTesting;
				PRODUCT_NAME = MONetworkAPIsTesting;
				SDKROOT = iphoneos;
				SKIP_INSTALL = YES;
				SUPPORTED_PLATFORMS = "iphonesimulator iphoneos";
				SWIFT_COMPILATION_MODE = wholemodule;
				SWIFT_OPTIMIZATION_LEVEL = "-Owholemodule";
				SWIFT_VERSION = 5.5;
				TARGETED_DEVICE_FAMILY = 1;
				VERSIONING_SYSTEM = "apple-generic";
				VERSION_INFO_PREFIX = "";
			};
			name = Release;
		};
		6B34185342C5B3F9E73D6582 /* Release */ = {
			isa = XCBuildConfiguration;
			baseConfigurationReference = 336AD7C21C8AAB7774F7A424 /* iOS-Framework.xcconfig */;
			buildSettings = {
				CODE_SIGN_IDENTITY = "";
				CURRENT_PROJECT_VERSION = 1;
				DEFINES_MODULE = YES;
				DYLIB_COMPATIBILITY_VERSION = 1;
				DYLIB_CURRENT_VERSION = 1;
				DYLIB_INSTALL_NAME_BASE = "@rpath";
				INFOPLIST_FILE = Derived/InfoPlists/MONetworkAPIs.plist;
				INSTALL_PATH = "$(LOCAL_LIBRARY_DIR)/Frameworks";
				IPHONEOS_DEPLOYMENT_TARGET = 13.0;
				LD_RUNPATH_SEARCH_PATHS = (
					"$(inherited)",
					"@executable_path/Frameworks",
					"@loader_path/Frameworks",
				);
				MACH_O_TYPE = staticlib;
				PRODUCT_BUNDLE_IDENTIFIER = kr.minsone.MONetworkAPIs;
				PRODUCT_NAME = MONetworkAPIs;
				SDKROOT = iphoneos;
				SKIP_INSTALL = YES;
				SUPPORTED_PLATFORMS = "iphonesimulator iphoneos";
				SWIFT_COMPILATION_MODE = wholemodule;
				SWIFT_OPTIMIZATION_LEVEL = "-Owholemodule";
				SWIFT_VERSION = 5.5;
				TARGETED_DEVICE_FAMILY = 1;
				VERSIONING_SYSTEM = "apple-generic";
				VERSION_INFO_PREFIX = "";
			};
			name = Release;
		};
		E2D50E959B371C542FAB104F /* Debug */ = {
			isa = XCBuildConfiguration;
			baseConfigurationReference = 336AD7C21C8AAB7774F7A424 /* iOS-Framework.xcconfig */;
			buildSettings = {
				CODE_SIGN_IDENTITY = "";
				CURRENT_PROJECT_VERSION = 1;
				DEFINES_MODULE = YES;
				DYLIB_COMPATIBILITY_VERSION = 1;
				DYLIB_CURRENT_VERSION = 1;
				DYLIB_INSTALL_NAME_BASE = "@rpath";
				INFOPLIST_FILE = Derived/InfoPlists/MONetworkAPIs.plist;
				INSTALL_PATH = "$(LOCAL_LIBRARY_DIR)/Frameworks";
				IPHONEOS_DEPLOYMENT_TARGET = 13.0;
				LD_RUNPATH_SEARCH_PATHS = (
					"$(inherited)",
					"@executable_path/Frameworks",
					"@loader_path/Frameworks",
				);
				MACH_O_TYPE = staticlib;
				PRODUCT_BUNDLE_IDENTIFIER = kr.minsone.MONetworkAPIs;
				PRODUCT_NAME = MONetworkAPIs;
				SDKROOT = iphoneos;
				SKIP_INSTALL = YES;
				SUPPORTED_PLATFORMS = "iphonesimulator iphoneos";
				SWIFT_ACTIVE_COMPILATION_CONDITIONS = DEBUG;
				SWIFT_COMPILATION_MODE = singlefile;
				SWIFT_OPTIMIZATION_LEVEL = "-Onone";
				SWIFT_VERSION = 5.5;
				TARGETED_DEVICE_FAMILY = 1;
				VERSIONING_SYSTEM = "apple-generic";
				VERSION_INFO_PREFIX = "";
			};
			name = Debug;
		};
/* End XCBuildConfiguration section */

/* Begin XCConfigurationList section */
		1B20E3F02094D9298246AC2C /* Build configuration list for PBXProject "MONetworkAPIs" */ = {
			isa = XCConfigurationList;
			buildConfigurations = (
				216A5EDCDF1D7BC8837F91A6 /* Debug */,
				3429BD7F8B6B8D45EC93DA35 /* Release */,
			);
			defaultConfigurationIsVisible = 0;
			defaultConfigurationName = Release;
		};
		1F6DB2A930ADE82CBA06632D /* Build configuration list for PBXNativeTarget "MONetworkAPIsExample" */ = {
			isa = XCConfigurationList;
			buildConfigurations = (
				40105F7C81EB839C097789DA /* Debug */,
				2DD0E1D342539AEF05B02206 /* Release */,
			);
			defaultConfigurationIsVisible = 0;
			defaultConfigurationName = Release;
		};
		957022EEAD4DEE1A322529A6 /* Build configuration list for PBXNativeTarget "MONetworkAPIsTesting" */ = {
			isa = XCConfigurationList;
			buildConfigurations = (
				0A106A7CC6BF50A0F6AAC344 /* Debug */,
				40BB05FE83211DD0D1BD54C3 /* Release */,
			);
			defaultConfigurationIsVisible = 0;
			defaultConfigurationName = Release;
		};
		C3F8AE7036BB71A0D501BB75 /* Build configuration list for PBXNativeTarget "MONetworkAPIsTests" */ = {
			isa = XCConfigurationList;
			buildConfigurations = (
				0A14A329E990522BA879BB73 /* Debug */,
				2ABAE4AE4C15C6BE83188DB3 /* Release */,
			);
			defaultConfigurationIsVisible = 0;
			defaultConfigurationName = Release;
		};
		C794B149175A12F64CFE011D /* Build configuration list for PBXNativeTarget "MONetworkAPIs" */ = {
			isa = XCConfigurationList;
			buildConfigurations = (
				E2D50E959B371C542FAB104F /* Debug */,
				6B34185342C5B3F9E73D6582 /* Release */,
			);
			defaultConfigurationIsVisible = 0;
			defaultConfigurationName = Release;
		};
/* End XCConfigurationList section */
	};
	rootObject = 2413223580C2862DB48A4B09 /* Project object */;
}
