// !$*UTF8*$!
{
	archiveVersion = 1;
	classes = {
	};
	objectVersion = 52;
	objects = {

/* Begin PBXBuildFile section */
		050AFF446BBEDEA7F7CF88B2 /* FeatureSettingsUserInterface.framework in Frameworks */ = {isa = PBXBuildFile; fileRef = 2E5CF43687111A4073B196AE /* FeatureSettingsUserInterface.framework */; };
		0B2AFA935344FAAF208FC9BE /* FeatureSettingsUserInterface.framework in Dependencies */ = {isa = PBXBuildFile; fileRef = 2E5CF43687111A4073B196AE /* FeatureSettingsUserInterface.framework */; };
		230D82924B3B20A154398ED0 /* RxPackage.framework in Frameworks */ = {isa = PBXBuildFile; fileRef = 3680DA437B67DED80FBEC9AD /* RxPackage.framework */; };
		483D69A271F3005948480F2E /* CoreKit.framework in Frameworks */ = {isa = PBXBuildFile; fileRef = 20B18F1463190BDFC9E17F60 /* CoreKit.framework */; };
		5DD5D61AFC922DD8DA5107AE /* FeatureSettingsPackage.framework in Frameworks */ = {isa = PBXBuildFile; fileRef = 1B0D79EF7F3E16FE20985032 /* FeatureSettingsPackage.framework */; };
		6110F4CE863DC2C5B0310352 /* FeatureSettingsDomain.framework in Dependencies */ = {isa = PBXBuildFile; fileRef = 02CA10558EC098FA65F07ABA /* FeatureSettingsDomain.framework */; };
		70DCFAB1DDF6CDA6D50B1F38 /* DesignSystem.framework in Frameworks */ = {isa = PBXBuildFile; fileRef = 43A2460DD2655715F30ECC3F /* DesignSystem.framework */; };
		768F6E8344F023B4778937D0 /* FeatureSettingsDataRepository.framework in Dependencies */ = {isa = PBXBuildFile; fileRef = 609799B6FC094183249B3CB7 /* FeatureSettingsDataRepository.framework */; };
		9077518A5F4CBD8AEA6A6E0F /* Tests.swift in Sources */ = {isa = PBXBuildFile; fileRef = E73E1EF5DF11AD73808CCB50 /* Tests.swift */; };
		A005864C4661FEC5263FAD3F /* FeatureUserInterfaceComponent.framework in Frameworks */ = {isa = PBXBuildFile; fileRef = BF082AA27D62D7FE0E76EF70 /* FeatureUserInterfaceComponent.framework */; };
		A47F3F0246E78D5F2E12C357 /* FeatureDataRepositoryComponent.framework in Frameworks */ = {isa = PBXBuildFile; fileRef = 4948F38F48C86BDED43AC8FD /* FeatureDataRepositoryComponent.framework */; };
		AD98306AC4872E618561C85A /* FeatureDomainComponent.framework in Frameworks */ = {isa = PBXBuildFile; fileRef = 58248BDD3813D62049167D24 /* FeatureDomainComponent.framework */; };
		B6CE460EE771479321318CF1 /* FeatureSettingsDataRepository.framework in Frameworks */ = {isa = PBXBuildFile; fileRef = 609799B6FC094183249B3CB7 /* FeatureSettingsDataRepository.framework */; };
		BD3ACF089C6D9DB3AFD205A0 /* FeatureSettingsDomain.framework in Frameworks */ = {isa = PBXBuildFile; fileRef = 02CA10558EC098FA65F07ABA /* FeatureSettingsDomain.framework */; };
		EDDCB273D18A6CA302D0CBA0 /* ThirdPartyLibraryManager.framework in Frameworks */ = {isa = PBXBuildFile; fileRef = 8233A92AF834F6BB43A693FA /* ThirdPartyLibraryManager.framework */; };
		FA1D7B66A62334A47E97B9B5 /* Dummy.swift in Sources */ = {isa = PBXBuildFile; fileRef = 0C2DB3ECC0D0D05D87B3F1C7 /* Dummy.swift */; };
/* End PBXBuildFile section */

/* Begin PBXContainerItemProxy section */
		89FA9AA1C5393E3FAA7E5F25 /* PBXContainerItemProxy */ = {
			isa = PBXContainerItemProxy;
			containerPortal = 6FEFDD618F94CA94F7C1F68B /* Project object */;
			proxyType = 1;
			remoteGlobalIDString = 52AFCA8AF7816A4A7ACFBB46;
			remoteInfo = FeatureSettingsPackage;
		};
/* End PBXContainerItemProxy section */

/* Begin PBXCopyFilesBuildPhase section */
		5A6418494E9BCEA25F1DC096 /* Embed Frameworks */ = {
			isa = PBXCopyFilesBuildPhase;
			buildActionMask = 2147483647;
			dstPath = "";
			dstSubfolderSpec = 10;
			files = (
			);
			name = "Embed Frameworks";
			runOnlyForDeploymentPostprocessing = 0;
		};
		A2ED8203D014194ED7C29415 /* Dependencies */ = {
			isa = PBXCopyFilesBuildPhase;
			buildActionMask = 8;
			dstSubfolderSpec = 16;
			files = (
				768F6E8344F023B4778937D0 /* FeatureSettingsDataRepository.framework in Dependencies */,
				6110F4CE863DC2C5B0310352 /* FeatureSettingsDomain.framework in Dependencies */,
				0B2AFA935344FAAF208FC9BE /* FeatureSettingsUserInterface.framework in Dependencies */,
			);
			name = Dependencies;
			runOnlyForDeploymentPostprocessing = 1;
		};
		F57BCA893C03D8A9A13206EA /* Embed Frameworks */ = {
			isa = PBXCopyFilesBuildPhase;
			buildActionMask = 2147483647;
			dstPath = "";
			dstSubfolderSpec = 10;
			files = (
			);
			name = "Embed Frameworks";
			runOnlyForDeploymentPostprocessing = 0;
		};
/* End PBXCopyFilesBuildPhase section */

/* Begin PBXFileReference section */
		02CA10558EC098FA65F07ABA /* FeatureSettingsDomain.framework */ = {isa = PBXFileReference; explicitFileType = wrapper.framework; includeInIndex = 0; path = FeatureSettingsDomain.framework; sourceTree = BUILT_PRODUCTS_DIR; };
		05E5B9628A708017C8FD88F8 /* FeatureSettingsPackage-DEV.xcconfig */ = {isa = PBXFileReference; lastKnownFileType = text.xcconfig; path = "FeatureSettingsPackage-DEV.xcconfig"; sourceTree = "<group>"; };
		0C2DB3ECC0D0D05D87B3F1C7 /* Dummy.swift */ = {isa = PBXFileReference; lastKnownFileType = sourcecode.swift; path = Dummy.swift; sourceTree = "<group>"; };
		1B0D79EF7F3E16FE20985032 /* FeatureSettingsPackage.framework */ = {isa = PBXFileReference; explicitFileType = wrapper.framework; includeInIndex = 0; path = FeatureSettingsPackage.framework; sourceTree = BUILT_PRODUCTS_DIR; };
		20B18F1463190BDFC9E17F60 /* CoreKit.framework */ = {isa = PBXFileReference; explicitFileType = wrapper.framework; includeInIndex = 0; path = CoreKit.framework; sourceTree = BUILT_PRODUCTS_DIR; };
		2E5CF43687111A4073B196AE /* FeatureSettingsUserInterface.framework */ = {isa = PBXFileReference; explicitFileType = wrapper.framework; includeInIndex = 0; path = FeatureSettingsUserInterface.framework; sourceTree = BUILT_PRODUCTS_DIR; };
		3680DA437B67DED80FBEC9AD /* RxPackage.framework */ = {isa = PBXFileReference; explicitFileType = wrapper.framework; includeInIndex = 0; path = RxPackage.framework; sourceTree = BUILT_PRODUCTS_DIR; };
		43A2460DD2655715F30ECC3F /* DesignSystem.framework */ = {isa = PBXFileReference; explicitFileType = wrapper.framework; includeInIndex = 0; path = DesignSystem.framework; sourceTree = BUILT_PRODUCTS_DIR; };
		4948F38F48C86BDED43AC8FD /* FeatureDataRepositoryComponent.framework */ = {isa = PBXFileReference; explicitFileType = wrapper.framework; includeInIndex = 0; path = FeatureDataRepositoryComponent.framework; sourceTree = BUILT_PRODUCTS_DIR; };
		58248BDD3813D62049167D24 /* FeatureDomainComponent.framework */ = {isa = PBXFileReference; explicitFileType = wrapper.framework; includeInIndex = 0; path = FeatureDomainComponent.framework; sourceTree = BUILT_PRODUCTS_DIR; };
		609799B6FC094183249B3CB7 /* FeatureSettingsDataRepository.framework */ = {isa = PBXFileReference; explicitFileType = wrapper.framework; includeInIndex = 0; path = FeatureSettingsDataRepository.framework; sourceTree = BUILT_PRODUCTS_DIR; };
		8233A92AF834F6BB43A693FA /* ThirdPartyLibraryManager.framework */ = {isa = PBXFileReference; explicitFileType = wrapper.framework; includeInIndex = 0; path = ThirdPartyLibraryManager.framework; sourceTree = BUILT_PRODUCTS_DIR; };
		86921E4A8906AA2803FF0448 /* FeatureSettingsPackage-STAGE.xcconfig */ = {isa = PBXFileReference; lastKnownFileType = text.xcconfig; path = "FeatureSettingsPackage-STAGE.xcconfig"; sourceTree = "<group>"; };
		A6AFCE2DE133F1C30099A287 /* FeatureSettingsPackage-TEST.xcconfig */ = {isa = PBXFileReference; lastKnownFileType = text.xcconfig; path = "FeatureSettingsPackage-TEST.xcconfig"; sourceTree = "<group>"; };
		BAB1A54D85B4F4D09579789C /* FeatureSettingsPackage-PROD.xcconfig */ = {isa = PBXFileReference; lastKnownFileType = text.xcconfig; path = "FeatureSettingsPackage-PROD.xcconfig"; sourceTree = "<group>"; };
		BF082AA27D62D7FE0E76EF70 /* FeatureUserInterfaceComponent.framework */ = {isa = PBXFileReference; explicitFileType = wrapper.framework; includeInIndex = 0; path = FeatureUserInterfaceComponent.framework; sourceTree = BUILT_PRODUCTS_DIR; };
		D6B6E19494F094FF5C4EC673 /* FeatureSettingsPackageTests.xctest */ = {isa = PBXFileReference; explicitFileType = wrapper.cfbundle; includeInIndex = 0; path = FeatureSettingsPackageTests.xctest; sourceTree = BUILT_PRODUCTS_DIR; };
		DA87343D7FB795B6454C6696 /* FeatureSettingsPackageTests.plist */ = {isa = PBXFileReference; lastKnownFileType = text.plist; path = FeatureSettingsPackageTests.plist; sourceTree = "<group>"; };
		E73E1EF5DF11AD73808CCB50 /* Tests.swift */ = {isa = PBXFileReference; lastKnownFileType = sourcecode.swift; path = Tests.swift; sourceTree = "<group>"; };
		ECFE714B52EE90B539057036 /* FeatureSettingsPackage.plist */ = {isa = PBXFileReference; lastKnownFileType = text.plist; path = FeatureSettingsPackage.plist; sourceTree = "<group>"; };
/* End PBXFileReference section */

/* Begin PBXFrameworksBuildPhase section */
		21B00FD34A1100A922F73154 /* Frameworks */ = {
			isa = PBXFrameworksBuildPhase;
			buildActionMask = 2147483647;
			files = (
			);
			runOnlyForDeploymentPostprocessing = 0;
		};
		9D3033AB83B83735EFA06717 /* Frameworks */ = {
			isa = PBXFrameworksBuildPhase;
			buildActionMask = 2147483647;
			files = (
				483D69A271F3005948480F2E /* CoreKit.framework in Frameworks */,
				70DCFAB1DDF6CDA6D50B1F38 /* DesignSystem.framework in Frameworks */,
				A47F3F0246E78D5F2E12C357 /* FeatureDataRepositoryComponent.framework in Frameworks */,
				AD98306AC4872E618561C85A /* FeatureDomainComponent.framework in Frameworks */,
				B6CE460EE771479321318CF1 /* FeatureSettingsDataRepository.framework in Frameworks */,
				BD3ACF089C6D9DB3AFD205A0 /* FeatureSettingsDomain.framework in Frameworks */,
				5DD5D61AFC922DD8DA5107AE /* FeatureSettingsPackage.framework in Frameworks */,
				050AFF446BBEDEA7F7CF88B2 /* FeatureSettingsUserInterface.framework in Frameworks */,
				A005864C4661FEC5263FAD3F /* FeatureUserInterfaceComponent.framework in Frameworks */,
				230D82924B3B20A154398ED0 /* RxPackage.framework in Frameworks */,
				EDDCB273D18A6CA302D0CBA0 /* ThirdPartyLibraryManager.framework in Frameworks */,
			);
			runOnlyForDeploymentPostprocessing = 0;
		};
/* End PBXFrameworksBuildPhase section */

/* Begin PBXGroup section */
		0ED25D246D8C972562FC3E11 /* Sources */ = {
			isa = PBXGroup;
			children = (
				0C2DB3ECC0D0D05D87B3F1C7 /* Dummy.swift */,
			);
			path = Sources;
			sourceTree = "<group>";
		};
		22C83FBE2579D9A39C55A2C6 /* Frameworks */ = {
			isa = PBXGroup;
			children = (
			);
			name = Frameworks;
			sourceTree = "<group>";
		};
		274ED6758EE525A3D51F6B06 /* XCConfig */ = {
			isa = PBXGroup;
			children = (
				BFF88A911367856B88054D89 /* FeatureSettingsPackage */,
			);
			name = XCConfig;
			path = ../../../../XCConfig;
			sourceTree = "<group>";
		};
		37B2F2A0FF8368A72B5BC80C = {
			isa = PBXGroup;
			children = (
				56F52FCAC3A979BCF7767058 /* Project */,
				22C83FBE2579D9A39C55A2C6 /* Frameworks */,
				EFCA0A80ECA4064625152387 /* Products */,
			);
			sourceTree = "<group>";
		};
		56F52FCAC3A979BCF7767058 /* Project */ = {
			isa = PBXGroup;
			children = (
				B14F22FB8B563D67BD6D9D99 /* Derived */,
				0ED25D246D8C972562FC3E11 /* Sources */,
				7B1A10D0E7870C58A14C4639 /* Tests */,
				274ED6758EE525A3D51F6B06 /* XCConfig */,
			);
			name = Project;
			sourceTree = "<group>";
		};
		7B1A10D0E7870C58A14C4639 /* Tests */ = {
			isa = PBXGroup;
			children = (
				E73E1EF5DF11AD73808CCB50 /* Tests.swift */,
			);
			path = Tests;
			sourceTree = "<group>";
		};
		B14F22FB8B563D67BD6D9D99 /* Derived */ = {
			isa = PBXGroup;
			children = (
				B675ED360E9AE22452281E29 /* InfoPlists */,
			);
			path = Derived;
			sourceTree = "<group>";
		};
		B675ED360E9AE22452281E29 /* InfoPlists */ = {
			isa = PBXGroup;
			children = (
				ECFE714B52EE90B539057036 /* FeatureSettingsPackage.plist */,
				DA87343D7FB795B6454C6696 /* FeatureSettingsPackageTests.plist */,
			);
			path = InfoPlists;
			sourceTree = "<group>";
		};
		BFF88A911367856B88054D89 /* FeatureSettingsPackage */ = {
			isa = PBXGroup;
			children = (
				05E5B9628A708017C8FD88F8 /* FeatureSettingsPackage-DEV.xcconfig */,
				BAB1A54D85B4F4D09579789C /* FeatureSettingsPackage-PROD.xcconfig */,
				86921E4A8906AA2803FF0448 /* FeatureSettingsPackage-STAGE.xcconfig */,
				A6AFCE2DE133F1C30099A287 /* FeatureSettingsPackage-TEST.xcconfig */,
			);
			path = FeatureSettingsPackage;
			sourceTree = "<group>";
		};
		EFCA0A80ECA4064625152387 /* Products */ = {
			isa = PBXGroup;
			children = (
				20B18F1463190BDFC9E17F60 /* CoreKit.framework */,
				43A2460DD2655715F30ECC3F /* DesignSystem.framework */,
				4948F38F48C86BDED43AC8FD /* FeatureDataRepositoryComponent.framework */,
				58248BDD3813D62049167D24 /* FeatureDomainComponent.framework */,
				609799B6FC094183249B3CB7 /* FeatureSettingsDataRepository.framework */,
				02CA10558EC098FA65F07ABA /* FeatureSettingsDomain.framework */,
				1B0D79EF7F3E16FE20985032 /* FeatureSettingsPackage.framework */,
				D6B6E19494F094FF5C4EC673 /* FeatureSettingsPackageTests.xctest */,
				2E5CF43687111A4073B196AE /* FeatureSettingsUserInterface.framework */,
				BF082AA27D62D7FE0E76EF70 /* FeatureUserInterfaceComponent.framework */,
				3680DA437B67DED80FBEC9AD /* RxPackage.framework */,
				8233A92AF834F6BB43A693FA /* ThirdPartyLibraryManager.framework */,
			);
			name = Products;
			sourceTree = "<group>";
		};
/* End PBXGroup section */

/* Begin PBXNativeTarget section */
		52AFCA8AF7816A4A7ACFBB46 /* FeatureSettingsPackage */ = {
			isa = PBXNativeTarget;
			buildConfigurationList = E7B07ACA6F5FF528F471B3FE /* Build configuration list for PBXNativeTarget "FeatureSettingsPackage" */;
			buildPhases = (
				862C6C6F6DEC430953C1EB3F /* Sources */,
				C2C6E9876BFC4197FD0D749E /* Resources */,
				BC06806B3C12BCA1D9DB62A2 /* Embed Precompiled Frameworks */,
				5A6418494E9BCEA25F1DC096 /* Embed Frameworks */,
				21B00FD34A1100A922F73154 /* Frameworks */,
				A2ED8203D014194ED7C29415 /* Dependencies */,
			);
			buildRules = (
			);
			dependencies = (
			);
			name = FeatureSettingsPackage;
			productName = FeatureSettingsPackage;
			productReference = 1B0D79EF7F3E16FE20985032 /* FeatureSettingsPackage.framework */;
			productType = "com.apple.product-type.framework";
		};
		B56021F8145709E6DF922093 /* FeatureSettingsPackageTests */ = {
			isa = PBXNativeTarget;
			buildConfigurationList = 4A20DCF522766204D9E52077 /* Build configuration list for PBXNativeTarget "FeatureSettingsPackageTests" */;
			buildPhases = (
				F1D35F635DDB286F83883D6C /* Sources */,
				1594D8787767E22A0940DCAF /* Resources */,
				7EF84ED88CB47E7614FF471A /* Embed Precompiled Frameworks */,
				F57BCA893C03D8A9A13206EA /* Embed Frameworks */,
				9D3033AB83B83735EFA06717 /* Frameworks */,
			);
			buildRules = (
			);
			dependencies = (
				A940BEA13A2D6746087D6461 /* PBXTargetDependency */,
			);
			name = FeatureSettingsPackageTests;
			productName = FeatureSettingsPackageTests;
			productReference = D6B6E19494F094FF5C4EC673 /* FeatureSettingsPackageTests.xctest */;
			productType = "com.apple.product-type.bundle.unit-test";
		};
/* End PBXNativeTarget section */

/* Begin PBXProject section */
		6FEFDD618F94CA94F7C1F68B /* Project object */ = {
			isa = PBXProject;
			attributes = {
				ORGANIZATIONNAME = minsone;
				TargetAttributes = {
				};
			};
			buildConfigurationList = 0640EDA13A8BEA579BEC9C9D /* Build configuration list for PBXProject "FeatureSettingsPackage" */;
			compatibilityVersion = "Xcode 9.3";
			developmentRegion = en;
			hasScannedForEncodings = 0;
			knownRegions = (
				Base,
				en,
			);
			mainGroup = 37B2F2A0FF8368A72B5BC80C;
			productRefGroup = EFCA0A80ECA4064625152387 /* Products */;
			projectDirPath = "";
			projectRoot = "";
			targets = (
				52AFCA8AF7816A4A7ACFBB46 /* FeatureSettingsPackage */,
				B56021F8145709E6DF922093 /* FeatureSettingsPackageTests */,
			);
		};
/* End PBXProject section */

/* Begin PBXResourcesBuildPhase section */
		1594D8787767E22A0940DCAF /* Resources */ = {
			isa = PBXResourcesBuildPhase;
			buildActionMask = 2147483647;
			files = (
			);
			runOnlyForDeploymentPostprocessing = 0;
		};
		C2C6E9876BFC4197FD0D749E /* Resources */ = {
			isa = PBXResourcesBuildPhase;
			buildActionMask = 2147483647;
			files = (
			);
			runOnlyForDeploymentPostprocessing = 0;
		};
/* End PBXResourcesBuildPhase section */

/* Begin PBXShellScriptBuildPhase section */
		7EF84ED88CB47E7614FF471A /* Embed Precompiled Frameworks */ = {
			isa = PBXShellScriptBuildPhase;
			buildActionMask = 2147483647;
			files = (
			);
			inputPaths = (
			);
			name = "Embed Precompiled Frameworks";
			outputPaths = (
			);
			runOnlyForDeploymentPostprocessing = 0;
			shellPath = /bin/sh;
			shellScript = "echo \"Skipping, nothing to be embedded.\"";
		};
		BC06806B3C12BCA1D9DB62A2 /* Embed Precompiled Frameworks */ = {
			isa = PBXShellScriptBuildPhase;
			buildActionMask = 2147483647;
			files = (
			);
			inputPaths = (
			);
			name = "Embed Precompiled Frameworks";
			outputPaths = (
			);
			runOnlyForDeploymentPostprocessing = 0;
			shellPath = /bin/sh;
			shellScript = "echo \"Skipping, nothing to be embedded.\"";
		};
/* End PBXShellScriptBuildPhase section */

/* Begin PBXSourcesBuildPhase section */
		862C6C6F6DEC430953C1EB3F /* Sources */ = {
			isa = PBXSourcesBuildPhase;
			buildActionMask = 2147483647;
			files = (
				FA1D7B66A62334A47E97B9B5 /* Dummy.swift in Sources */,
			);
			runOnlyForDeploymentPostprocessing = 0;
		};
		F1D35F635DDB286F83883D6C /* Sources */ = {
			isa = PBXSourcesBuildPhase;
			buildActionMask = 2147483647;
			files = (
				9077518A5F4CBD8AEA6A6E0F /* Tests.swift in Sources */,
			);
			runOnlyForDeploymentPostprocessing = 0;
		};
/* End PBXSourcesBuildPhase section */

/* Begin PBXTargetDependency section */
		A940BEA13A2D6746087D6461 /* PBXTargetDependency */ = {
			isa = PBXTargetDependency;
			name = FeatureSettingsPackage;
			target = 52AFCA8AF7816A4A7ACFBB46 /* FeatureSettingsPackage */;
			targetProxy = 89FA9AA1C5393E3FAA7E5F25 /* PBXContainerItemProxy */;
		};
/* End PBXTargetDependency section */

/* Begin XCBuildConfiguration section */
		1F1B22784A2298A3382F24EF /* DEV */ = {
			isa = XCBuildConfiguration;
			baseConfigurationReference = 05E5B9628A708017C8FD88F8 /* FeatureSettingsPackage-DEV.xcconfig */;
			buildSettings = {
				ALWAYS_SEARCH_USER_PATHS = NO;
				CLANG_ANALYZER_NONNULL = YES;
				CLANG_ANALYZER_NUMBER_OBJECT_CONVERSION = YES_AGGRESSIVE;
				CLANG_CXX_LANGUAGE_STANDARD = "gnu++14";
				CLANG_CXX_LIBRARY = "libc++";
				CLANG_ENABLE_MODULES = YES;
				CLANG_ENABLE_OBJC_ARC = YES;
				CLANG_ENABLE_OBJC_WEAK = YES;
				CLANG_WARN_BLOCK_CAPTURE_AUTORELEASING = YES;
				CLANG_WARN_BOOL_CONVERSION = YES;
				CLANG_WARN_COMMA = YES;
				CLANG_WARN_CONSTANT_CONVERSION = YES;
				CLANG_WARN_DEPRECATED_OBJC_IMPLEMENTATIONS = YES;
				CLANG_WARN_DIRECT_OBJC_ISA_USAGE = YES_ERROR;
				CLANG_WARN_DOCUMENTATION_COMMENTS = YES;
				CLANG_WARN_EMPTY_BODY = YES;
				CLANG_WARN_ENUM_CONVERSION = YES;
				CLANG_WARN_INFINITE_RECURSION = YES;
				CLANG_WARN_INT_CONVERSION = YES;
				CLANG_WARN_NON_LITERAL_NULL_CONVERSION = YES;
				CLANG_WARN_OBJC_IMPLICIT_RETAIN_SELF = YES;
				CLANG_WARN_OBJC_LITERAL_CONVERSION = YES;
				CLANG_WARN_OBJC_ROOT_CLASS = YES_ERROR;
				CLANG_WARN_QUOTED_INCLUDE_IN_FRAMEWORK_HEADER = YES;
				CLANG_WARN_RANGE_LOOP_ANALYSIS = YES;
				CLANG_WARN_STRICT_PROTOTYPES = YES;
				CLANG_WARN_SUSPICIOUS_MOVE = YES;
				CLANG_WARN_UNGUARDED_AVAILABILITY = YES_AGGRESSIVE;
				CLANG_WARN_UNREACHABLE_CODE = YES;
				CLANG_WARN__DUPLICATE_METHOD_MATCH = YES;
				CODE_SIGNING_REQUIRED = NO;
				CODE_SIGN_IDENTITY = "";
				COPY_PHASE_STRIP = NO;
				DEBUG_INFORMATION_FORMAT = dwarf;
				ENABLE_STRICT_OBJC_MSGSEND = YES;
				ENABLE_TESTABILITY = YES;
				GCC_C_LANGUAGE_STANDARD = gnu11;
				GCC_DYNAMIC_NO_PIC = NO;
				GCC_NO_COMMON_BLOCKS = YES;
				GCC_OPTIMIZATION_LEVEL = 0;
				GCC_PREPROCESSOR_DEFINITIONS = (
					"DEBUG=1",
					"$(inherited)",
				);
				GCC_WARN_64_TO_32_BIT_CONVERSION = YES;
				GCC_WARN_ABOUT_RETURN_TYPE = YES_ERROR;
				GCC_WARN_UNDECLARED_SELECTOR = YES;
				GCC_WARN_UNINITIALIZED_AUTOS = YES_AGGRESSIVE;
				GCC_WARN_UNUSED_FUNCTION = YES;
				GCC_WARN_UNUSED_VARIABLE = YES;
				MTL_ENABLE_DEBUG_INFO = YES;
				ONLY_ACTIVE_ARCH = YES;
				PRODUCT_NAME = "$(TARGET_NAME)";
			};
			name = DEV;
		};
		20C6C8AB702229BD113BC67C /* DEV */ = {
			isa = XCBuildConfiguration;
			buildSettings = {
				CODE_SIGN_IDENTITY = "";
				CURRENT_PROJECT_VERSION = 1;
				DEFINES_MODULE = YES;
				DYLIB_COMPATIBILITY_VERSION = 1;
				DYLIB_CURRENT_VERSION = 1;
				DYLIB_INSTALL_NAME_BASE = "@rpath";
				INFOPLIST_FILE = Derived/InfoPlists/FeatureSettingsPackage.plist;
				INSTALL_PATH = "$(LOCAL_LIBRARY_DIR)/Frameworks";
				IPHONEOS_DEPLOYMENT_TARGET = 13.0;
				LD_RUNPATH_SEARCH_PATHS = (
					"$(inherited)",
					"@executable_path/Frameworks",
					"@loader_path/Frameworks",
				);
				MACH_O_TYPE = staticlib;
				PRODUCT_BUNDLE_IDENTIFIER = kr.minsone.FeatureSettingsPackage;
				PRODUCT_NAME = FeatureSettingsPackage;
				SDKROOT = iphoneos;
				SKIP_INSTALL = YES;
				SUPPORTED_PLATFORMS = "iphonesimulator iphoneos";
				SWIFT_ACTIVE_COMPILATION_CONDITIONS = DEBUG;
				SWIFT_COMPILATION_MODE = singlefile;
				SWIFT_OPTIMIZATION_LEVEL = "-Onone";
				SWIFT_VERSION = 5.4.2;
				TARGETED_DEVICE_FAMILY = 1;
				VERSIONING_SYSTEM = "apple-generic";
				VERSION_INFO_PREFIX = "";
			};
			name = DEV;
		};
		3E6377EEC0AA03D2A8799690 /* TEST */ = {
			isa = XCBuildConfiguration;
			baseConfigurationReference = A6AFCE2DE133F1C30099A287 /* FeatureSettingsPackage-TEST.xcconfig */;
			buildSettings = {
				ALWAYS_SEARCH_USER_PATHS = NO;
				CLANG_ANALYZER_NONNULL = YES;
				CLANG_ANALYZER_NUMBER_OBJECT_CONVERSION = YES_AGGRESSIVE;
				CLANG_CXX_LANGUAGE_STANDARD = "gnu++14";
				CLANG_CXX_LIBRARY = "libc++";
				CLANG_ENABLE_MODULES = YES;
				CLANG_ENABLE_OBJC_ARC = YES;
				CLANG_ENABLE_OBJC_WEAK = YES;
				CLANG_WARN_BLOCK_CAPTURE_AUTORELEASING = YES;
				CLANG_WARN_BOOL_CONVERSION = YES;
				CLANG_WARN_COMMA = YES;
				CLANG_WARN_CONSTANT_CONVERSION = YES;
				CLANG_WARN_DEPRECATED_OBJC_IMPLEMENTATIONS = YES;
				CLANG_WARN_DIRECT_OBJC_ISA_USAGE = YES_ERROR;
				CLANG_WARN_DOCUMENTATION_COMMENTS = YES;
				CLANG_WARN_EMPTY_BODY = YES;
				CLANG_WARN_ENUM_CONVERSION = YES;
				CLANG_WARN_INFINITE_RECURSION = YES;
				CLANG_WARN_INT_CONVERSION = YES;
				CLANG_WARN_NON_LITERAL_NULL_CONVERSION = YES;
				CLANG_WARN_OBJC_IMPLICIT_RETAIN_SELF = YES;
				CLANG_WARN_OBJC_LITERAL_CONVERSION = YES;
				CLANG_WARN_OBJC_ROOT_CLASS = YES_ERROR;
				CLANG_WARN_QUOTED_INCLUDE_IN_FRAMEWORK_HEADER = YES;
				CLANG_WARN_RANGE_LOOP_ANALYSIS = YES;
				CLANG_WARN_STRICT_PROTOTYPES = YES;
				CLANG_WARN_SUSPICIOUS_MOVE = YES;
				CLANG_WARN_UNGUARDED_AVAILABILITY = YES_AGGRESSIVE;
				CLANG_WARN_UNREACHABLE_CODE = YES;
				CLANG_WARN__DUPLICATE_METHOD_MATCH = YES;
				CODE_SIGNING_REQUIRED = NO;
				CODE_SIGN_IDENTITY = "";
				COPY_PHASE_STRIP = NO;
				DEBUG_INFORMATION_FORMAT = dwarf;
				ENABLE_STRICT_OBJC_MSGSEND = YES;
				ENABLE_TESTABILITY = YES;
				GCC_C_LANGUAGE_STANDARD = gnu11;
				GCC_DYNAMIC_NO_PIC = NO;
				GCC_NO_COMMON_BLOCKS = YES;
				GCC_OPTIMIZATION_LEVEL = 0;
				GCC_PREPROCESSOR_DEFINITIONS = (
					"DEBUG=1",
					"$(inherited)",
				);
				GCC_WARN_64_TO_32_BIT_CONVERSION = YES;
				GCC_WARN_ABOUT_RETURN_TYPE = YES_ERROR;
				GCC_WARN_UNDECLARED_SELECTOR = YES;
				GCC_WARN_UNINITIALIZED_AUTOS = YES_AGGRESSIVE;
				GCC_WARN_UNUSED_FUNCTION = YES;
				GCC_WARN_UNUSED_VARIABLE = YES;
				MTL_ENABLE_DEBUG_INFO = YES;
				ONLY_ACTIVE_ARCH = YES;
				PRODUCT_NAME = "$(TARGET_NAME)";
			};
			name = TEST;
		};
		6409DC727310C3ADC5840B9C /* TEST */ = {
			isa = XCBuildConfiguration;
			buildSettings = {
				CODE_SIGN_IDENTITY = "iPhone Developer";
				INFOPLIST_FILE = Derived/InfoPlists/FeatureSettingsPackageTests.plist;
				IPHONEOS_DEPLOYMENT_TARGET = 13.0;
				LD_RUNPATH_SEARCH_PATHS = (
					"$(inherited)",
					"$(SRCROOT)/../../../../Vendor/DesignSystem",
					"@executable_path/Frameworks",
					"@loader_path/Frameworks",
				);
				PRODUCT_BUNDLE_IDENTIFIER = kr.minsone.FeatureSettingsPackageTests;
				PRODUCT_NAME = FeatureSettingsPackageTests;
				SDKROOT = iphoneos;
				SUPPORTED_PLATFORMS = "iphonesimulator iphoneos";
				SWIFT_ACTIVE_COMPILATION_CONDITIONS = DEBUG;
				SWIFT_COMPILATION_MODE = singlefile;
				SWIFT_OPTIMIZATION_LEVEL = "-Onone";
				SWIFT_VERSION = 5.4.2;
				TARGETED_DEVICE_FAMILY = 1;
			};
			name = TEST;
		};
		6D3FFFA63A6FBA902806C189 /* STAGE */ = {
			isa = XCBuildConfiguration;
			buildSettings = {
				CODE_SIGN_IDENTITY = "iPhone Developer";
				INFOPLIST_FILE = Derived/InfoPlists/FeatureSettingsPackageTests.plist;
				IPHONEOS_DEPLOYMENT_TARGET = 13.0;
				LD_RUNPATH_SEARCH_PATHS = (
					"$(inherited)",
					"$(SRCROOT)/../../../../Vendor/DesignSystem",
					"@executable_path/Frameworks",
					"@loader_path/Frameworks",
				);
				PRODUCT_BUNDLE_IDENTIFIER = kr.minsone.FeatureSettingsPackageTests;
				PRODUCT_NAME = FeatureSettingsPackageTests;
				SDKROOT = iphoneos;
				SUPPORTED_PLATFORMS = "iphonesimulator iphoneos";
				SWIFT_ACTIVE_COMPILATION_CONDITIONS = DEBUG;
				SWIFT_COMPILATION_MODE = singlefile;
				SWIFT_OPTIMIZATION_LEVEL = "-Onone";
				SWIFT_VERSION = 5.4.2;
				TARGETED_DEVICE_FAMILY = 1;
			};
			name = STAGE;
		};
		7C77D6D43AB61C8755390789 /* PROD */ = {
			isa = XCBuildConfiguration;
			buildSettings = {
				CODE_SIGN_IDENTITY = "";
				CURRENT_PROJECT_VERSION = 1;
				DEFINES_MODULE = YES;
				DYLIB_COMPATIBILITY_VERSION = 1;
				DYLIB_CURRENT_VERSION = 1;
				DYLIB_INSTALL_NAME_BASE = "@rpath";
				INFOPLIST_FILE = Derived/InfoPlists/FeatureSettingsPackage.plist;
				INSTALL_PATH = "$(LOCAL_LIBRARY_DIR)/Frameworks";
				IPHONEOS_DEPLOYMENT_TARGET = 13.0;
				LD_RUNPATH_SEARCH_PATHS = (
					"$(inherited)",
					"@executable_path/Frameworks",
					"@loader_path/Frameworks",
				);
				MACH_O_TYPE = staticlib;
				PRODUCT_BUNDLE_IDENTIFIER = kr.minsone.FeatureSettingsPackage;
				PRODUCT_NAME = FeatureSettingsPackage;
				SDKROOT = iphoneos;
				SKIP_INSTALL = YES;
				SUPPORTED_PLATFORMS = "iphonesimulator iphoneos";
				SWIFT_COMPILATION_MODE = wholemodule;
				SWIFT_OPTIMIZATION_LEVEL = "-Owholemodule";
				SWIFT_VERSION = 5.4.2;
				TARGETED_DEVICE_FAMILY = 1;
				VERSIONING_SYSTEM = "apple-generic";
				VERSION_INFO_PREFIX = "";
			};
			name = PROD;
		};
		90EA9B6CFDEF9E794F80A09F /* STAGE */ = {
			isa = XCBuildConfiguration;
			buildSettings = {
				CODE_SIGN_IDENTITY = "";
				CURRENT_PROJECT_VERSION = 1;
				DEFINES_MODULE = YES;
				DYLIB_COMPATIBILITY_VERSION = 1;
				DYLIB_CURRENT_VERSION = 1;
				DYLIB_INSTALL_NAME_BASE = "@rpath";
				INFOPLIST_FILE = Derived/InfoPlists/FeatureSettingsPackage.plist;
				INSTALL_PATH = "$(LOCAL_LIBRARY_DIR)/Frameworks";
				IPHONEOS_DEPLOYMENT_TARGET = 13.0;
				LD_RUNPATH_SEARCH_PATHS = (
					"$(inherited)",
					"@executable_path/Frameworks",
					"@loader_path/Frameworks",
				);
				MACH_O_TYPE = staticlib;
				PRODUCT_BUNDLE_IDENTIFIER = kr.minsone.FeatureSettingsPackage;
				PRODUCT_NAME = FeatureSettingsPackage;
				SDKROOT = iphoneos;
				SKIP_INSTALL = YES;
				SUPPORTED_PLATFORMS = "iphonesimulator iphoneos";
				SWIFT_ACTIVE_COMPILATION_CONDITIONS = DEBUG;
				SWIFT_COMPILATION_MODE = singlefile;
				SWIFT_OPTIMIZATION_LEVEL = "-Onone";
				SWIFT_VERSION = 5.4.2;
				TARGETED_DEVICE_FAMILY = 1;
				VERSIONING_SYSTEM = "apple-generic";
				VERSION_INFO_PREFIX = "";
			};
			name = STAGE;
		};
		982885AB40FC1747A3802531 /* STAGE */ = {
			isa = XCBuildConfiguration;
			baseConfigurationReference = 86921E4A8906AA2803FF0448 /* FeatureSettingsPackage-STAGE.xcconfig */;
			buildSettings = {
				ALWAYS_SEARCH_USER_PATHS = NO;
				CLANG_ANALYZER_NONNULL = YES;
				CLANG_ANALYZER_NUMBER_OBJECT_CONVERSION = YES_AGGRESSIVE;
				CLANG_CXX_LANGUAGE_STANDARD = "gnu++14";
				CLANG_CXX_LIBRARY = "libc++";
				CLANG_ENABLE_MODULES = YES;
				CLANG_ENABLE_OBJC_ARC = YES;
				CLANG_ENABLE_OBJC_WEAK = YES;
				CLANG_WARN_BLOCK_CAPTURE_AUTORELEASING = YES;
				CLANG_WARN_BOOL_CONVERSION = YES;
				CLANG_WARN_COMMA = YES;
				CLANG_WARN_CONSTANT_CONVERSION = YES;
				CLANG_WARN_DEPRECATED_OBJC_IMPLEMENTATIONS = YES;
				CLANG_WARN_DIRECT_OBJC_ISA_USAGE = YES_ERROR;
				CLANG_WARN_DOCUMENTATION_COMMENTS = YES;
				CLANG_WARN_EMPTY_BODY = YES;
				CLANG_WARN_ENUM_CONVERSION = YES;
				CLANG_WARN_INFINITE_RECURSION = YES;
				CLANG_WARN_INT_CONVERSION = YES;
				CLANG_WARN_NON_LITERAL_NULL_CONVERSION = YES;
				CLANG_WARN_OBJC_IMPLICIT_RETAIN_SELF = YES;
				CLANG_WARN_OBJC_LITERAL_CONVERSION = YES;
				CLANG_WARN_OBJC_ROOT_CLASS = YES_ERROR;
				CLANG_WARN_QUOTED_INCLUDE_IN_FRAMEWORK_HEADER = YES;
				CLANG_WARN_RANGE_LOOP_ANALYSIS = YES;
				CLANG_WARN_STRICT_PROTOTYPES = YES;
				CLANG_WARN_SUSPICIOUS_MOVE = YES;
				CLANG_WARN_UNGUARDED_AVAILABILITY = YES_AGGRESSIVE;
				CLANG_WARN_UNREACHABLE_CODE = YES;
				CLANG_WARN__DUPLICATE_METHOD_MATCH = YES;
				CODE_SIGNING_REQUIRED = NO;
				CODE_SIGN_IDENTITY = "";
				COPY_PHASE_STRIP = NO;
				DEBUG_INFORMATION_FORMAT = dwarf;
				ENABLE_STRICT_OBJC_MSGSEND = YES;
				ENABLE_TESTABILITY = YES;
				GCC_C_LANGUAGE_STANDARD = gnu11;
				GCC_DYNAMIC_NO_PIC = NO;
				GCC_NO_COMMON_BLOCKS = YES;
				GCC_OPTIMIZATION_LEVEL = 0;
				GCC_PREPROCESSOR_DEFINITIONS = (
					"DEBUG=1",
					"$(inherited)",
				);
				GCC_WARN_64_TO_32_BIT_CONVERSION = YES;
				GCC_WARN_ABOUT_RETURN_TYPE = YES_ERROR;
				GCC_WARN_UNDECLARED_SELECTOR = YES;
				GCC_WARN_UNINITIALIZED_AUTOS = YES_AGGRESSIVE;
				GCC_WARN_UNUSED_FUNCTION = YES;
				GCC_WARN_UNUSED_VARIABLE = YES;
				MTL_ENABLE_DEBUG_INFO = YES;
				ONLY_ACTIVE_ARCH = YES;
				PRODUCT_NAME = "$(TARGET_NAME)";
			};
			name = STAGE;
		};
		BEAD5B0F0336C79DB14D2662 /* PROD */ = {
			isa = XCBuildConfiguration;
			baseConfigurationReference = BAB1A54D85B4F4D09579789C /* FeatureSettingsPackage-PROD.xcconfig */;
			buildSettings = {
				ALWAYS_SEARCH_USER_PATHS = NO;
				CLANG_ANALYZER_NONNULL = YES;
				CLANG_ANALYZER_NUMBER_OBJECT_CONVERSION = YES_AGGRESSIVE;
				CLANG_CXX_LANGUAGE_STANDARD = "gnu++14";
				CLANG_CXX_LIBRARY = "libc++";
				CLANG_ENABLE_MODULES = YES;
				CLANG_ENABLE_OBJC_ARC = YES;
				CLANG_ENABLE_OBJC_WEAK = YES;
				CLANG_WARN_BLOCK_CAPTURE_AUTORELEASING = YES;
				CLANG_WARN_BOOL_CONVERSION = YES;
				CLANG_WARN_COMMA = YES;
				CLANG_WARN_CONSTANT_CONVERSION = YES;
				CLANG_WARN_DEPRECATED_OBJC_IMPLEMENTATIONS = YES;
				CLANG_WARN_DIRECT_OBJC_ISA_USAGE = YES_ERROR;
				CLANG_WARN_DOCUMENTATION_COMMENTS = YES;
				CLANG_WARN_EMPTY_BODY = YES;
				CLANG_WARN_ENUM_CONVERSION = YES;
				CLANG_WARN_INFINITE_RECURSION = YES;
				CLANG_WARN_INT_CONVERSION = YES;
				CLANG_WARN_NON_LITERAL_NULL_CONVERSION = YES;
				CLANG_WARN_OBJC_IMPLICIT_RETAIN_SELF = YES;
				CLANG_WARN_OBJC_LITERAL_CONVERSION = YES;
				CLANG_WARN_OBJC_ROOT_CLASS = YES_ERROR;
				CLANG_WARN_QUOTED_INCLUDE_IN_FRAMEWORK_HEADER = YES;
				CLANG_WARN_RANGE_LOOP_ANALYSIS = YES;
				CLANG_WARN_STRICT_PROTOTYPES = YES;
				CLANG_WARN_SUSPICIOUS_MOVE = YES;
				CLANG_WARN_UNGUARDED_AVAILABILITY = YES_AGGRESSIVE;
				CLANG_WARN_UNREACHABLE_CODE = YES;
				CLANG_WARN__DUPLICATE_METHOD_MATCH = YES;
				CODE_SIGNING_REQUIRED = NO;
				CODE_SIGN_IDENTITY = "";
				COPY_PHASE_STRIP = NO;
				DEBUG_INFORMATION_FORMAT = "dwarf-with-dsym";
				ENABLE_NS_ASSERTIONS = NO;
				ENABLE_STRICT_OBJC_MSGSEND = YES;
				GCC_C_LANGUAGE_STANDARD = gnu11;
				GCC_NO_COMMON_BLOCKS = YES;
				GCC_WARN_64_TO_32_BIT_CONVERSION = YES;
				GCC_WARN_ABOUT_RETURN_TYPE = YES_ERROR;
				GCC_WARN_UNDECLARED_SELECTOR = YES;
				GCC_WARN_UNINITIALIZED_AUTOS = YES_AGGRESSIVE;
				GCC_WARN_UNUSED_FUNCTION = YES;
				GCC_WARN_UNUSED_VARIABLE = YES;
				MTL_ENABLE_DEBUG_INFO = NO;
				PRODUCT_NAME = "$(TARGET_NAME)";
				VALIDATE_PRODUCT = YES;
			};
			name = PROD;
		};
		E46E9EC92752EBC5452824C9 /* PROD */ = {
			isa = XCBuildConfiguration;
			buildSettings = {
				CODE_SIGN_IDENTITY = "iPhone Developer";
				INFOPLIST_FILE = Derived/InfoPlists/FeatureSettingsPackageTests.plist;
				IPHONEOS_DEPLOYMENT_TARGET = 13.0;
				LD_RUNPATH_SEARCH_PATHS = (
					"$(inherited)",
					"$(SRCROOT)/../../../../Vendor/DesignSystem",
					"@executable_path/Frameworks",
					"@loader_path/Frameworks",
				);
				PRODUCT_BUNDLE_IDENTIFIER = kr.minsone.FeatureSettingsPackageTests;
				PRODUCT_NAME = FeatureSettingsPackageTests;
				SDKROOT = iphoneos;
				SUPPORTED_PLATFORMS = "iphonesimulator iphoneos";
				SWIFT_COMPILATION_MODE = wholemodule;
				SWIFT_OPTIMIZATION_LEVEL = "-Owholemodule";
				SWIFT_VERSION = 5.4.2;
				TARGETED_DEVICE_FAMILY = 1;
			};
			name = PROD;
		};
		E4A6BC7048B7F9ABB9CB0A81 /* DEV */ = {
			isa = XCBuildConfiguration;
			buildSettings = {
				CODE_SIGN_IDENTITY = "iPhone Developer";
				INFOPLIST_FILE = Derived/InfoPlists/FeatureSettingsPackageTests.plist;
				IPHONEOS_DEPLOYMENT_TARGET = 13.0;
				LD_RUNPATH_SEARCH_PATHS = (
					"$(inherited)",
					"$(SRCROOT)/../../../../Vendor/DesignSystem",
					"@executable_path/Frameworks",
					"@loader_path/Frameworks",
				);
				PRODUCT_BUNDLE_IDENTIFIER = kr.minsone.FeatureSettingsPackageTests;
				PRODUCT_NAME = FeatureSettingsPackageTests;
				SDKROOT = iphoneos;
				SUPPORTED_PLATFORMS = "iphonesimulator iphoneos";
				SWIFT_ACTIVE_COMPILATION_CONDITIONS = DEBUG;
				SWIFT_COMPILATION_MODE = singlefile;
				SWIFT_OPTIMIZATION_LEVEL = "-Onone";
				SWIFT_VERSION = 5.4.2;
				TARGETED_DEVICE_FAMILY = 1;
			};
			name = DEV;
		};
		E6450FD26509F587A8E1142E /* TEST */ = {
			isa = XCBuildConfiguration;
			buildSettings = {
				CODE_SIGN_IDENTITY = "";
				CURRENT_PROJECT_VERSION = 1;
				DEFINES_MODULE = YES;
				DYLIB_COMPATIBILITY_VERSION = 1;
				DYLIB_CURRENT_VERSION = 1;
				DYLIB_INSTALL_NAME_BASE = "@rpath";
				INFOPLIST_FILE = Derived/InfoPlists/FeatureSettingsPackage.plist;
				INSTALL_PATH = "$(LOCAL_LIBRARY_DIR)/Frameworks";
				IPHONEOS_DEPLOYMENT_TARGET = 13.0;
				LD_RUNPATH_SEARCH_PATHS = (
					"$(inherited)",
					"@executable_path/Frameworks",
					"@loader_path/Frameworks",
				);
				MACH_O_TYPE = staticlib;
				PRODUCT_BUNDLE_IDENTIFIER = kr.minsone.FeatureSettingsPackage;
				PRODUCT_NAME = FeatureSettingsPackage;
				SDKROOT = iphoneos;
				SKIP_INSTALL = YES;
				SUPPORTED_PLATFORMS = "iphonesimulator iphoneos";
				SWIFT_ACTIVE_COMPILATION_CONDITIONS = DEBUG;
				SWIFT_COMPILATION_MODE = singlefile;
				SWIFT_OPTIMIZATION_LEVEL = "-Onone";
				SWIFT_VERSION = 5.4.2;
				TARGETED_DEVICE_FAMILY = 1;
				VERSIONING_SYSTEM = "apple-generic";
				VERSION_INFO_PREFIX = "";
			};
			name = TEST;
		};
/* End XCBuildConfiguration section */

/* Begin XCConfigurationList section */
		0640EDA13A8BEA579BEC9C9D /* Build configuration list for PBXProject "FeatureSettingsPackage" */ = {
			isa = XCConfigurationList;
			buildConfigurations = (
				1F1B22784A2298A3382F24EF /* DEV */,
				BEAD5B0F0336C79DB14D2662 /* PROD */,
				982885AB40FC1747A3802531 /* STAGE */,
				3E6377EEC0AA03D2A8799690 /* TEST */,
			);
			defaultConfigurationIsVisible = 0;
			defaultConfigurationName = PROD;
		};
		4A20DCF522766204D9E52077 /* Build configuration list for PBXNativeTarget "FeatureSettingsPackageTests" */ = {
			isa = XCConfigurationList;
			buildConfigurations = (
				E4A6BC7048B7F9ABB9CB0A81 /* DEV */,
				E46E9EC92752EBC5452824C9 /* PROD */,
				6D3FFFA63A6FBA902806C189 /* STAGE */,
				6409DC727310C3ADC5840B9C /* TEST */,
			);
			defaultConfigurationIsVisible = 0;
			defaultConfigurationName = PROD;
		};
		E7B07ACA6F5FF528F471B3FE /* Build configuration list for PBXNativeTarget "FeatureSettingsPackage" */ = {
			isa = XCConfigurationList;
			buildConfigurations = (
				20C6C8AB702229BD113BC67C /* DEV */,
				7C77D6D43AB61C8755390789 /* PROD */,
				90EA9B6CFDEF9E794F80A09F /* STAGE */,
				E6450FD26509F587A8E1142E /* TEST */,
			);
			defaultConfigurationIsVisible = 0;
			defaultConfigurationName = PROD;
		};
/* End XCConfigurationList section */
	};
	rootObject = 6FEFDD618F94CA94F7C1F68B /* Project object */;
}
